// !$*UTF8*$!
{
	archiveVersion = 1;
	classes = {
	};
	objectVersion = 46;
	objects = {

/* Begin PBXBuildFile section */
		FFB301B7196F8344001FE814 /* Foundation.framework in Frameworks */ = {isa = PBXBuildFile; fileRef = FFB301B6196F8344001FE814 /* Foundation.framework */; };
		FFB301B9196F8344001FE814 /* CoreGraphics.framework in Frameworks */ = {isa = PBXBuildFile; fileRef = FFB301B8196F8344001FE814 /* CoreGraphics.framework */; };
		FFB301BB196F8344001FE814 /* UIKit.framework in Frameworks */ = {isa = PBXBuildFile; fileRef = FFB301BA196F8344001FE814 /* UIKit.framework */; };
		FFB301C1196F8344001FE814 /* InfoPlist.strings in Resources */ = {isa = PBXBuildFile; fileRef = FFB301BF196F8344001FE814 /* InfoPlist.strings */; };
		FFB301C3196F8344001FE814 /* main.m in Sources */ = {isa = PBXBuildFile; fileRef = FFB301C2196F8344001FE814 /* main.m */; };
		FFB301C7196F8344001FE814 /* AppDelegate.m in Sources */ = {isa = PBXBuildFile; fileRef = FFB301C6196F8344001FE814 /* AppDelegate.m */; };
		FFB301CA196F8344001FE814 /* Main_iPhone.storyboard in Resources */ = {isa = PBXBuildFile; fileRef = FFB301C8196F8344001FE814 /* Main_iPhone.storyboard */; };
		FFB301CD196F8344001FE814 /* Main_iPad.storyboard in Resources */ = {isa = PBXBuildFile; fileRef = FFB301CB196F8344001FE814 /* Main_iPad.storyboard */; };
		FFB301D0196F8344001FE814 /* ViewController.m in Sources */ = {isa = PBXBuildFile; fileRef = FFB301CF196F8344001FE814 /* ViewController.m */; };
		FFB301D2196F8344001FE814 /* Images.xcassets in Resources */ = {isa = PBXBuildFile; fileRef = FFB301D1196F8344001FE814 /* Images.xcassets */; };
		FFB301D9196F8344001FE814 /* XCTest.framework in Frameworks */ = {isa = PBXBuildFile; fileRef = FFB301D8196F8344001FE814 /* XCTest.framework */; };
		FFB301DA196F8344001FE814 /* Foundation.framework in Frameworks */ = {isa = PBXBuildFile; fileRef = FFB301B6196F8344001FE814 /* Foundation.framework */; };
		FFB301DB196F8344001FE814 /* UIKit.framework in Frameworks */ = {isa = PBXBuildFile; fileRef = FFB301BA196F8344001FE814 /* UIKit.framework */; };
		FFB301E3196F8345001FE814 /* InfoPlist.strings in Resources */ = {isa = PBXBuildFile; fileRef = FFB301E1196F8345001FE814 /* InfoPlist.strings */; };
		FFB301E5196F8345001FE814 /* MDMShimTests.m in Sources */ = {isa = PBXBuildFile; fileRef = FFB301E4196F8345001FE814 /* MDMShimTests.m */; };
		FFB30220196F8475001FE814 /* JSONModel+CoreData.m in Sources */ = {isa = PBXBuildFile; fileRef = FFB301FA196F8475001FE814 /* JSONModel+CoreData.m */; };
		FFB30221196F8475001FE814 /* JSONModel.m in Sources */ = {isa = PBXBuildFile; fileRef = FFB301FC196F8475001FE814 /* JSONModel.m */; };
		FFB30222196F8475001FE814 /* JSONModelArray.m in Sources */ = {isa = PBXBuildFile; fileRef = FFB301FE196F8475001FE814 /* JSONModelArray.m */; };
		FFB30223196F8475001FE814 /* JSONModelClassProperty.m in Sources */ = {isa = PBXBuildFile; fileRef = FFB30200196F8475001FE814 /* JSONModelClassProperty.m */; };
		FFB30224196F8475001FE814 /* JSONModelError.m in Sources */ = {isa = PBXBuildFile; fileRef = FFB30202196F8475001FE814 /* JSONModelError.m */; };
		FFB30225196F8475001FE814 /* NSArray+JSONModel.m in Sources */ = {isa = PBXBuildFile; fileRef = FFB30205196F8475001FE814 /* NSArray+JSONModel.m */; };
		FFB30226196F8475001FE814 /* JSONAPI.m in Sources */ = {isa = PBXBuildFile; fileRef = FFB30209196F8475001FE814 /* JSONAPI.m */; };
		FFB30227196F8475001FE814 /* JSONHTTPClient.m in Sources */ = {isa = PBXBuildFile; fileRef = FFB3020B196F8475001FE814 /* JSONHTTPClient.m */; };
		FFB30228196F8475001FE814 /* JSONModel+networking.m in Sources */ = {isa = PBXBuildFile; fileRef = FFB3020D196F8475001FE814 /* JSONModel+networking.m */; };
		FFB30229196F8475001FE814 /* JSONKeyMapper.m in Sources */ = {isa = PBXBuildFile; fileRef = FFB30210196F8475001FE814 /* JSONKeyMapper.m */; };
		FFB3022A196F8475001FE814 /* JSONValueTransformer.m in Sources */ = {isa = PBXBuildFile; fileRef = FFB30212196F8475001FE814 /* JSONValueTransformer.m */; };
		FFB3022B196F8475001FE814 /* ioapi.c in Sources */ = {isa = PBXBuildFile; fileRef = FFB30216196F8475001FE814 /* ioapi.c */; };
		FFB3022C196F8475001FE814 /* mztools.c in Sources */ = {isa = PBXBuildFile; fileRef = FFB30218196F8475001FE814 /* mztools.c */; };
		FFB3022D196F8475001FE814 /* unzip.c in Sources */ = {isa = PBXBuildFile; fileRef = FFB3021A196F8475001FE814 /* unzip.c */; };
		FFB3022E196F8475001FE814 /* zip.c in Sources */ = {isa = PBXBuildFile; fileRef = FFB3021C196F8475001FE814 /* zip.c */; };
		FFB3022F196F8475001FE814 /* SSZipArchive.m in Sources */ = {isa = PBXBuildFile; fileRef = FFB3021F196F8475001FE814 /* SSZipArchive.m */; };
		FFB3023F196F84B7001FE814 /* libAppConnectLibrary.a in Frameworks */ = {isa = PBXBuildFile; fileRef = FFB30235196F84B7001FE814 /* libAppConnectLibrary.a */; };
		FFB30240196F84B8001FE814 /* libcrypto.a in Frameworks */ = {isa = PBXBuildFile; fileRef = FFB30236196F84B7001FE814 /* libcrypto.a */; };
		FFB30243196F84F9001FE814 /* libCordova.a in Frameworks */ = {isa = PBXBuildFile; fileRef = FFB301F3196F8395001FE814 /* libCordova.a */; };
/* End PBXBuildFile section */

/* Begin PBXContainerItemProxy section */
		FFB301DC196F8345001FE814 /* PBXContainerItemProxy */ = {
			isa = PBXContainerItemProxy;
			containerPortal = FFB301AB196F8344001FE814 /* Project object */;
			proxyType = 1;
			remoteGlobalIDString = FFB301B2196F8344001FE814;
			remoteInfo = MDMShim;
		};
		FFB301F2196F8395001FE814 /* PBXContainerItemProxy */ = {
			isa = PBXContainerItemProxy;
			containerPortal = FFB301EE196F8395001FE814 /* CordovaLib.xcodeproj */;
			proxyType = 2;
			remoteGlobalIDString = 68A32D7114102E1C006B237C;
			remoteInfo = CordovaLib;
		};
/* End PBXContainerItemProxy section */

/* Begin PBXFileReference section */
		FFB301B3196F8344001FE814 /* MDMShim.app */ = {isa = PBXFileReference; explicitFileType = wrapper.application; includeInIndex = 0; path = MDMShim.app; sourceTree = BUILT_PRODUCTS_DIR; };
		FFB301B6196F8344001FE814 /* Foundation.framework */ = {isa = PBXFileReference; lastKnownFileType = wrapper.framework; name = Foundation.framework; path = System/Library/Frameworks/Foundation.framework; sourceTree = SDKROOT; };
		FFB301B8196F8344001FE814 /* CoreGraphics.framework */ = {isa = PBXFileReference; lastKnownFileType = wrapper.framework; name = CoreGraphics.framework; path = System/Library/Frameworks/CoreGraphics.framework; sourceTree = SDKROOT; };
		FFB301BA196F8344001FE814 /* UIKit.framework */ = {isa = PBXFileReference; lastKnownFileType = wrapper.framework; name = UIKit.framework; path = System/Library/Frameworks/UIKit.framework; sourceTree = SDKROOT; };
		FFB301BE196F8344001FE814 /* MDMShim-Info.plist */ = {isa = PBXFileReference; lastKnownFileType = text.plist.xml; path = "MDMShim-Info.plist"; sourceTree = "<group>"; };
		FFB301C0196F8344001FE814 /* en */ = {isa = PBXFileReference; lastKnownFileType = text.plist.strings; name = en; path = en.lproj/InfoPlist.strings; sourceTree = "<group>"; };
		FFB301C2196F8344001FE814 /* main.m */ = {isa = PBXFileReference; lastKnownFileType = sourcecode.c.objc; path = main.m; sourceTree = "<group>"; };
		FFB301C4196F8344001FE814 /* MDMShim-Prefix.pch */ = {isa = PBXFileReference; lastKnownFileType = sourcecode.c.h; path = "MDMShim-Prefix.pch"; sourceTree = "<group>"; };
		FFB301C5196F8344001FE814 /* AppDelegate.h */ = {isa = PBXFileReference; lastKnownFileType = sourcecode.c.h; path = AppDelegate.h; sourceTree = "<group>"; };
		FFB301C6196F8344001FE814 /* AppDelegate.m */ = {isa = PBXFileReference; lastKnownFileType = sourcecode.c.objc; path = AppDelegate.m; sourceTree = "<group>"; };
		FFB301C9196F8344001FE814 /* Base */ = {isa = PBXFileReference; lastKnownFileType = file.storyboard; name = Base; path = Base.lproj/Main_iPhone.storyboard; sourceTree = "<group>"; };
		FFB301CC196F8344001FE814 /* Base */ = {isa = PBXFileReference; lastKnownFileType = file.storyboard; name = Base; path = Base.lproj/Main_iPad.storyboard; sourceTree = "<group>"; };
		FFB301CE196F8344001FE814 /* ViewController.h */ = {isa = PBXFileReference; lastKnownFileType = sourcecode.c.h; path = ViewController.h; sourceTree = "<group>"; };
		FFB301CF196F8344001FE814 /* ViewController.m */ = {isa = PBXFileReference; lastKnownFileType = sourcecode.c.objc; path = ViewController.m; sourceTree = "<group>"; };
		FFB301D1196F8344001FE814 /* Images.xcassets */ = {isa = PBXFileReference; lastKnownFileType = folder.assetcatalog; path = Images.xcassets; sourceTree = "<group>"; };
		FFB301D7196F8344001FE814 /* MDMShimTests.xctest */ = {isa = PBXFileReference; explicitFileType = wrapper.cfbundle; includeInIndex = 0; path = MDMShimTests.xctest; sourceTree = BUILT_PRODUCTS_DIR; };
		FFB301D8196F8344001FE814 /* XCTest.framework */ = {isa = PBXFileReference; lastKnownFileType = wrapper.framework; name = XCTest.framework; path = Library/Frameworks/XCTest.framework; sourceTree = DEVELOPER_DIR; };
		FFB301E0196F8345001FE814 /* MDMShimTests-Info.plist */ = {isa = PBXFileReference; lastKnownFileType = text.plist.xml; path = "MDMShimTests-Info.plist"; sourceTree = "<group>"; };
		FFB301E2196F8345001FE814 /* en */ = {isa = PBXFileReference; lastKnownFileType = text.plist.strings; name = en; path = en.lproj/InfoPlist.strings; sourceTree = "<group>"; };
		FFB301E4196F8345001FE814 /* MDMShimTests.m */ = {isa = PBXFileReference; lastKnownFileType = sourcecode.c.objc; path = MDMShimTests.m; sourceTree = "<group>"; };
		FFB301EE196F8395001FE814 /* CordovaLib.xcodeproj */ = {isa = PBXFileReference; lastKnownFileType = "wrapper.pb-project"; name = CordovaLib.xcodeproj; path = MDMShim/CordovaLib/CordovaLib.xcodeproj; sourceTree = "<group>"; };
		FFB301F9196F8475001FE814 /* JSONModel+CoreData.h */ = {isa = PBXFileReference; fileEncoding = 4; lastKnownFileType = sourcecode.c.h; path = "JSONModel+CoreData.h"; sourceTree = "<group>"; };
		FFB301FA196F8475001FE814 /* JSONModel+CoreData.m */ = {isa = PBXFileReference; fileEncoding = 4; lastKnownFileType = sourcecode.c.objc; path = "JSONModel+CoreData.m"; sourceTree = "<group>"; };
		FFB301FB196F8475001FE814 /* JSONModel.h */ = {isa = PBXFileReference; fileEncoding = 4; lastKnownFileType = sourcecode.c.h; path = JSONModel.h; sourceTree = "<group>"; };
		FFB301FC196F8475001FE814 /* JSONModel.m */ = {isa = PBXFileReference; fileEncoding = 4; lastKnownFileType = sourcecode.c.objc; path = JSONModel.m; sourceTree = "<group>"; };
		FFB301FD196F8475001FE814 /* JSONModelArray.h */ = {isa = PBXFileReference; fileEncoding = 4; lastKnownFileType = sourcecode.c.h; path = JSONModelArray.h; sourceTree = "<group>"; };
		FFB301FE196F8475001FE814 /* JSONModelArray.m */ = {isa = PBXFileReference; fileEncoding = 4; lastKnownFileType = sourcecode.c.objc; path = JSONModelArray.m; sourceTree = "<group>"; };
		FFB301FF196F8475001FE814 /* JSONModelClassProperty.h */ = {isa = PBXFileReference; fileEncoding = 4; lastKnownFileType = sourcecode.c.h; path = JSONModelClassProperty.h; sourceTree = "<group>"; };
		FFB30200196F8475001FE814 /* JSONModelClassProperty.m */ = {isa = PBXFileReference; fileEncoding = 4; lastKnownFileType = sourcecode.c.objc; path = JSONModelClassProperty.m; sourceTree = "<group>"; };
		FFB30201196F8475001FE814 /* JSONModelError.h */ = {isa = PBXFileReference; fileEncoding = 4; lastKnownFileType = sourcecode.c.h; path = JSONModelError.h; sourceTree = "<group>"; };
		FFB30202196F8475001FE814 /* JSONModelError.m */ = {isa = PBXFileReference; fileEncoding = 4; lastKnownFileType = sourcecode.c.objc; path = JSONModelError.m; sourceTree = "<group>"; };
		FFB30204196F8475001FE814 /* NSArray+JSONModel.h */ = {isa = PBXFileReference; fileEncoding = 4; lastKnownFileType = sourcecode.c.h; path = "NSArray+JSONModel.h"; sourceTree = "<group>"; };
		FFB30205196F8475001FE814 /* NSArray+JSONModel.m */ = {isa = PBXFileReference; fileEncoding = 4; lastKnownFileType = sourcecode.c.objc; path = "NSArray+JSONModel.m"; sourceTree = "<group>"; };
		FFB30206196F8475001FE814 /* JSONModelLib.h */ = {isa = PBXFileReference; fileEncoding = 4; lastKnownFileType = sourcecode.c.h; path = JSONModelLib.h; sourceTree = "<group>"; };
		FFB30208196F8475001FE814 /* JSONAPI.h */ = {isa = PBXFileReference; fileEncoding = 4; lastKnownFileType = sourcecode.c.h; path = JSONAPI.h; sourceTree = "<group>"; };
		FFB30209196F8475001FE814 /* JSONAPI.m */ = {isa = PBXFileReference; fileEncoding = 4; lastKnownFileType = sourcecode.c.objc; path = JSONAPI.m; sourceTree = "<group>"; };
		FFB3020A196F8475001FE814 /* JSONHTTPClient.h */ = {isa = PBXFileReference; fileEncoding = 4; lastKnownFileType = sourcecode.c.h; path = JSONHTTPClient.h; sourceTree = "<group>"; };
		FFB3020B196F8475001FE814 /* JSONHTTPClient.m */ = {isa = PBXFileReference; fileEncoding = 4; lastKnownFileType = sourcecode.c.objc; path = JSONHTTPClient.m; sourceTree = "<group>"; };
		FFB3020C196F8475001FE814 /* JSONModel+networking.h */ = {isa = PBXFileReference; fileEncoding = 4; lastKnownFileType = sourcecode.c.h; path = "JSONModel+networking.h"; sourceTree = "<group>"; };
		FFB3020D196F8475001FE814 /* JSONModel+networking.m */ = {isa = PBXFileReference; fileEncoding = 4; lastKnownFileType = sourcecode.c.objc; path = "JSONModel+networking.m"; sourceTree = "<group>"; };
		FFB3020F196F8475001FE814 /* JSONKeyMapper.h */ = {isa = PBXFileReference; fileEncoding = 4; lastKnownFileType = sourcecode.c.h; path = JSONKeyMapper.h; sourceTree = "<group>"; };
		FFB30210196F8475001FE814 /* JSONKeyMapper.m */ = {isa = PBXFileReference; fileEncoding = 4; lastKnownFileType = sourcecode.c.objc; path = JSONKeyMapper.m; sourceTree = "<group>"; };
		FFB30211196F8475001FE814 /* JSONValueTransformer.h */ = {isa = PBXFileReference; fileEncoding = 4; lastKnownFileType = sourcecode.c.h; path = JSONValueTransformer.h; sourceTree = "<group>"; };
		FFB30212196F8475001FE814 /* JSONValueTransformer.m */ = {isa = PBXFileReference; fileEncoding = 4; lastKnownFileType = sourcecode.c.objc; path = JSONValueTransformer.m; sourceTree = "<group>"; };
		FFB30215196F8475001FE814 /* crypt.h */ = {isa = PBXFileReference; fileEncoding = 4; lastKnownFileType = sourcecode.c.h; path = crypt.h; sourceTree = "<group>"; };
		FFB30216196F8475001FE814 /* ioapi.c */ = {isa = PBXFileReference; fileEncoding = 4; lastKnownFileType = sourcecode.c.c; path = ioapi.c; sourceTree = "<group>"; };
		FFB30217196F8475001FE814 /* ioapi.h */ = {isa = PBXFileReference; fileEncoding = 4; lastKnownFileType = sourcecode.c.h; path = ioapi.h; sourceTree = "<group>"; };
		FFB30218196F8475001FE814 /* mztools.c */ = {isa = PBXFileReference; fileEncoding = 4; lastKnownFileType = sourcecode.c.c; path = mztools.c; sourceTree = "<group>"; };
		FFB30219196F8475001FE814 /* mztools.h */ = {isa = PBXFileReference; fileEncoding = 4; lastKnownFileType = sourcecode.c.h; path = mztools.h; sourceTree = "<group>"; };
		FFB3021A196F8475001FE814 /* unzip.c */ = {isa = PBXFileReference; fileEncoding = 4; lastKnownFileType = sourcecode.c.c; path = unzip.c; sourceTree = "<group>"; };
		FFB3021B196F8475001FE814 /* unzip.h */ = {isa = PBXFileReference; fileEncoding = 4; lastKnownFileType = sourcecode.c.h; path = unzip.h; sourceTree = "<group>"; };
		FFB3021C196F8475001FE814 /* zip.c */ = {isa = PBXFileReference; fileEncoding = 4; lastKnownFileType = sourcecode.c.c; path = zip.c; sourceTree = "<group>"; };
		FFB3021D196F8475001FE814 /* zip.h */ = {isa = PBXFileReference; fileEncoding = 4; lastKnownFileType = sourcecode.c.h; path = zip.h; sourceTree = "<group>"; };
		FFB3021E196F8475001FE814 /* SSZipArchive.h */ = {isa = PBXFileReference; fileEncoding = 4; lastKnownFileType = sourcecode.c.h; path = SSZipArchive.h; sourceTree = "<group>"; };
		FFB3021F196F8475001FE814 /* SSZipArchive.m */ = {isa = PBXFileReference; fileEncoding = 4; lastKnownFileType = sourcecode.c.objc; path = SSZipArchive.m; sourceTree = "<group>"; };
		FFB30231196F84B7001FE814 /* ACError.h */ = {isa = PBXFileReference; fileEncoding = 4; lastKnownFileType = sourcecode.c.h; path = ACError.h; sourceTree = "<group>"; };
		FFB30232196F84B7001FE814 /* ACFileHandle.h */ = {isa = PBXFileReference; fileEncoding = 4; lastKnownFileType = sourcecode.c.h; path = ACFileHandle.h; sourceTree = "<group>"; };
		FFB30233196F84B7001FE814 /* ACSecureFile.h */ = {isa = PBXFileReference; fileEncoding = 4; lastKnownFileType = sourcecode.c.h; path = ACSecureFile.h; sourceTree = "<group>"; };
		FFB30234196F84B7001FE814 /* AppConnect.h */ = {isa = PBXFileReference; fileEncoding = 4; lastKnownFileType = sourcecode.c.h; path = AppConnect.h; sourceTree = "<group>"; };
		FFB30235196F84B7001FE814 /* libAppConnectLibrary.a */ = {isa = PBXFileReference; lastKnownFileType = archive.ar; path = libAppConnectLibrary.a; sourceTree = "<group>"; };
		FFB30236196F84B7001FE814 /* libcrypto.a */ = {isa = PBXFileReference; lastKnownFileType = archive.ar; path = libcrypto.a; sourceTree = "<group>"; };
		FFB30237196F84B7001FE814 /* NSArray+ACSecureFile.h */ = {isa = PBXFileReference; fileEncoding = 4; lastKnownFileType = sourcecode.c.h; path = "NSArray+ACSecureFile.h"; sourceTree = "<group>"; };
		FFB30238196F84B7001FE814 /* NSData+ACSecureFile.h */ = {isa = PBXFileReference; fileEncoding = 4; lastKnownFileType = sourcecode.c.h; path = "NSData+ACSecureFile.h"; sourceTree = "<group>"; };
		FFB30239196F84B7001FE814 /* NSDictionary+ACSecureFile.h */ = {isa = PBXFileReference; fileEncoding = 4; lastKnownFileType = sourcecode.c.h; path = "NSDictionary+ACSecureFile.h"; sourceTree = "<group>"; };
		FFB3023A196F84B7001FE814 /* NSFileManager+ACSecureFile.h */ = {isa = PBXFileReference; fileEncoding = 4; lastKnownFileType = sourcecode.c.h; path = "NSFileManager+ACSecureFile.h"; sourceTree = "<group>"; };
		FFB3023B196F84B7001FE814 /* NSKeyedArchiver+ACSecureFile.h */ = {isa = PBXFileReference; fileEncoding = 4; lastKnownFileType = sourcecode.c.h; path = "NSKeyedArchiver+ACSecureFile.h"; sourceTree = "<group>"; };
		FFB3023C196F84B7001FE814 /* NSKeyedUnarchiver+ACSecureFile.h */ = {isa = PBXFileReference; fileEncoding = 4; lastKnownFileType = sourcecode.c.h; path = "NSKeyedUnarchiver+ACSecureFile.h"; sourceTree = "<group>"; };
		FFB3023D196F84B7001FE814 /* NSMutableArray+ACSecureFile.h */ = {isa = PBXFileReference; fileEncoding = 4; lastKnownFileType = sourcecode.c.h; path = "NSMutableArray+ACSecureFile.h"; sourceTree = "<group>"; };
		FFB3023E196F84B7001FE814 /* NSMutableDictionary+ACSecureFile.h */ = {isa = PBXFileReference; fileEncoding = 4; lastKnownFileType = sourcecode.c.h; path = "NSMutableDictionary+ACSecureFile.h"; sourceTree = "<group>"; };
/* End PBXFileReference section */

/* Begin PBXFrameworksBuildPhase section */
		FFB301B0196F8344001FE814 /* Frameworks */ = {
			isa = PBXFrameworksBuildPhase;
			buildActionMask = 2147483647;
			files = (
				FFB30243196F84F9001FE814 /* libCordova.a in Frameworks */,
				FFB3023F196F84B7001FE814 /* libAppConnectLibrary.a in Frameworks */,
				FFB30240196F84B8001FE814 /* libcrypto.a in Frameworks */,
				FFB301B9196F8344001FE814 /* CoreGraphics.framework in Frameworks */,
				FFB301BB196F8344001FE814 /* UIKit.framework in Frameworks */,
				FFB301B7196F8344001FE814 /* Foundation.framework in Frameworks */,
			);
			runOnlyForDeploymentPostprocessing = 0;
		};
		FFB301D4196F8344001FE814 /* Frameworks */ = {
			isa = PBXFrameworksBuildPhase;
			buildActionMask = 2147483647;
			files = (
				FFB301D9196F8344001FE814 /* XCTest.framework in Frameworks */,
				FFB301DB196F8344001FE814 /* UIKit.framework in Frameworks */,
				FFB301DA196F8344001FE814 /* Foundation.framework in Frameworks */,
			);
			runOnlyForDeploymentPostprocessing = 0;
		};
/* End PBXFrameworksBuildPhase section */

/* Begin PBXGroup section */
		FFB301AA196F8344001FE814 = {
			isa = PBXGroup;
			children = (
				FFB301EE196F8395001FE814 /* CordovaLib.xcodeproj */,
				FFB301F6196F8475001FE814 /* Lib */,
				FFB301BC196F8344001FE814 /* MDMShim */,
				FFB301DE196F8345001FE814 /* MDMShimTests */,
				FFB301B5196F8344001FE814 /* Frameworks */,
				FFB301B4196F8344001FE814 /* Products */,
			);
			sourceTree = "<group>";
		};
		FFB301B4196F8344001FE814 /* Products */ = {
			isa = PBXGroup;
			children = (
				FFB301B3196F8344001FE814 /* MDMShim.app */,
				FFB301D7196F8344001FE814 /* MDMShimTests.xctest */,
			);
			name = Products;
			sourceTree = "<group>";
		};
		FFB301B5196F8344001FE814 /* Frameworks */ = {
			isa = PBXGroup;
			children = (
				FFB301B6196F8344001FE814 /* Foundation.framework */,
				FFB301B8196F8344001FE814 /* CoreGraphics.framework */,
				FFB301BA196F8344001FE814 /* UIKit.framework */,
				FFB301D8196F8344001FE814 /* XCTest.framework */,
			);
			name = Frameworks;
			sourceTree = "<group>";
		};
		FFB301BC196F8344001FE814 /* MDMShim */ = {
			isa = PBXGroup;
			children = (
				FFB301C5196F8344001FE814 /* AppDelegate.h */,
				FFB301C6196F8344001FE814 /* AppDelegate.m */,
				FFB301C8196F8344001FE814 /* Main_iPhone.storyboard */,
				FFB301CB196F8344001FE814 /* Main_iPad.storyboard */,
				FFB301CE196F8344001FE814 /* ViewController.h */,
				FFB301CF196F8344001FE814 /* ViewController.m */,
				FFB301D1196F8344001FE814 /* Images.xcassets */,
				FFB301BD196F8344001FE814 /* Supporting Files */,
			);
			path = MDMShim;
			sourceTree = "<group>";
		};
		FFB301BD196F8344001FE814 /* Supporting Files */ = {
			isa = PBXGroup;
			children = (
				FFB301BE196F8344001FE814 /* MDMShim-Info.plist */,
				FFB301BF196F8344001FE814 /* InfoPlist.strings */,
				FFB301C2196F8344001FE814 /* main.m */,
				FFB301C4196F8344001FE814 /* MDMShim-Prefix.pch */,
			);
			name = "Supporting Files";
			sourceTree = "<group>";
		};
		FFB301DE196F8345001FE814 /* MDMShimTests */ = {
			isa = PBXGroup;
			children = (
				FFB301E4196F8345001FE814 /* MDMShimTests.m */,
				FFB301DF196F8345001FE814 /* Supporting Files */,
			);
			path = MDMShimTests;
			sourceTree = "<group>";
		};
		FFB301DF196F8345001FE814 /* Supporting Files */ = {
			isa = PBXGroup;
			children = (
				FFB301E0196F8345001FE814 /* MDMShimTests-Info.plist */,
				FFB301E1196F8345001FE814 /* InfoPlist.strings */,
			);
			name = "Supporting Files";
			sourceTree = "<group>";
		};
		FFB301EF196F8395001FE814 /* Products */ = {
			isa = PBXGroup;
			children = (
				FFB301F3196F8395001FE814 /* libCordova.a */,
			);
			name = Products;
			sourceTree = "<group>";
		};
		FFB301F6196F8475001FE814 /* Lib */ = {
			isa = PBXGroup;
			children = (
				FFB30230196F84B7001FE814 /* AppConnect */,
				FFB301F7196F8475001FE814 /* JSONModel */,
				FFB30213196F8475001FE814 /* SSZipArchive */,
			);
			name = Lib;
			path = MDMShim/Lib;
			sourceTree = "<group>";
		};
		FFB301F7196F8475001FE814 /* JSONModel */ = {
			isa = PBXGroup;
			children = (
				FFB301F8196F8475001FE814 /* JSONModel */,
				FFB30203196F8475001FE814 /* JSONModelCategories */,
				FFB30206196F8475001FE814 /* JSONModelLib.h */,
				FFB30207196F8475001FE814 /* JSONModelNetworking */,
				FFB3020E196F8475001FE814 /* JSONModelTransformations */,
			);
			path = JSONModel;
			sourceTree = "<group>";
		};
		FFB301F8196F8475001FE814 /* JSONModel */ = {
			isa = PBXGroup;
			children = (
				FFB301F9196F8475001FE814 /* JSONModel+CoreData.h */,
				FFB301FA196F8475001FE814 /* JSONModel+CoreData.m */,
				FFB301FB196F8475001FE814 /* JSONModel.h */,
				FFB301FC196F8475001FE814 /* JSONModel.m */,
				FFB301FD196F8475001FE814 /* JSONModelArray.h */,
				FFB301FE196F8475001FE814 /* JSONModelArray.m */,
				FFB301FF196F8475001FE814 /* JSONModelClassProperty.h */,
				FFB30200196F8475001FE814 /* JSONModelClassProperty.m */,
				FFB30201196F8475001FE814 /* JSONModelError.h */,
				FFB30202196F8475001FE814 /* JSONModelError.m */,
			);
			path = JSONModel;
			sourceTree = "<group>";
		};
		FFB30203196F8475001FE814 /* JSONModelCategories */ = {
			isa = PBXGroup;
			children = (
				FFB30204196F8475001FE814 /* NSArray+JSONModel.h */,
				FFB30205196F8475001FE814 /* NSArray+JSONModel.m */,
			);
			path = JSONModelCategories;
			sourceTree = "<group>";
		};
		FFB30207196F8475001FE814 /* JSONModelNetworking */ = {
			isa = PBXGroup;
			children = (
				FFB30208196F8475001FE814 /* JSONAPI.h */,
				FFB30209196F8475001FE814 /* JSONAPI.m */,
				FFB3020A196F8475001FE814 /* JSONHTTPClient.h */,
				FFB3020B196F8475001FE814 /* JSONHTTPClient.m */,
				FFB3020C196F8475001FE814 /* JSONModel+networking.h */,
				FFB3020D196F8475001FE814 /* JSONModel+networking.m */,
			);
			path = JSONModelNetworking;
			sourceTree = "<group>";
		};
		FFB3020E196F8475001FE814 /* JSONModelTransformations */ = {
			isa = PBXGroup;
			children = (
				FFB3020F196F8475001FE814 /* JSONKeyMapper.h */,
				FFB30210196F8475001FE814 /* JSONKeyMapper.m */,
				FFB30211196F8475001FE814 /* JSONValueTransformer.h */,
				FFB30212196F8475001FE814 /* JSONValueTransformer.m */,
			);
			path = JSONModelTransformations;
			sourceTree = "<group>";
		};
		FFB30213196F8475001FE814 /* SSZipArchive */ = {
			isa = PBXGroup;
			children = (
				FFB30214196F8475001FE814 /* minizip */,
				FFB3021E196F8475001FE814 /* SSZipArchive.h */,
				FFB3021F196F8475001FE814 /* SSZipArchive.m */,
			);
			path = SSZipArchive;
			sourceTree = "<group>";
		};
		FFB30214196F8475001FE814 /* minizip */ = {
			isa = PBXGroup;
			children = (
				FFB30215196F8475001FE814 /* crypt.h */,
				FFB30216196F8475001FE814 /* ioapi.c */,
				FFB30217196F8475001FE814 /* ioapi.h */,
				FFB30218196F8475001FE814 /* mztools.c */,
				FFB30219196F8475001FE814 /* mztools.h */,
				FFB3021A196F8475001FE814 /* unzip.c */,
				FFB3021B196F8475001FE814 /* unzip.h */,
				FFB3021C196F8475001FE814 /* zip.c */,
				FFB3021D196F8475001FE814 /* zip.h */,
			);
			path = minizip;
			sourceTree = "<group>";
		};
		FFB30230196F84B7001FE814 /* AppConnect */ = {
			isa = PBXGroup;
			children = (
				FFB30231196F84B7001FE814 /* ACError.h */,
				FFB30232196F84B7001FE814 /* ACFileHandle.h */,
				FFB30233196F84B7001FE814 /* ACSecureFile.h */,
				FFB30234196F84B7001FE814 /* AppConnect.h */,
				FFB30235196F84B7001FE814 /* libAppConnectLibrary.a */,
				FFB30236196F84B7001FE814 /* libcrypto.a */,
				FFB30237196F84B7001FE814 /* NSArray+ACSecureFile.h */,
				FFB30238196F84B7001FE814 /* NSData+ACSecureFile.h */,
				FFB30239196F84B7001FE814 /* NSDictionary+ACSecureFile.h */,
				FFB3023A196F84B7001FE814 /* NSFileManager+ACSecureFile.h */,
				FFB3023B196F84B7001FE814 /* NSKeyedArchiver+ACSecureFile.h */,
				FFB3023C196F84B7001FE814 /* NSKeyedUnarchiver+ACSecureFile.h */,
				FFB3023D196F84B7001FE814 /* NSMutableArray+ACSecureFile.h */,
				FFB3023E196F84B7001FE814 /* NSMutableDictionary+ACSecureFile.h */,
			);
			path = AppConnect;
			sourceTree = "<group>";
		};
/* End PBXGroup section */

/* Begin PBXNativeTarget section */
		FFB301B2196F8344001FE814 /* MDMShim */ = {
			isa = PBXNativeTarget;
			buildConfigurationList = FFB301E8196F8345001FE814 /* Build configuration list for PBXNativeTarget "MDMShim" */;
			buildPhases = (
				FFB301AF196F8344001FE814 /* Sources */,
				FFB301B0196F8344001FE814 /* Frameworks */,
				FFB301B1196F8344001FE814 /* Resources */,
			);
			buildRules = (
			);
			dependencies = (
			);
			name = MDMShim;
			productName = MDMShim;
			productReference = FFB301B3196F8344001FE814 /* MDMShim.app */;
			productType = "com.apple.product-type.application";
		};
		FFB301D6196F8344001FE814 /* MDMShimTests */ = {
			isa = PBXNativeTarget;
			buildConfigurationList = FFB301EB196F8345001FE814 /* Build configuration list for PBXNativeTarget "MDMShimTests" */;
			buildPhases = (
				FFB301D3196F8344001FE814 /* Sources */,
				FFB301D4196F8344001FE814 /* Frameworks */,
				FFB301D5196F8344001FE814 /* Resources */,
			);
			buildRules = (
			);
			dependencies = (
				FFB301DD196F8345001FE814 /* PBXTargetDependency */,
			);
			name = MDMShimTests;
			productName = MDMShimTests;
			productReference = FFB301D7196F8344001FE814 /* MDMShimTests.xctest */;
			productType = "com.apple.product-type.bundle.unit-test";
		};
/* End PBXNativeTarget section */

/* Begin PBXProject section */
		FFB301AB196F8344001FE814 /* Project object */ = {
			isa = PBXProject;
			attributes = {
				LastUpgradeCheck = 0510;
				ORGANIZATIONNAME = "Morgan Stanley";
				TargetAttributes = {
					FFB301D6196F8344001FE814 = {
						TestTargetID = FFB301B2196F8344001FE814;
					};
				};
			};
			buildConfigurationList = FFB301AE196F8344001FE814 /* Build configuration list for PBXProject "MDMShim" */;
			compatibilityVersion = "Xcode 3.2";
			developmentRegion = English;
			hasScannedForEncodings = 0;
			knownRegions = (
				en,
				Base,
			);
			mainGroup = FFB301AA196F8344001FE814;
			productRefGroup = FFB301B4196F8344001FE814 /* Products */;
			projectDirPath = "";
			projectReferences = (
				{
					ProductGroup = FFB301EF196F8395001FE814 /* Products */;
					ProjectRef = FFB301EE196F8395001FE814 /* CordovaLib.xcodeproj */;
				},
			);
			projectRoot = "";
			targets = (
				FFB301B2196F8344001FE814 /* MDMShim */,
				FFB301D6196F8344001FE814 /* MDMShimTests */,
			);
		};
/* End PBXProject section */

/* Begin PBXReferenceProxy section */
		FFB301F3196F8395001FE814 /* libCordova.a */ = {
			isa = PBXReferenceProxy;
			fileType = archive.ar;
			path = libCordova.a;
			remoteRef = FFB301F2196F8395001FE814 /* PBXContainerItemProxy */;
			sourceTree = BUILT_PRODUCTS_DIR;
		};
/* End PBXReferenceProxy section */

/* Begin PBXResourcesBuildPhase section */
		FFB301B1196F8344001FE814 /* Resources */ = {
			isa = PBXResourcesBuildPhase;
			buildActionMask = 2147483647;
			files = (
				FFB301CD196F8344001FE814 /* Main_iPad.storyboard in Resources */,
				FFB301D2196F8344001FE814 /* Images.xcassets in Resources */,
				FFB301CA196F8344001FE814 /* Main_iPhone.storyboard in Resources */,
				FFB301C1196F8344001FE814 /* InfoPlist.strings in Resources */,
			);
			runOnlyForDeploymentPostprocessing = 0;
		};
		FFB301D5196F8344001FE814 /* Resources */ = {
			isa = PBXResourcesBuildPhase;
			buildActionMask = 2147483647;
			files = (
				FFB301E3196F8345001FE814 /* InfoPlist.strings in Resources */,
			);
			runOnlyForDeploymentPostprocessing = 0;
		};
/* End PBXResourcesBuildPhase section */

/* Begin PBXSourcesBuildPhase section */
		FFB301AF196F8344001FE814 /* Sources */ = {
			isa = PBXSourcesBuildPhase;
			buildActionMask = 2147483647;
			files = (
				FFB30224196F8475001FE814 /* JSONModelError.m in Sources */,
				FFB30225196F8475001FE814 /* NSArray+JSONModel.m in Sources */,
				FFB3022C196F8475001FE814 /* mztools.c in Sources */,
				FFB3022E196F8475001FE814 /* zip.c in Sources */,
				FFB3022F196F8475001FE814 /* SSZipArchive.m in Sources */,
				FFB30223196F8475001FE814 /* JSONModelClassProperty.m in Sources */,
				FFB30220196F8475001FE814 /* JSONModel+CoreData.m in Sources */,
				FFB301D0196F8344001FE814 /* ViewController.m in Sources */,
				FFB30229196F8475001FE814 /* JSONKeyMapper.m in Sources */,
				FFB301C7196F8344001FE814 /* AppDelegate.m in Sources */,
				FFB30222196F8475001FE814 /* JSONModelArray.m in Sources */,
				FFB30228196F8475001FE814 /* JSONModel+networking.m in Sources */,
				FFB3022B196F8475001FE814 /* ioapi.c in Sources */,
				FFB3022D196F8475001FE814 /* unzip.c in Sources */,
				FFB301C3196F8344001FE814 /* main.m in Sources */,
				FFB30226196F8475001FE814 /* JSONAPI.m in Sources */,
				FFB3022A196F8475001FE814 /* JSONValueTransformer.m in Sources */,
				FFB30227196F8475001FE814 /* JSONHTTPClient.m in Sources */,
				FFB30221196F8475001FE814 /* JSONModel.m in Sources */,
			);
			runOnlyForDeploymentPostprocessing = 0;
		};
		FFB301D3196F8344001FE814 /* Sources */ = {
			isa = PBXSourcesBuildPhase;
			buildActionMask = 2147483647;
			files = (
				FFB301E5196F8345001FE814 /* MDMShimTests.m in Sources */,
			);
			runOnlyForDeploymentPostprocessing = 0;
		};
/* End PBXSourcesBuildPhase section */

/* Begin PBXTargetDependency section */
		FFB301DD196F8345001FE814 /* PBXTargetDependency */ = {
			isa = PBXTargetDependency;
			target = FFB301B2196F8344001FE814 /* MDMShim */;
			targetProxy = FFB301DC196F8345001FE814 /* PBXContainerItemProxy */;
		};
/* End PBXTargetDependency section */

/* Begin PBXVariantGroup section */
		FFB301BF196F8344001FE814 /* InfoPlist.strings */ = {
			isa = PBXVariantGroup;
			children = (
				FFB301C0196F8344001FE814 /* en */,
			);
			name = InfoPlist.strings;
			sourceTree = "<group>";
		};
		FFB301C8196F8344001FE814 /* Main_iPhone.storyboard */ = {
			isa = PBXVariantGroup;
			children = (
				FFB301C9196F8344001FE814 /* Base */,
			);
			name = Main_iPhone.storyboard;
			sourceTree = "<group>";
		};
		FFB301CB196F8344001FE814 /* Main_iPad.storyboard */ = {
			isa = PBXVariantGroup;
			children = (
				FFB301CC196F8344001FE814 /* Base */,
			);
			name = Main_iPad.storyboard;
			sourceTree = "<group>";
		};
		FFB301E1196F8345001FE814 /* InfoPlist.strings */ = {
			isa = PBXVariantGroup;
			children = (
				FFB301E2196F8345001FE814 /* en */,
			);
			name = InfoPlist.strings;
			sourceTree = "<group>";
		};
/* End PBXVariantGroup section */

/* Begin XCBuildConfiguration section */
		FFB301E6196F8345001FE814 /* Debug */ = {
			isa = XCBuildConfiguration;
			buildSettings = {
				ALWAYS_SEARCH_USER_PATHS = NO;
				CLANG_CXX_LANGUAGE_STANDARD = "gnu++0x";
				CLANG_CXX_LIBRARY = "libc++";
				CLANG_ENABLE_MODULES = YES;
				CLANG_ENABLE_OBJC_ARC = YES;
				CLANG_WARN_BOOL_CONVERSION = YES;
				CLANG_WARN_CONSTANT_CONVERSION = YES;
				CLANG_WARN_DIRECT_OBJC_ISA_USAGE = YES_ERROR;
				CLANG_WARN_EMPTY_BODY = YES;
				CLANG_WARN_ENUM_CONVERSION = YES;
				CLANG_WARN_INT_CONVERSION = YES;
				CLANG_WARN_OBJC_ROOT_CLASS = YES_ERROR;
				CLANG_WARN__DUPLICATE_METHOD_MATCH = YES;
				"CODE_SIGN_IDENTITY[sdk=iphoneos*]" = "iPhone Developer";
				COPY_PHASE_STRIP = NO;
				GCC_C_LANGUAGE_STANDARD = gnu99;
				GCC_DYNAMIC_NO_PIC = NO;
				GCC_OPTIMIZATION_LEVEL = 0;
				GCC_PREPROCESSOR_DEFINITIONS = (
					"DEBUG=1",
					"$(inherited)",
				);
				GCC_SYMBOLS_PRIVATE_EXTERN = NO;
				GCC_WARN_64_TO_32_BIT_CONVERSION = YES;
				GCC_WARN_ABOUT_RETURN_TYPE = YES_ERROR;
				GCC_WARN_UNDECLARED_SELECTOR = YES;
				GCC_WARN_UNINITIALIZED_AUTOS = YES_AGGRESSIVE;
				GCC_WARN_UNUSED_FUNCTION = YES;
				GCC_WARN_UNUSED_VARIABLE = YES;
				IPHONEOS_DEPLOYMENT_TARGET = 7.1;
				ONLY_ACTIVE_ARCH = YES;
				SDKROOT = iphoneos;
				TARGETED_DEVICE_FAMILY = "1,2";
			};
			name = Debug;
		};
		FFB301E7196F8345001FE814 /* Release */ = {
			isa = XCBuildConfiguration;
			buildSettings = {
				ALWAYS_SEARCH_USER_PATHS = NO;
				CLANG_CXX_LANGUAGE_STANDARD = "gnu++0x";
				CLANG_CXX_LIBRARY = "libc++";
				CLANG_ENABLE_MODULES = YES;
				CLANG_ENABLE_OBJC_ARC = YES;
				CLANG_WARN_BOOL_CONVERSION = YES;
				CLANG_WARN_CONSTANT_CONVERSION = YES;
				CLANG_WARN_DIRECT_OBJC_ISA_USAGE = YES_ERROR;
				CLANG_WARN_EMPTY_BODY = YES;
				CLANG_WARN_ENUM_CONVERSION = YES;
				CLANG_WARN_INT_CONVERSION = YES;
				CLANG_WARN_OBJC_ROOT_CLASS = YES_ERROR;
				CLANG_WARN__DUPLICATE_METHOD_MATCH = YES;
				"CODE_SIGN_IDENTITY[sdk=iphoneos*]" = "iPhone Developer";
				COPY_PHASE_STRIP = YES;
				ENABLE_NS_ASSERTIONS = NO;
				GCC_C_LANGUAGE_STANDARD = gnu99;
				GCC_WARN_64_TO_32_BIT_CONVERSION = YES;
				GCC_WARN_ABOUT_RETURN_TYPE = YES_ERROR;
				GCC_WARN_UNDECLARED_SELECTOR = YES;
				GCC_WARN_UNINITIALIZED_AUTOS = YES_AGGRESSIVE;
				GCC_WARN_UNUSED_FUNCTION = YES;
				GCC_WARN_UNUSED_VARIABLE = YES;
				IPHONEOS_DEPLOYMENT_TARGET = 7.1;
				SDKROOT = iphoneos;
				TARGETED_DEVICE_FAMILY = "1,2";
				VALIDATE_PRODUCT = YES;
			};
			name = Release;
		};
		FFB301E9196F8345001FE814 /* Debug */ = {
			isa = XCBuildConfiguration;
			buildSettings = {
				ASSETCATALOG_COMPILER_APPICON_NAME = AppIcon;
				ASSETCATALOG_COMPILER_LAUNCHIMAGE_NAME = LaunchImage;
				GCC_PRECOMPILE_PREFIX_HEADER = YES;
				GCC_PREFIX_HEADER = "MDMShim/MDMShim-Prefix.pch";
				INFOPLIST_FILE = "MDMShim/MDMShim-Info.plist";
				LIBRARY_SEARCH_PATHS = (
					"$(inherited)",
					"$(PROJECT_DIR)/MDMShim/Lib/AppConnect",
				);
				PRODUCT_NAME = "$(TARGET_NAME)";
				WRAPPER_EXTENSION = app;
			};
			name = Debug;
		};
		FFB301EA196F8345001FE814 /* Release */ = {
			isa = XCBuildConfiguration;
			buildSettings = {
				ASSETCATALOG_COMPILER_APPICON_NAME = AppIcon;
				ASSETCATALOG_COMPILER_LAUNCHIMAGE_NAME = LaunchImage;
				GCC_PRECOMPILE_PREFIX_HEADER = YES;
				GCC_PREFIX_HEADER = "MDMShim/MDMShim-Prefix.pch";
				INFOPLIST_FILE = "MDMShim/MDMShim-Info.plist";
				LIBRARY_SEARCH_PATHS = (
					"$(inherited)",
					"$(PROJECT_DIR)/MDMShim/Lib/AppConnect",
				);
				PRODUCT_NAME = "$(TARGET_NAME)";
				WRAPPER_EXTENSION = app;
			};
			name = Release;
		};
		FFB301EC196F8345001FE814 /* Debug */ = {
			isa = XCBuildConfiguration;
			buildSettings = {
				BUNDLE_LOADER = "$(BUILT_PRODUCTS_DIR)/MDMShim.app/MDMShim";
				FRAMEWORK_SEARCH_PATHS = (
					"$(SDKROOT)/Developer/Library/Frameworks",
					"$(inherited)",
					"$(DEVELOPER_FRAMEWORKS_DIR)",
				);
				GCC_PRECOMPILE_PREFIX_HEADER = YES;
				GCC_PREFIX_HEADER = "MDMShim/MDMShim-Prefix.pch";
				GCC_PREPROCESSOR_DEFINITIONS = (
					"DEBUG=1",
					"$(inherited)",
				);
				INFOPLIST_FILE = "MDMShimTests/MDMShimTests-Info.plist";
				PRODUCT_NAME = "$(TARGET_NAME)";
				TEST_HOST = "$(BUNDLE_LOADER)";
				WRAPPER_EXTENSION = xctest;
			};
			name = Debug;
		};
		FFB301ED196F8345001FE814 /* Release */ = {
			isa = XCBuildConfiguration;
			buildSettings = {
				BUNDLE_LOADER = "$(BUILT_PRODUCTS_DIR)/MDMShim.app/MDMShim";
				FRAMEWORK_SEARCH_PATHS = (
					"$(SDKROOT)/Developer/Library/Frameworks",
					"$(inherited)",
					"$(DEVELOPER_FRAMEWORKS_DIR)",
				);
				GCC_PRECOMPILE_PREFIX_HEADER = YES;
				GCC_PREFIX_HEADER = "MDMShim/MDMShim-Prefix.pch";
				INFOPLIST_FILE = "MDMShimTests/MDMShimTests-Info.plist";
				PRODUCT_NAME = "$(TARGET_NAME)";
				TEST_HOST = "$(BUNDLE_LOADER)";
				WRAPPER_EXTENSION = xctest;
			};
			name = Release;
		};
/* End XCBuildConfiguration section */

/* Begin XCConfigurationList section */
		FFB301AE196F8344001FE814 /* Build configuration list for PBXProject "MDMShim" */ = {
			isa = XCConfigurationList;
			buildConfigurations = (
				FFB301E6196F8345001FE814 /* Debug */,
				FFB301E7196F8345001FE814 /* Release */,
			);
			defaultConfigurationIsVisible = 0;
			defaultConfigurationName = Release;
		};
		FFB301E8196F8345001FE814 /* Build configuration list for PBXNativeTarget "MDMShim" */ = {
			isa = XCConfigurationList;
			buildConfigurations = (
				FFB301E9196F8345001FE814 /* Debug */,
				FFB301EA196F8345001FE814 /* Release */,
			);
			defaultConfigurationIsVisible = 0;
		};
		FFB301EB196F8345001FE814 /* Build configuration list for PBXNativeTarget "MDMShimTests" */ = {
			isa = XCConfigurationList;
			buildConfigurations = (
				FFB301EC196F8345001FE814 /* Debug */,
				FFB301ED196F8345001FE814 /* Release */,
			);
			defaultConfigurationIsVisible = 0;
		};
/* End XCConfigurationList section */
	};
	rootObject = FFB301AB196F8344001FE814 /* Project object */;
}
