// !$*UTF8*$!
{
	archiveVersion = 1;
	classes = {
	};
	objectVersion = 46;
	objects = {

/* Begin PBXBuildFile section */
		FF7E2A0B196FB25300591971 /* libAppConnectLibrary.a in Frameworks */ = {isa = PBXBuildFile; fileRef = FF7E29D8196FB25300591971 /* libAppConnectLibrary.a */; };
		FF7E2A0C196FB25300591971 /* libcrypto.a in Frameworks */ = {isa = PBXBuildFile; fileRef = FF7E29D9196FB25300591971 /* libcrypto.a */; };
		FF7E2A0D196FB25300591971 /* JSONModel+CoreData.m in Sources */ = {isa = PBXBuildFile; fileRef = FF7E29E5196FB25300591971 /* JSONModel+CoreData.m */; };
		FF7E2A0E196FB25300591971 /* JSONModel.m in Sources */ = {isa = PBXBuildFile; fileRef = FF7E29E7196FB25300591971 /* JSONModel.m */; };
		FF7E2A0F196FB25300591971 /* JSONModelArray.m in Sources */ = {isa = PBXBuildFile; fileRef = FF7E29E9196FB25300591971 /* JSONModelArray.m */; };
		FF7E2A10196FB25300591971 /* JSONModelClassProperty.m in Sources */ = {isa = PBXBuildFile; fileRef = FF7E29EB196FB25300591971 /* JSONModelClassProperty.m */; };
		FF7E2A11196FB25300591971 /* JSONModelError.m in Sources */ = {isa = PBXBuildFile; fileRef = FF7E29ED196FB25300591971 /* JSONModelError.m */; };
		FF7E2A12196FB25300591971 /* NSArray+JSONModel.m in Sources */ = {isa = PBXBuildFile; fileRef = FF7E29F0196FB25300591971 /* NSArray+JSONModel.m */; };
		FF7E2A13196FB25300591971 /* JSONAPI.m in Sources */ = {isa = PBXBuildFile; fileRef = FF7E29F4196FB25300591971 /* JSONAPI.m */; };
		FF7E2A14196FB25300591971 /* JSONHTTPClient.m in Sources */ = {isa = PBXBuildFile; fileRef = FF7E29F6196FB25300591971 /* JSONHTTPClient.m */; };
		FF7E2A15196FB25300591971 /* JSONModel+networking.m in Sources */ = {isa = PBXBuildFile; fileRef = FF7E29F8196FB25300591971 /* JSONModel+networking.m */; };
		FF7E2A16196FB25300591971 /* JSONKeyMapper.m in Sources */ = {isa = PBXBuildFile; fileRef = FF7E29FB196FB25300591971 /* JSONKeyMapper.m */; };
		FF7E2A17196FB25300591971 /* JSONValueTransformer.m in Sources */ = {isa = PBXBuildFile; fileRef = FF7E29FD196FB25300591971 /* JSONValueTransformer.m */; };
		FF7E2A18196FB25300591971 /* ioapi.c in Sources */ = {isa = PBXBuildFile; fileRef = FF7E2A01196FB25300591971 /* ioapi.c */; };
		FF7E2A19196FB25300591971 /* mztools.c in Sources */ = {isa = PBXBuildFile; fileRef = FF7E2A03196FB25300591971 /* mztools.c */; };
		FF7E2A1A196FB25300591971 /* unzip.c in Sources */ = {isa = PBXBuildFile; fileRef = FF7E2A05196FB25300591971 /* unzip.c */; };
		FF7E2A1B196FB25300591971 /* zip.c in Sources */ = {isa = PBXBuildFile; fileRef = FF7E2A07196FB25300591971 /* zip.c */; };
		FF7E2A1C196FB25300591971 /* SSZipArchive.m in Sources */ = {isa = PBXBuildFile; fileRef = FF7E2A0A196FB25300591971 /* SSZipArchive.m */; };
		FF7E2A26196FB56500591971 /* MSPasteboardSharedLogger.m in Sources */ = {isa = PBXBuildFile; fileRef = FF7E2A25196FB56500591971 /* MSPasteboardSharedLogger.m */; };
		FF7E2A2C196FC0DF00591971 /* MSCycleProgressView.m in Sources */ = {isa = PBXBuildFile; fileRef = FF7E2A2B196FC0DF00591971 /* MSCycleProgressView.m */; };
		FF7E2A34196FC58600591971 /* WelcomeScreenViewController.m in Sources */ = {isa = PBXBuildFile; fileRef = FF7E2A33196FC58600591971 /* WelcomeScreenViewController.m */; };
		FF7E2A37196FC69C00591971 /* ApplicationSmallCell.m in Sources */ = {isa = PBXBuildFile; fileRef = FF7E2A36196FC69C00591971 /* ApplicationSmallCell.m */; };
		FF7E2A3B196FC83D00591971 /* MDMApplication.m in Sources */ = {isa = PBXBuildFile; fileRef = FF7E2A3A196FC83D00591971 /* MDMApplication.m */; };
		FF7E2A41196FE0C300591971 /* ApplicationSmallCell.xib in Resources */ = {isa = PBXBuildFile; fileRef = FF7E2A40196FE0C300591971 /* ApplicationSmallCell.xib */; };
		FF7E2A44196FE46700591971 /* application.png in Resources */ = {isa = PBXBuildFile; fileRef = FF7E2A43196FE46700591971 /* application.png */; };
		FFB301B7196F8344001FE814 /* Foundation.framework in Frameworks */ = {isa = PBXBuildFile; fileRef = FFB301B6196F8344001FE814 /* Foundation.framework */; };
		FFB301B9196F8344001FE814 /* CoreGraphics.framework in Frameworks */ = {isa = PBXBuildFile; fileRef = FFB301B8196F8344001FE814 /* CoreGraphics.framework */; };
		FFB301BB196F8344001FE814 /* UIKit.framework in Frameworks */ = {isa = PBXBuildFile; fileRef = FFB301BA196F8344001FE814 /* UIKit.framework */; };
		FFB301C1196F8344001FE814 /* InfoPlist.strings in Resources */ = {isa = PBXBuildFile; fileRef = FFB301BF196F8344001FE814 /* InfoPlist.strings */; };
		FFB301C3196F8344001FE814 /* main.m in Sources */ = {isa = PBXBuildFile; fileRef = FFB301C2196F8344001FE814 /* main.m */; };
		FFB301C7196F8344001FE814 /* AppDelegate.m in Sources */ = {isa = PBXBuildFile; fileRef = FFB301C6196F8344001FE814 /* AppDelegate.m */; };
		FFB301CA196F8344001FE814 /* Main_iPhone.storyboard in Resources */ = {isa = PBXBuildFile; fileRef = FFB301C8196F8344001FE814 /* Main_iPhone.storyboard */; };
		FFB301CD196F8344001FE814 /* Main_iPad.storyboard in Resources */ = {isa = PBXBuildFile; fileRef = FFB301CB196F8344001FE814 /* Main_iPad.storyboard */; };
		FFB301D0196F8344001FE814 /* LoadingViewController.m in Sources */ = {isa = PBXBuildFile; fileRef = FFB301CF196F8344001FE814 /* LoadingViewController.m */; };
		FFB301D2196F8344001FE814 /* Images.xcassets in Resources */ = {isa = PBXBuildFile; fileRef = FFB301D1196F8344001FE814 /* Images.xcassets */; };
		FFB301D9196F8344001FE814 /* XCTest.framework in Frameworks */ = {isa = PBXBuildFile; fileRef = FFB301D8196F8344001FE814 /* XCTest.framework */; };
		FFB301DA196F8344001FE814 /* Foundation.framework in Frameworks */ = {isa = PBXBuildFile; fileRef = FFB301B6196F8344001FE814 /* Foundation.framework */; };
		FFB301DB196F8344001FE814 /* UIKit.framework in Frameworks */ = {isa = PBXBuildFile; fileRef = FFB301BA196F8344001FE814 /* UIKit.framework */; };
		FFB301E3196F8345001FE814 /* InfoPlist.strings in Resources */ = {isa = PBXBuildFile; fileRef = FFB301E1196F8345001FE814 /* InfoPlist.strings */; };
		FFB301E5196F8345001FE814 /* MDMShimTests.m in Sources */ = {isa = PBXBuildFile; fileRef = FFB301E4196F8345001FE814 /* MDMShimTests.m */; };
		FFB30243196F84F9001FE814 /* libCordova.a in Frameworks */ = {isa = PBXBuildFile; fileRef = FFB301F3196F8395001FE814 /* libCordova.a */; };
		FFB30249196F8613001FE814 /* libz.dylib in Frameworks */ = {isa = PBXBuildFile; fileRef = FFB30248196F8613001FE814 /* libz.dylib */; };
/* End PBXBuildFile section */

/* Begin PBXContainerItemProxy section */
		FFB301DC196F8345001FE814 /* PBXContainerItemProxy */ = {
			isa = PBXContainerItemProxy;
			containerPortal = FFB301AB196F8344001FE814 /* Project object */;
			proxyType = 1;
			remoteGlobalIDString = FFB301B2196F8344001FE814;
			remoteInfo = MDMShim;
		};
		FFB301F2196F8395001FE814 /* PBXContainerItemProxy */ = {
			isa = PBXContainerItemProxy;
			containerPortal = FFB301EE196F8395001FE814 /* CordovaLib.xcodeproj */;
			proxyType = 2;
			remoteGlobalIDString = 68A32D7114102E1C006B237C;
			remoteInfo = CordovaLib;
		};
/* End PBXContainerItemProxy section */

/* Begin PBXFileReference section */
		FF7E29D4196FB25300591971 /* ACError.h */ = {isa = PBXFileReference; fileEncoding = 4; lastKnownFileType = sourcecode.c.h; path = ACError.h; sourceTree = "<group>"; };
		FF7E29D5196FB25300591971 /* ACFileHandle.h */ = {isa = PBXFileReference; fileEncoding = 4; lastKnownFileType = sourcecode.c.h; path = ACFileHandle.h; sourceTree = "<group>"; };
		FF7E29D6196FB25300591971 /* ACSecureFile.h */ = {isa = PBXFileReference; fileEncoding = 4; lastKnownFileType = sourcecode.c.h; path = ACSecureFile.h; sourceTree = "<group>"; };
		FF7E29D7196FB25300591971 /* AppConnect.h */ = {isa = PBXFileReference; fileEncoding = 4; lastKnownFileType = sourcecode.c.h; path = AppConnect.h; sourceTree = "<group>"; };
		FF7E29D8196FB25300591971 /* libAppConnectLibrary.a */ = {isa = PBXFileReference; lastKnownFileType = archive.ar; path = libAppConnectLibrary.a; sourceTree = "<group>"; };
		FF7E29D9196FB25300591971 /* libcrypto.a */ = {isa = PBXFileReference; lastKnownFileType = archive.ar; path = libcrypto.a; sourceTree = "<group>"; };
		FF7E29DA196FB25300591971 /* NSArray+ACSecureFile.h */ = {isa = PBXFileReference; fileEncoding = 4; lastKnownFileType = sourcecode.c.h; path = "NSArray+ACSecureFile.h"; sourceTree = "<group>"; };
		FF7E29DB196FB25300591971 /* NSData+ACSecureFile.h */ = {isa = PBXFileReference; fileEncoding = 4; lastKnownFileType = sourcecode.c.h; path = "NSData+ACSecureFile.h"; sourceTree = "<group>"; };
		FF7E29DC196FB25300591971 /* NSDictionary+ACSecureFile.h */ = {isa = PBXFileReference; fileEncoding = 4; lastKnownFileType = sourcecode.c.h; path = "NSDictionary+ACSecureFile.h"; sourceTree = "<group>"; };
		FF7E29DD196FB25300591971 /* NSFileManager+ACSecureFile.h */ = {isa = PBXFileReference; fileEncoding = 4; lastKnownFileType = sourcecode.c.h; path = "NSFileManager+ACSecureFile.h"; sourceTree = "<group>"; };
		FF7E29DE196FB25300591971 /* NSKeyedArchiver+ACSecureFile.h */ = {isa = PBXFileReference; fileEncoding = 4; lastKnownFileType = sourcecode.c.h; path = "NSKeyedArchiver+ACSecureFile.h"; sourceTree = "<group>"; };
		FF7E29DF196FB25300591971 /* NSKeyedUnarchiver+ACSecureFile.h */ = {isa = PBXFileReference; fileEncoding = 4; lastKnownFileType = sourcecode.c.h; path = "NSKeyedUnarchiver+ACSecureFile.h"; sourceTree = "<group>"; };
		FF7E29E0196FB25300591971 /* NSMutableArray+ACSecureFile.h */ = {isa = PBXFileReference; fileEncoding = 4; lastKnownFileType = sourcecode.c.h; path = "NSMutableArray+ACSecureFile.h"; sourceTree = "<group>"; };
		FF7E29E1196FB25300591971 /* NSMutableDictionary+ACSecureFile.h */ = {isa = PBXFileReference; fileEncoding = 4; lastKnownFileType = sourcecode.c.h; path = "NSMutableDictionary+ACSecureFile.h"; sourceTree = "<group>"; };
		FF7E29E4196FB25300591971 /* JSONModel+CoreData.h */ = {isa = PBXFileReference; fileEncoding = 4; lastKnownFileType = sourcecode.c.h; path = "JSONModel+CoreData.h"; sourceTree = "<group>"; };
		FF7E29E5196FB25300591971 /* JSONModel+CoreData.m */ = {isa = PBXFileReference; fileEncoding = 4; lastKnownFileType = sourcecode.c.objc; path = "JSONModel+CoreData.m"; sourceTree = "<group>"; };
		FF7E29E6196FB25300591971 /* JSONModel.h */ = {isa = PBXFileReference; fileEncoding = 4; lastKnownFileType = sourcecode.c.h; path = JSONModel.h; sourceTree = "<group>"; };
		FF7E29E7196FB25300591971 /* JSONModel.m */ = {isa = PBXFileReference; fileEncoding = 4; lastKnownFileType = sourcecode.c.objc; path = JSONModel.m; sourceTree = "<group>"; };
		FF7E29E8196FB25300591971 /* JSONModelArray.h */ = {isa = PBXFileReference; fileEncoding = 4; lastKnownFileType = sourcecode.c.h; path = JSONModelArray.h; sourceTree = "<group>"; };
		FF7E29E9196FB25300591971 /* JSONModelArray.m */ = {isa = PBXFileReference; fileEncoding = 4; lastKnownFileType = sourcecode.c.objc; path = JSONModelArray.m; sourceTree = "<group>"; };
		FF7E29EA196FB25300591971 /* JSONModelClassProperty.h */ = {isa = PBXFileReference; fileEncoding = 4; lastKnownFileType = sourcecode.c.h; path = JSONModelClassProperty.h; sourceTree = "<group>"; };
		FF7E29EB196FB25300591971 /* JSONModelClassProperty.m */ = {isa = PBXFileReference; fileEncoding = 4; lastKnownFileType = sourcecode.c.objc; path = JSONModelClassProperty.m; sourceTree = "<group>"; };
		FF7E29EC196FB25300591971 /* JSONModelError.h */ = {isa = PBXFileReference; fileEncoding = 4; lastKnownFileType = sourcecode.c.h; path = JSONModelError.h; sourceTree = "<group>"; };
		FF7E29ED196FB25300591971 /* JSONModelError.m */ = {isa = PBXFileReference; fileEncoding = 4; lastKnownFileType = sourcecode.c.objc; path = JSONModelError.m; sourceTree = "<group>"; };
		FF7E29EF196FB25300591971 /* NSArray+JSONModel.h */ = {isa = PBXFileReference; fileEncoding = 4; lastKnownFileType = sourcecode.c.h; path = "NSArray+JSONModel.h"; sourceTree = "<group>"; };
		FF7E29F0196FB25300591971 /* NSArray+JSONModel.m */ = {isa = PBXFileReference; fileEncoding = 4; lastKnownFileType = sourcecode.c.objc; path = "NSArray+JSONModel.m"; sourceTree = "<group>"; };
		FF7E29F1196FB25300591971 /* JSONModelLib.h */ = {isa = PBXFileReference; fileEncoding = 4; lastKnownFileType = sourcecode.c.h; path = JSONModelLib.h; sourceTree = "<group>"; };
		FF7E29F3196FB25300591971 /* JSONAPI.h */ = {isa = PBXFileReference; fileEncoding = 4; lastKnownFileType = sourcecode.c.h; path = JSONAPI.h; sourceTree = "<group>"; };
		FF7E29F4196FB25300591971 /* JSONAPI.m */ = {isa = PBXFileReference; fileEncoding = 4; lastKnownFileType = sourcecode.c.objc; path = JSONAPI.m; sourceTree = "<group>"; };
		FF7E29F5196FB25300591971 /* JSONHTTPClient.h */ = {isa = PBXFileReference; fileEncoding = 4; lastKnownFileType = sourcecode.c.h; path = JSONHTTPClient.h; sourceTree = "<group>"; };
		FF7E29F6196FB25300591971 /* JSONHTTPClient.m */ = {isa = PBXFileReference; fileEncoding = 4; lastKnownFileType = sourcecode.c.objc; path = JSONHTTPClient.m; sourceTree = "<group>"; };
		FF7E29F7196FB25300591971 /* JSONModel+networking.h */ = {isa = PBXFileReference; fileEncoding = 4; lastKnownFileType = sourcecode.c.h; path = "JSONModel+networking.h"; sourceTree = "<group>"; };
		FF7E29F8196FB25300591971 /* JSONModel+networking.m */ = {isa = PBXFileReference; fileEncoding = 4; lastKnownFileType = sourcecode.c.objc; path = "JSONModel+networking.m"; sourceTree = "<group>"; };
		FF7E29FA196FB25300591971 /* JSONKeyMapper.h */ = {isa = PBXFileReference; fileEncoding = 4; lastKnownFileType = sourcecode.c.h; path = JSONKeyMapper.h; sourceTree = "<group>"; };
		FF7E29FB196FB25300591971 /* JSONKeyMapper.m */ = {isa = PBXFileReference; fileEncoding = 4; lastKnownFileType = sourcecode.c.objc; path = JSONKeyMapper.m; sourceTree = "<group>"; };
		FF7E29FC196FB25300591971 /* JSONValueTransformer.h */ = {isa = PBXFileReference; fileEncoding = 4; lastKnownFileType = sourcecode.c.h; path = JSONValueTransformer.h; sourceTree = "<group>"; };
		FF7E29FD196FB25300591971 /* JSONValueTransformer.m */ = {isa = PBXFileReference; fileEncoding = 4; lastKnownFileType = sourcecode.c.objc; path = JSONValueTransformer.m; sourceTree = "<group>"; };
		FF7E2A00196FB25300591971 /* crypt.h */ = {isa = PBXFileReference; fileEncoding = 4; lastKnownFileType = sourcecode.c.h; path = crypt.h; sourceTree = "<group>"; };
		FF7E2A01196FB25300591971 /* ioapi.c */ = {isa = PBXFileReference; fileEncoding = 4; lastKnownFileType = sourcecode.c.c; path = ioapi.c; sourceTree = "<group>"; };
		FF7E2A02196FB25300591971 /* ioapi.h */ = {isa = PBXFileReference; fileEncoding = 4; lastKnownFileType = sourcecode.c.h; path = ioapi.h; sourceTree = "<group>"; };
		FF7E2A03196FB25300591971 /* mztools.c */ = {isa = PBXFileReference; fileEncoding = 4; lastKnownFileType = sourcecode.c.c; path = mztools.c; sourceTree = "<group>"; };
		FF7E2A04196FB25300591971 /* mztools.h */ = {isa = PBXFileReference; fileEncoding = 4; lastKnownFileType = sourcecode.c.h; path = mztools.h; sourceTree = "<group>"; };
		FF7E2A05196FB25300591971 /* unzip.c */ = {isa = PBXFileReference; fileEncoding = 4; lastKnownFileType = sourcecode.c.c; path = unzip.c; sourceTree = "<group>"; };
		FF7E2A06196FB25300591971 /* unzip.h */ = {isa = PBXFileReference; fileEncoding = 4; lastKnownFileType = sourcecode.c.h; path = unzip.h; sourceTree = "<group>"; };
		FF7E2A07196FB25300591971 /* zip.c */ = {isa = PBXFileReference; fileEncoding = 4; lastKnownFileType = sourcecode.c.c; path = zip.c; sourceTree = "<group>"; };
		FF7E2A08196FB25300591971 /* zip.h */ = {isa = PBXFileReference; fileEncoding = 4; lastKnownFileType = sourcecode.c.h; path = zip.h; sourceTree = "<group>"; };
		FF7E2A09196FB25300591971 /* SSZipArchive.h */ = {isa = PBXFileReference; fileEncoding = 4; lastKnownFileType = sourcecode.c.h; path = SSZipArchive.h; sourceTree = "<group>"; };
		FF7E2A0A196FB25300591971 /* SSZipArchive.m */ = {isa = PBXFileReference; fileEncoding = 4; lastKnownFileType = sourcecode.c.objc; path = SSZipArchive.m; sourceTree = "<group>"; };
		FF7E2A24196FB56500591971 /* MSPasteboardSharedLogger.h */ = {isa = PBXFileReference; fileEncoding = 4; lastKnownFileType = sourcecode.c.h; path = MSPasteboardSharedLogger.h; sourceTree = "<group>"; };
		FF7E2A25196FB56500591971 /* MSPasteboardSharedLogger.m */ = {isa = PBXFileReference; fileEncoding = 4; lastKnownFileType = sourcecode.c.objc; path = MSPasteboardSharedLogger.m; sourceTree = "<group>"; };
		FF7E2A2A196FC0DF00591971 /* MSCycleProgressView.h */ = {isa = PBXFileReference; fileEncoding = 4; lastKnownFileType = sourcecode.c.h; path = MSCycleProgressView.h; sourceTree = "<group>"; };
		FF7E2A2B196FC0DF00591971 /* MSCycleProgressView.m */ = {isa = PBXFileReference; fileEncoding = 4; lastKnownFileType = sourcecode.c.objc; path = MSCycleProgressView.m; sourceTree = "<group>"; };
		FF7E2A32196FC58600591971 /* WelcomeScreenViewController.h */ = {isa = PBXFileReference; fileEncoding = 4; lastKnownFileType = sourcecode.c.h; path = WelcomeScreenViewController.h; sourceTree = "<group>"; };
		FF7E2A33196FC58600591971 /* WelcomeScreenViewController.m */ = {isa = PBXFileReference; fileEncoding = 4; lastKnownFileType = sourcecode.c.objc; path = WelcomeScreenViewController.m; sourceTree = "<group>"; };
		FF7E2A35196FC69C00591971 /* ApplicationSmallCell.h */ = {isa = PBXFileReference; fileEncoding = 4; lastKnownFileType = sourcecode.c.h; path = ApplicationSmallCell.h; sourceTree = "<group>"; };
		FF7E2A36196FC69C00591971 /* ApplicationSmallCell.m */ = {isa = PBXFileReference; fileEncoding = 4; lastKnownFileType = sourcecode.c.objc; path = ApplicationSmallCell.m; sourceTree = "<group>"; };
		FF7E2A39196FC83D00591971 /* MDMApplication.h */ = {isa = PBXFileReference; fileEncoding = 4; lastKnownFileType = sourcecode.c.h; name = MDMApplication.h; path = Models/MDMApplication.h; sourceTree = "<group>"; };
		FF7E2A3A196FC83D00591971 /* MDMApplication.m */ = {isa = PBXFileReference; fileEncoding = 4; lastKnownFileType = sourcecode.c.objc; name = MDMApplication.m; path = Models/MDMApplication.m; sourceTree = "<group>"; };
		FF7E2A40196FE0C300591971 /* ApplicationSmallCell.xib */ = {isa = PBXFileReference; fileEncoding = 4; lastKnownFileType = file.xib; path = ApplicationSmallCell.xib; sourceTree = "<group>"; };
		FF7E2A43196FE46700591971 /* application.png */ = {isa = PBXFileReference; lastKnownFileType = image.png; path = application.png; sourceTree = "<group>"; };
		FFB301B3196F8344001FE814 /* MDMShim.app */ = {isa = PBXFileReference; explicitFileType = wrapper.application; includeInIndex = 0; path = MDMShim.app; sourceTree = BUILT_PRODUCTS_DIR; };
		FFB301B6196F8344001FE814 /* Foundation.framework */ = {isa = PBXFileReference; lastKnownFileType = wrapper.framework; name = Foundation.framework; path = System/Library/Frameworks/Foundation.framework; sourceTree = SDKROOT; };
		FFB301B8196F8344001FE814 /* CoreGraphics.framework */ = {isa = PBXFileReference; lastKnownFileType = wrapper.framework; name = CoreGraphics.framework; path = System/Library/Frameworks/CoreGraphics.framework; sourceTree = SDKROOT; };
		FFB301BA196F8344001FE814 /* UIKit.framework */ = {isa = PBXFileReference; lastKnownFileType = wrapper.framework; name = UIKit.framework; path = System/Library/Frameworks/UIKit.framework; sourceTree = SDKROOT; };
		FFB301BE196F8344001FE814 /* MDMShim-Info.plist */ = {isa = PBXFileReference; lastKnownFileType = text.plist.xml; path = "MDMShim-Info.plist"; sourceTree = "<group>"; };
		FFB301C0196F8344001FE814 /* en */ = {isa = PBXFileReference; lastKnownFileType = text.plist.strings; name = en; path = en.lproj/InfoPlist.strings; sourceTree = "<group>"; };
		FFB301C2196F8344001FE814 /* main.m */ = {isa = PBXFileReference; lastKnownFileType = sourcecode.c.objc; path = main.m; sourceTree = "<group>"; };
		FFB301C4196F8344001FE814 /* MDMShim-Prefix.pch */ = {isa = PBXFileReference; lastKnownFileType = sourcecode.c.h; path = "MDMShim-Prefix.pch"; sourceTree = "<group>"; };
		FFB301C5196F8344001FE814 /* AppDelegate.h */ = {isa = PBXFileReference; lastKnownFileType = sourcecode.c.h; path = AppDelegate.h; sourceTree = "<group>"; };
		FFB301C6196F8344001FE814 /* AppDelegate.m */ = {isa = PBXFileReference; lastKnownFileType = sourcecode.c.objc; path = AppDelegate.m; sourceTree = "<group>"; };
		FFB301C9196F8344001FE814 /* Base */ = {isa = PBXFileReference; lastKnownFileType = file.storyboard; name = Base; path = Base.lproj/Main_iPhone.storyboard; sourceTree = "<group>"; };
		FFB301CC196F8344001FE814 /* Base */ = {isa = PBXFileReference; lastKnownFileType = file.storyboard; name = Base; path = Base.lproj/Main_iPad.storyboard; sourceTree = "<group>"; };
		FFB301CE196F8344001FE814 /* LoadingViewController.h */ = {isa = PBXFileReference; lastKnownFileType = sourcecode.c.h; path = LoadingViewController.h; sourceTree = "<group>"; };
		FFB301CF196F8344001FE814 /* LoadingViewController.m */ = {isa = PBXFileReference; lastKnownFileType = sourcecode.c.objc; path = LoadingViewController.m; sourceTree = "<group>"; };
		FFB301D1196F8344001FE814 /* Images.xcassets */ = {isa = PBXFileReference; lastKnownFileType = folder.assetcatalog; path = Images.xcassets; sourceTree = "<group>"; };
		FFB301D7196F8344001FE814 /* MDMShimTests.xctest */ = {isa = PBXFileReference; explicitFileType = wrapper.cfbundle; includeInIndex = 0; path = MDMShimTests.xctest; sourceTree = BUILT_PRODUCTS_DIR; };
		FFB301D8196F8344001FE814 /* XCTest.framework */ = {isa = PBXFileReference; lastKnownFileType = wrapper.framework; name = XCTest.framework; path = Library/Frameworks/XCTest.framework; sourceTree = DEVELOPER_DIR; };
		FFB301E0196F8345001FE814 /* MDMShimTests-Info.plist */ = {isa = PBXFileReference; lastKnownFileType = text.plist.xml; path = "MDMShimTests-Info.plist"; sourceTree = "<group>"; };
		FFB301E2196F8345001FE814 /* en */ = {isa = PBXFileReference; lastKnownFileType = text.plist.strings; name = en; path = en.lproj/InfoPlist.strings; sourceTree = "<group>"; };
		FFB301E4196F8345001FE814 /* MDMShimTests.m */ = {isa = PBXFileReference; lastKnownFileType = sourcecode.c.objc; path = MDMShimTests.m; sourceTree = "<group>"; };
		FFB301EE196F8395001FE814 /* CordovaLib.xcodeproj */ = {isa = PBXFileReference; lastKnownFileType = "wrapper.pb-project"; name = CordovaLib.xcodeproj; path = MDMShim/CordovaLib/CordovaLib.xcodeproj; sourceTree = "<group>"; };
		FFB30248196F8613001FE814 /* libz.dylib */ = {isa = PBXFileReference; lastKnownFileType = "compiled.mach-o.dylib"; name = libz.dylib; path = usr/lib/libz.dylib; sourceTree = SDKROOT; };
/* End PBXFileReference section */

/* Begin PBXFrameworksBuildPhase section */
		FFB301B0196F8344001FE814 /* Frameworks */ = {
			isa = PBXFrameworksBuildPhase;
			buildActionMask = 2147483647;
			files = (
				FF7E2A0B196FB25300591971 /* libAppConnectLibrary.a in Frameworks */,
				FFB30249196F8613001FE814 /* libz.dylib in Frameworks */,
				FFB30243196F84F9001FE814 /* libCordova.a in Frameworks */,
				FFB301B9196F8344001FE814 /* CoreGraphics.framework in Frameworks */,
				FFB301BB196F8344001FE814 /* UIKit.framework in Frameworks */,
				FFB301B7196F8344001FE814 /* Foundation.framework in Frameworks */,
				FF7E2A0C196FB25300591971 /* libcrypto.a in Frameworks */,
			);
			runOnlyForDeploymentPostprocessing = 0;
		};
		FFB301D4196F8344001FE814 /* Frameworks */ = {
			isa = PBXFrameworksBuildPhase;
			buildActionMask = 2147483647;
			files = (
				FFB301D9196F8344001FE814 /* XCTest.framework in Frameworks */,
				FFB301DB196F8344001FE814 /* UIKit.framework in Frameworks */,
				FFB301DA196F8344001FE814 /* Foundation.framework in Frameworks */,
			);
			runOnlyForDeploymentPostprocessing = 0;
		};
/* End PBXFrameworksBuildPhase section */

/* Begin PBXGroup section */
		FF7E29D2196FB25300591971 /* Lib */ = {
			isa = PBXGroup;
			children = (
				FF7E29D3196FB25300591971 /* AppConnect */,
				FF7E29E2196FB25300591971 /* JSONModel */,
				FF7E29FE196FB25300591971 /* SSZipArchive */,
			);
			path = Lib;
			sourceTree = "<group>";
		};
		FF7E29D3196FB25300591971 /* AppConnect */ = {
			isa = PBXGroup;
			children = (
				FF7E29D4196FB25300591971 /* ACError.h */,
				FF7E29D5196FB25300591971 /* ACFileHandle.h */,
				FF7E29D6196FB25300591971 /* ACSecureFile.h */,
				FF7E29D7196FB25300591971 /* AppConnect.h */,
				FF7E29D8196FB25300591971 /* libAppConnectLibrary.a */,
				FF7E29D9196FB25300591971 /* libcrypto.a */,
				FF7E29DA196FB25300591971 /* NSArray+ACSecureFile.h */,
				FF7E29DB196FB25300591971 /* NSData+ACSecureFile.h */,
				FF7E29DC196FB25300591971 /* NSDictionary+ACSecureFile.h */,
				FF7E29DD196FB25300591971 /* NSFileManager+ACSecureFile.h */,
				FF7E29DE196FB25300591971 /* NSKeyedArchiver+ACSecureFile.h */,
				FF7E29DF196FB25300591971 /* NSKeyedUnarchiver+ACSecureFile.h */,
				FF7E29E0196FB25300591971 /* NSMutableArray+ACSecureFile.h */,
				FF7E29E1196FB25300591971 /* NSMutableDictionary+ACSecureFile.h */,
			);
			path = AppConnect;
			sourceTree = "<group>";
		};
		FF7E29E2196FB25300591971 /* JSONModel */ = {
			isa = PBXGroup;
			children = (
				FF7E29E3196FB25300591971 /* JSONModel */,
				FF7E29EE196FB25300591971 /* JSONModelCategories */,
				FF7E29F1196FB25300591971 /* JSONModelLib.h */,
				FF7E29F2196FB25300591971 /* JSONModelNetworking */,
				FF7E29F9196FB25300591971 /* JSONModelTransformations */,
			);
			path = JSONModel;
			sourceTree = "<group>";
		};
		FF7E29E3196FB25300591971 /* JSONModel */ = {
			isa = PBXGroup;
			children = (
				FF7E29E4196FB25300591971 /* JSONModel+CoreData.h */,
				FF7E29E5196FB25300591971 /* JSONModel+CoreData.m */,
				FF7E29E6196FB25300591971 /* JSONModel.h */,
				FF7E29E7196FB25300591971 /* JSONModel.m */,
				FF7E29E8196FB25300591971 /* JSONModelArray.h */,
				FF7E29E9196FB25300591971 /* JSONModelArray.m */,
				FF7E29EA196FB25300591971 /* JSONModelClassProperty.h */,
				FF7E29EB196FB25300591971 /* JSONModelClassProperty.m */,
				FF7E29EC196FB25300591971 /* JSONModelError.h */,
				FF7E29ED196FB25300591971 /* JSONModelError.m */,
			);
			path = JSONModel;
			sourceTree = "<group>";
		};
		FF7E29EE196FB25300591971 /* JSONModelCategories */ = {
			isa = PBXGroup;
			children = (
				FF7E29EF196FB25300591971 /* NSArray+JSONModel.h */,
				FF7E29F0196FB25300591971 /* NSArray+JSONModel.m */,
			);
			path = JSONModelCategories;
			sourceTree = "<group>";
		};
		FF7E29F2196FB25300591971 /* JSONModelNetworking */ = {
			isa = PBXGroup;
			children = (
				FF7E29F3196FB25300591971 /* JSONAPI.h */,
				FF7E29F4196FB25300591971 /* JSONAPI.m */,
				FF7E29F5196FB25300591971 /* JSONHTTPClient.h */,
				FF7E29F6196FB25300591971 /* JSONHTTPClient.m */,
				FF7E29F7196FB25300591971 /* JSONModel+networking.h */,
				FF7E29F8196FB25300591971 /* JSONModel+networking.m */,
			);
			path = JSONModelNetworking;
			sourceTree = "<group>";
		};
		FF7E29F9196FB25300591971 /* JSONModelTransformations */ = {
			isa = PBXGroup;
			children = (
				FF7E29FA196FB25300591971 /* JSONKeyMapper.h */,
				FF7E29FB196FB25300591971 /* JSONKeyMapper.m */,
				FF7E29FC196FB25300591971 /* JSONValueTransformer.h */,
				FF7E29FD196FB25300591971 /* JSONValueTransformer.m */,
			);
			path = JSONModelTransformations;
			sourceTree = "<group>";
		};
		FF7E29FE196FB25300591971 /* SSZipArchive */ = {
			isa = PBXGroup;
			children = (
				FF7E29FF196FB25300591971 /* minizip */,
				FF7E2A09196FB25300591971 /* SSZipArchive.h */,
				FF7E2A0A196FB25300591971 /* SSZipArchive.m */,
			);
			path = SSZipArchive;
			sourceTree = "<group>";
		};
		FF7E29FF196FB25300591971 /* minizip */ = {
			isa = PBXGroup;
			children = (
				FF7E2A00196FB25300591971 /* crypt.h */,
				FF7E2A01196FB25300591971 /* ioapi.c */,
				FF7E2A02196FB25300591971 /* ioapi.h */,
				FF7E2A03196FB25300591971 /* mztools.c */,
				FF7E2A04196FB25300591971 /* mztools.h */,
				FF7E2A05196FB25300591971 /* unzip.c */,
				FF7E2A06196FB25300591971 /* unzip.h */,
				FF7E2A07196FB25300591971 /* zip.c */,
				FF7E2A08196FB25300591971 /* zip.h */,
			);
			path = minizip;
			sourceTree = "<group>";
		};
		FF7E2A1D196FB2AE00591971 /* Utils */ = {
			isa = PBXGroup;
			children = (
				FF7E2A27196FB56900591971 /* logger */,
			);
			path = Utils;
			sourceTree = "<group>";
		};
		FF7E2A27196FB56900591971 /* logger */ = {
			isa = PBXGroup;
			children = (
				FF7E2A24196FB56500591971 /* MSPasteboardSharedLogger.h */,
				FF7E2A25196FB56500591971 /* MSPasteboardSharedLogger.m */,
			);
			name = logger;
			sourceTree = "<group>";
		};
		FF7E2A2D196FC0E300591971 /* Views */ = {
			isa = PBXGroup;
			children = (
				FF7E2A2A196FC0DF00591971 /* MSCycleProgressView.h */,
				FF7E2A2B196FC0DF00591971 /* MSCycleProgressView.m */,
				FF7E2A35196FC69C00591971 /* ApplicationSmallCell.h */,
				FF7E2A36196FC69C00591971 /* ApplicationSmallCell.m */,
				FF7E2A40196FE0C300591971 /* ApplicationSmallCell.xib */,
			);
			name = Views;
			sourceTree = "<group>";
		};
		FF7E2A2E196FC24A00591971 /* View Controllers */ = {
			isa = PBXGroup;
			children = (
				FFB301CE196F8344001FE814 /* LoadingViewController.h */,
				FFB301CF196F8344001FE814 /* LoadingViewController.m */,
				FF7E2A32196FC58600591971 /* WelcomeScreenViewController.h */,
				FF7E2A33196FC58600591971 /* WelcomeScreenViewController.m */,
			);
			name = "View Controllers";
			sourceTree = "<group>";
		};
		FF7E2A38196FC81A00591971 /* Models */ = {
			isa = PBXGroup;
			children = (
				FF7E2A39196FC83D00591971 /* MDMApplication.h */,
				FF7E2A3A196FC83D00591971 /* MDMApplication.m */,
			);
			name = Models;
			sourceTree = "<group>";
		};
		FF7E2A42196FE46700591971 /* Images */ = {
			isa = PBXGroup;
			children = (
				FF7E2A43196FE46700591971 /* application.png */,
			);
			path = Images;
			sourceTree = "<group>";
		};
		FFB301AA196F8344001FE814 = {
			isa = PBXGroup;
			children = (
				FFB301EE196F8395001FE814 /* CordovaLib.xcodeproj */,
				FF7E29D2196FB25300591971 /* Lib */,
				FFB301BC196F8344001FE814 /* MDMShim */,
				FFB301DE196F8345001FE814 /* MDMShimTests */,
				FFB301B5196F8344001FE814 /* Frameworks */,
				FFB301B4196F8344001FE814 /* Products */,
			);
			sourceTree = "<group>";
		};
		FFB301B4196F8344001FE814 /* Products */ = {
			isa = PBXGroup;
			children = (
				FFB301B3196F8344001FE814 /* MDMShim.app */,
				FFB301D7196F8344001FE814 /* MDMShimTests.xctest */,
			);
			name = Products;
			sourceTree = "<group>";
		};
		FFB301B5196F8344001FE814 /* Frameworks */ = {
			isa = PBXGroup;
			children = (
				FFB30248196F8613001FE814 /* libz.dylib */,
				FFB301B6196F8344001FE814 /* Foundation.framework */,
				FFB301B8196F8344001FE814 /* CoreGraphics.framework */,
				FFB301BA196F8344001FE814 /* UIKit.framework */,
				FFB301D8196F8344001FE814 /* XCTest.framework */,
			);
			name = Frameworks;
			sourceTree = "<group>";
		};
		FFB301BC196F8344001FE814 /* MDMShim */ = {
			isa = PBXGroup;
			children = (
				FFB301C5196F8344001FE814 /* AppDelegate.h */,
				FFB301C6196F8344001FE814 /* AppDelegate.m */,
				FFB301C8196F8344001FE814 /* Main_iPhone.storyboard */,
				FFB301CB196F8344001FE814 /* Main_iPad.storyboard */,
				FF7E2A38196FC81A00591971 /* Models */,
				FF7E2A2E196FC24A00591971 /* View Controllers */,
				FF7E2A2D196FC0E300591971 /* Views */,
				FF7E2A1D196FB2AE00591971 /* Utils */,
				FF7E2A42196FE46700591971 /* Images */,
				FFB301D1196F8344001FE814 /* Images.xcassets */,
				FFB301BD196F8344001FE814 /* Supporting Files */,
			);
			path = MDMShim;
			sourceTree = "<group>";
		};
		FFB301BD196F8344001FE814 /* Supporting Files */ = {
			isa = PBXGroup;
			children = (
				FFB301BE196F8344001FE814 /* MDMShim-Info.plist */,
				FFB301BF196F8344001FE814 /* InfoPlist.strings */,
				FFB301C2196F8344001FE814 /* main.m */,
				FFB301C4196F8344001FE814 /* MDMShim-Prefix.pch */,
			);
			name = "Supporting Files";
			sourceTree = "<group>";
		};
		FFB301DE196F8345001FE814 /* MDMShimTests */ = {
			isa = PBXGroup;
			children = (
				FFB301E4196F8345001FE814 /* MDMShimTests.m */,
				FFB301DF196F8345001FE814 /* Supporting Files */,
			);
			path = MDMShimTests;
			sourceTree = "<group>";
		};
		FFB301DF196F8345001FE814 /* Supporting Files */ = {
			isa = PBXGroup;
			children = (
				FFB301E0196F8345001FE814 /* MDMShimTests-Info.plist */,
				FFB301E1196F8345001FE814 /* InfoPlist.strings */,
			);
			name = "Supporting Files";
			sourceTree = "<group>";
		};
		FFB301EF196F8395001FE814 /* Products */ = {
			isa = PBXGroup;
			children = (
				FFB301F3196F8395001FE814 /* libCordova.a */,
			);
			name = Products;
			sourceTree = "<group>";
		};
/* End PBXGroup section */

/* Begin PBXNativeTarget section */
		FFB301B2196F8344001FE814 /* MDMShim */ = {
			isa = PBXNativeTarget;
			buildConfigurationList = FFB301E8196F8345001FE814 /* Build configuration list for PBXNativeTarget "MDMShim" */;
			buildPhases = (
				FFB301AF196F8344001FE814 /* Sources */,
				FFB301B0196F8344001FE814 /* Frameworks */,
				FFB301B1196F8344001FE814 /* Resources */,
			);
			buildRules = (
			);
			dependencies = (
			);
			name = MDMShim;
			productName = MDMShim;
			productReference = FFB301B3196F8344001FE814 /* MDMShim.app */;
			productType = "com.apple.product-type.application";
		};
		FFB301D6196F8344001FE814 /* MDMShimTests */ = {
			isa = PBXNativeTarget;
			buildConfigurationList = FFB301EB196F8345001FE814 /* Build configuration list for PBXNativeTarget "MDMShimTests" */;
			buildPhases = (
				FFB301D3196F8344001FE814 /* Sources */,
				FFB301D4196F8344001FE814 /* Frameworks */,
				FFB301D5196F8344001FE814 /* Resources */,
			);
			buildRules = (
			);
			dependencies = (
				FFB301DD196F8345001FE814 /* PBXTargetDependency */,
			);
			name = MDMShimTests;
			productName = MDMShimTests;
			productReference = FFB301D7196F8344001FE814 /* MDMShimTests.xctest */;
			productType = "com.apple.product-type.bundle.unit-test";
		};
/* End PBXNativeTarget section */

/* Begin PBXProject section */
		FFB301AB196F8344001FE814 /* Project object */ = {
			isa = PBXProject;
			attributes = {
				LastUpgradeCheck = 0510;
				ORGANIZATIONNAME = "Morgan Stanley";
				TargetAttributes = {
					FFB301B2196F8344001FE814 = {
						DevelopmentTeam = CK4Z27N5V8;
					};
					FFB301D6196F8344001FE814 = {
						TestTargetID = FFB301B2196F8344001FE814;
					};
				};
			};
			buildConfigurationList = FFB301AE196F8344001FE814 /* Build configuration list for PBXProject "MDMShim" */;
			compatibilityVersion = "Xcode 3.2";
			developmentRegion = English;
			hasScannedForEncodings = 0;
			knownRegions = (
				en,
				Base,
			);
			mainGroup = FFB301AA196F8344001FE814;
			productRefGroup = FFB301B4196F8344001FE814 /* Products */;
			projectDirPath = "";
			projectReferences = (
				{
					ProductGroup = FFB301EF196F8395001FE814 /* Products */;
					ProjectRef = FFB301EE196F8395001FE814 /* CordovaLib.xcodeproj */;
				},
			);
			projectRoot = "";
			targets = (
				FFB301B2196F8344001FE814 /* MDMShim */,
				FFB301D6196F8344001FE814 /* MDMShimTests */,
			);
		};
/* End PBXProject section */

/* Begin PBXReferenceProxy section */
		FFB301F3196F8395001FE814 /* libCordova.a */ = {
			isa = PBXReferenceProxy;
			fileType = archive.ar;
			path = libCordova.a;
			remoteRef = FFB301F2196F8395001FE814 /* PBXContainerItemProxy */;
			sourceTree = BUILT_PRODUCTS_DIR;
		};
/* End PBXReferenceProxy section */

/* Begin PBXResourcesBuildPhase section */
		FFB301B1196F8344001FE814 /* Resources */ = {
			isa = PBXResourcesBuildPhase;
			buildActionMask = 2147483647;
			files = (
				FFB301CD196F8344001FE814 /* Main_iPad.storyboard in Resources */,
				FFB301D2196F8344001FE814 /* Images.xcassets in Resources */,
				FF7E2A44196FE46700591971 /* application.png in Resources */,
				FFB301CA196F8344001FE814 /* Main_iPhone.storyboard in Resources */,
				FF7E2A41196FE0C300591971 /* ApplicationSmallCell.xib in Resources */,
				FFB301C1196F8344001FE814 /* InfoPlist.strings in Resources */,
			);
			runOnlyForDeploymentPostprocessing = 0;
		};
		FFB301D5196F8344001FE814 /* Resources */ = {
			isa = PBXResourcesBuildPhase;
			buildActionMask = 2147483647;
			files = (
				FFB301E3196F8345001FE814 /* InfoPlist.strings in Resources */,
			);
			runOnlyForDeploymentPostprocessing = 0;
		};
/* End PBXResourcesBuildPhase section */

/* Begin PBXSourcesBuildPhase section */
		FFB301AF196F8344001FE814 /* Sources */ = {
			isa = PBXSourcesBuildPhase;
			buildActionMask = 2147483647;
			files = (
				FF7E2A11196FB25300591971 /* JSONModelError.m in Sources */,
				FF7E2A12196FB25300591971 /* NSArray+JSONModel.m in Sources */,
				FF7E2A19196FB25300591971 /* mztools.c in Sources */,
				FF7E2A34196FC58600591971 /* WelcomeScreenViewController.m in Sources */,
				FF7E2A1B196FB25300591971 /* zip.c in Sources */,
				FF7E2A1C196FB25300591971 /* SSZipArchive.m in Sources */,
				FF7E2A26196FB56500591971 /* MSPasteboardSharedLogger.m in Sources */,
				FF7E2A10196FB25300591971 /* JSONModelClassProperty.m in Sources */,
				FF7E2A0D196FB25300591971 /* JSONModel+CoreData.m in Sources */,
				FFB301D0196F8344001FE814 /* LoadingViewController.m in Sources */,
				FF7E2A16196FB25300591971 /* JSONKeyMapper.m in Sources */,
				FF7E2A37196FC69C00591971 /* ApplicationSmallCell.m in Sources */,
				FF7E2A2C196FC0DF00591971 /* MSCycleProgressView.m in Sources */,
				FF7E2A3B196FC83D00591971 /* MDMApplication.m in Sources */,
				FFB301C7196F8344001FE814 /* AppDelegate.m in Sources */,
				FF7E2A0F196FB25300591971 /* JSONModelArray.m in Sources */,
				FF7E2A15196FB25300591971 /* JSONModel+networking.m in Sources */,
				FF7E2A18196FB25300591971 /* ioapi.c in Sources */,
				FF7E2A1A196FB25300591971 /* unzip.c in Sources */,
				FFB301C3196F8344001FE814 /* main.m in Sources */,
				FF7E2A13196FB25300591971 /* JSONAPI.m in Sources */,
				FF7E2A17196FB25300591971 /* JSONValueTransformer.m in Sources */,
				FF7E2A14196FB25300591971 /* JSONHTTPClient.m in Sources */,
				FF7E2A0E196FB25300591971 /* JSONModel.m in Sources */,
			);
			runOnlyForDeploymentPostprocessing = 0;
		};
		FFB301D3196F8344001FE814 /* Sources */ = {
			isa = PBXSourcesBuildPhase;
			buildActionMask = 2147483647;
			files = (
				FFB301E5196F8345001FE814 /* MDMShimTests.m in Sources */,
			);
			runOnlyForDeploymentPostprocessing = 0;
		};
/* End PBXSourcesBuildPhase section */

/* Begin PBXTargetDependency section */
		FFB301DD196F8345001FE814 /* PBXTargetDependency */ = {
			isa = PBXTargetDependency;
			target = FFB301B2196F8344001FE814 /* MDMShim */;
			targetProxy = FFB301DC196F8345001FE814 /* PBXContainerItemProxy */;
		};
/* End PBXTargetDependency section */

/* Begin PBXVariantGroup section */
		FFB301BF196F8344001FE814 /* InfoPlist.strings */ = {
			isa = PBXVariantGroup;
			children = (
				FFB301C0196F8344001FE814 /* en */,
			);
			name = InfoPlist.strings;
			sourceTree = "<group>";
		};
		FFB301C8196F8344001FE814 /* Main_iPhone.storyboard */ = {
			isa = PBXVariantGroup;
			children = (
				FFB301C9196F8344001FE814 /* Base */,
			);
			name = Main_iPhone.storyboard;
			sourceTree = "<group>";
		};
		FFB301CB196F8344001FE814 /* Main_iPad.storyboard */ = {
			isa = PBXVariantGroup;
			children = (
				FFB301CC196F8344001FE814 /* Base */,
			);
			name = Main_iPad.storyboard;
			sourceTree = "<group>";
		};
		FFB301E1196F8345001FE814 /* InfoPlist.strings */ = {
			isa = PBXVariantGroup;
			children = (
				FFB301E2196F8345001FE814 /* en */,
			);
			name = InfoPlist.strings;
			sourceTree = "<group>";
		};
/* End PBXVariantGroup section */

/* Begin XCBuildConfiguration section */
		FFB301E6196F8345001FE814 /* Debug */ = {
			isa = XCBuildConfiguration;
			buildSettings = {
				ALWAYS_SEARCH_USER_PATHS = NO;
				CLANG_CXX_LANGUAGE_STANDARD = "gnu++0x";
				CLANG_CXX_LIBRARY = "libc++";
				CLANG_ENABLE_MODULES = YES;
				CLANG_ENABLE_OBJC_ARC = YES;
				CLANG_WARN_BOOL_CONVERSION = YES;
				CLANG_WARN_CONSTANT_CONVERSION = YES;
				CLANG_WARN_DIRECT_OBJC_ISA_USAGE = YES_ERROR;
				CLANG_WARN_EMPTY_BODY = YES;
				CLANG_WARN_ENUM_CONVERSION = YES;
				CLANG_WARN_INT_CONVERSION = YES;
				CLANG_WARN_OBJC_ROOT_CLASS = YES_ERROR;
				CLANG_WARN__DUPLICATE_METHOD_MATCH = YES;
				CODE_SIGN_IDENTITY = "iPhone Developer: Yangyi Fei (2Z3FA82627)";
				"CODE_SIGN_IDENTITY[sdk=iphoneos*]" = "iPhone Developer: Yangyi Fei (2Z3FA82627)";
				COPY_PHASE_STRIP = NO;
				GCC_C_LANGUAGE_STANDARD = gnu99;
				GCC_DYNAMIC_NO_PIC = NO;
				GCC_OPTIMIZATION_LEVEL = 0;
				GCC_PREPROCESSOR_DEFINITIONS = (
					"DEBUG=1",
					"$(inherited)",
				);
				GCC_SYMBOLS_PRIVATE_EXTERN = NO;
				GCC_WARN_64_TO_32_BIT_CONVERSION = YES;
				GCC_WARN_ABOUT_RETURN_TYPE = YES_ERROR;
				GCC_WARN_UNDECLARED_SELECTOR = YES;
				GCC_WARN_UNINITIALIZED_AUTOS = YES_AGGRESSIVE;
				GCC_WARN_UNUSED_FUNCTION = YES;
				GCC_WARN_UNUSED_VARIABLE = YES;
				IPHONEOS_DEPLOYMENT_TARGET = 7.1;
				ONLY_ACTIVE_ARCH = NO;
				SDKROOT = iphoneos;
				TARGETED_DEVICE_FAMILY = "1,2";
			};
			name = Debug;
		};
		FFB301E7196F8345001FE814 /* Release */ = {
			isa = XCBuildConfiguration;
			buildSettings = {
				ALWAYS_SEARCH_USER_PATHS = NO;
				CLANG_CXX_LANGUAGE_STANDARD = "gnu++0x";
				CLANG_CXX_LIBRARY = "libc++";
				CLANG_ENABLE_MODULES = YES;
				CLANG_ENABLE_OBJC_ARC = YES;
				CLANG_WARN_BOOL_CONVERSION = YES;
				CLANG_WARN_CONSTANT_CONVERSION = YES;
				CLANG_WARN_DIRECT_OBJC_ISA_USAGE = YES_ERROR;
				CLANG_WARN_EMPTY_BODY = YES;
				CLANG_WARN_ENUM_CONVERSION = YES;
				CLANG_WARN_INT_CONVERSION = YES;
				CLANG_WARN_OBJC_ROOT_CLASS = YES_ERROR;
				CLANG_WARN__DUPLICATE_METHOD_MATCH = YES;
				CODE_SIGN_IDENTITY = "iPhone Developer: Yangyi Fei (2Z3FA82627)";
				"CODE_SIGN_IDENTITY[sdk=iphoneos*]" = "iPhone Developer: Yangyi Fei (2Z3FA82627)";
				COPY_PHASE_STRIP = YES;
				ENABLE_NS_ASSERTIONS = NO;
				GCC_C_LANGUAGE_STANDARD = gnu99;
				GCC_WARN_64_TO_32_BIT_CONVERSION = YES;
				GCC_WARN_ABOUT_RETURN_TYPE = YES_ERROR;
				GCC_WARN_UNDECLARED_SELECTOR = YES;
				GCC_WARN_UNINITIALIZED_AUTOS = YES_AGGRESSIVE;
				GCC_WARN_UNUSED_FUNCTION = YES;
				GCC_WARN_UNUSED_VARIABLE = YES;
				IPHONEOS_DEPLOYMENT_TARGET = 7.1;
				SDKROOT = iphoneos;
				TARGETED_DEVICE_FAMILY = "1,2";
				VALIDATE_PRODUCT = YES;
			};
			name = Release;
		};
		FFB301E9196F8345001FE814 /* Debug */ = {
			isa = XCBuildConfiguration;
			buildSettings = {
				ASSETCATALOG_COMPILER_APPICON_NAME = AppIcon;
				ASSETCATALOG_COMPILER_LAUNCHIMAGE_NAME = LaunchImage;
				CODE_SIGN_IDENTITY = "iPhone Developer: Yangyi Fei (2Z3FA82627)";
				"CODE_SIGN_IDENTITY[sdk=iphoneos*]" = "iPhone Developer: Yangyi Fei (2Z3FA82627)";
				GCC_PRECOMPILE_PREFIX_HEADER = YES;
				GCC_PREFIX_HEADER = "MDMShim/MDMShim-Prefix.pch";
				INFOPLIST_FILE = "MDMShim/MDMShim-Info.plist";
				LIBRARY_SEARCH_PATHS = (
					"$(inherited)",
					"$(PROJECT_DIR)/MDMShim/Lib/AppConnect",
					"$(PROJECT_DIR)/Lib/AppConnect",
				);
				PRODUCT_NAME = "$(TARGET_NAME)";
				PROVISIONING_PROFILE = "A51AC6DC-03D3-4618-B74C-D1CC246FE340";
				VALID_ARCHS = armv7;
				WRAPPER_EXTENSION = app;
			};
			name = Debug;
		};
		FFB301EA196F8345001FE814 /* Release */ = {
			isa = XCBuildConfiguration;
			buildSettings = {
				ASSETCATALOG_COMPILER_APPICON_NAME = AppIcon;
				ASSETCATALOG_COMPILER_LAUNCHIMAGE_NAME = LaunchImage;
				CODE_SIGN_IDENTITY = "iPhone Developer: Yangyi Fei (2Z3FA82627)";
				"CODE_SIGN_IDENTITY[sdk=iphoneos*]" = "iPhone Developer: Yangyi Fei (2Z3FA82627)";
				GCC_PRECOMPILE_PREFIX_HEADER = YES;
				GCC_PREFIX_HEADER = "MDMShim/MDMShim-Prefix.pch";
				INFOPLIST_FILE = "MDMShim/MDMShim-Info.plist";
				LIBRARY_SEARCH_PATHS = (
					"$(inherited)",
					"$(PROJECT_DIR)/MDMShim/Lib/AppConnect",
					"$(PROJECT_DIR)/Lib/AppConnect",
				);
				PRODUCT_NAME = "$(TARGET_NAME)";
				PROVISIONING_PROFILE = "A51AC6DC-03D3-4618-B74C-D1CC246FE340";
				VALID_ARCHS = armv7;
				WRAPPER_EXTENSION = app;
			};
			name = Release;
		};
		FFB301EC196F8345001FE814 /* Debug */ = {
			isa = XCBuildConfiguration;
			buildSettings = {
				BUNDLE_LOADER = "$(BUILT_PRODUCTS_DIR)/MDMShim.app/MDMShim";
				FRAMEWORK_SEARCH_PATHS = (
					"$(SDKROOT)/Developer/Library/Frameworks",
					"$(inherited)",
					"$(DEVELOPER_FRAMEWORKS_DIR)",
				);
				GCC_PRECOMPILE_PREFIX_HEADER = YES;
				GCC_PREFIX_HEADER = "MDMShim/MDMShim-Prefix.pch";
				GCC_PREPROCESSOR_DEFINITIONS = (
					"DEBUG=1",
					"$(inherited)",
				);
				HEADER_SEARCH_PATHS = (
					"$(inherited)/**",
					/Applications/Xcode.app/Contents/Developer/Toolchains/XcodeDefault.xctoolchain/usr/include,
				);
				INFOPLIST_FILE = "MDMShimTests/MDMShimTests-Info.plist";
				PRODUCT_NAME = "$(TARGET_NAME)";
				TEST_HOST = "$(BUNDLE_LOADER)";
				WRAPPER_EXTENSION = xctest;
			};
			name = Debug;
		};
		FFB301ED196F8345001FE814 /* Release */ = {
			isa = XCBuildConfiguration;
			buildSettings = {
				BUNDLE_LOADER = "$(BUILT_PRODUCTS_DIR)/MDMShim.app/MDMShim";
				FRAMEWORK_SEARCH_PATHS = (
					"$(SDKROOT)/Developer/Library/Frameworks",
					"$(inherited)",
					"$(DEVELOPER_FRAMEWORKS_DIR)",
				);
				GCC_PRECOMPILE_PREFIX_HEADER = YES;
				GCC_PREFIX_HEADER = "MDMShim/MDMShim-Prefix.pch";
				HEADER_SEARCH_PATHS = (
					"$(inherited)/**",
					/Applications/Xcode.app/Contents/Developer/Toolchains/XcodeDefault.xctoolchain/usr/include,
				);
				INFOPLIST_FILE = "MDMShimTests/MDMShimTests-Info.plist";
				PRODUCT_NAME = "$(TARGET_NAME)";
				TEST_HOST = "$(BUNDLE_LOADER)";
				WRAPPER_EXTENSION = xctest;
			};
			name = Release;
		};
/* End XCBuildConfiguration section */

/* Begin XCConfigurationList section */
		FFB301AE196F8344001FE814 /* Build configuration list for PBXProject "MDMShim" */ = {
			isa = XCConfigurationList;
			buildConfigurations = (
				FFB301E6196F8345001FE814 /* Debug */,
				FFB301E7196F8345001FE814 /* Release */,
			);
			defaultConfigurationIsVisible = 0;
			defaultConfigurationName = Release;
		};
		FFB301E8196F8345001FE814 /* Build configuration list for PBXNativeTarget "MDMShim" */ = {
			isa = XCConfigurationList;
			buildConfigurations = (
				FFB301E9196F8345001FE814 /* Debug */,
				FFB301EA196F8345001FE814 /* Release */,
			);
			defaultConfigurationIsVisible = 0;
			defaultConfigurationName = Release;
		};
		FFB301EB196F8345001FE814 /* Build configuration list for PBXNativeTarget "MDMShimTests" */ = {
			isa = XCConfigurationList;
			buildConfigurations = (
				FFB301EC196F8345001FE814 /* Debug */,
				FFB301ED196F8345001FE814 /* Release */,
			);
			defaultConfigurationIsVisible = 0;
			defaultConfigurationName = Release;
		};
/* End XCConfigurationList section */
	};
	rootObject = FFB301AB196F8344001FE814 /* Project object */;
}
