// !$*UTF8*$!
{
	archiveVersion = 1;
	classes = {
	};
	objectVersion = 46;
	objects = {

/* Begin PBXBuildFile section */
		8052F8ED19767DF3002C2657 /* UIApplication+TouchIdleTimer.m in Sources */ = {isa = PBXBuildFile; fileRef = 8052F8EC19767DF3002C2657 /* UIApplication+TouchIdleTimer.m */; };
		808C04C51977B8BB0077E0D9 /* AuthManager.m in Sources */ = {isa = PBXBuildFile; fileRef = 808C04C41977B8BB0077E0D9 /* AuthManager.m */; };
		808E0FDB197CF81E00F6D31D /* CustomSegue.m in Sources */ = {isa = PBXBuildFile; fileRef = 808E0FD8197CF81E00F6D31D /* CustomSegue.m */; };
		808E0FDC197CF81E00F6D31D /* CustomUnwindSegue.m in Sources */ = {isa = PBXBuildFile; fileRef = 808E0FDA197CF81E00F6D31D /* CustomUnwindSegue.m */; };
		80A3FB491975247900EF5684 /* ALAlertBanner.m in Sources */ = {isa = PBXBuildFile; fileRef = 80A3FB3D1975247900EF5684 /* ALAlertBanner.m */; };
		80A3FB4A1975247900EF5684 /* ALAlertBannerManager.m in Sources */ = {isa = PBXBuildFile; fileRef = 80A3FB3F1975247900EF5684 /* ALAlertBannerManager.m */; };
		80A3FB4B1975247900EF5684 /* bannerAlert.png in Resources */ = {isa = PBXBuildFile; fileRef = 80A3FB411975247900EF5684 /* bannerAlert.png */; };
		80A3FB4C1975247900EF5684 /* bannerAlert@2x.png in Resources */ = {isa = PBXBuildFile; fileRef = 80A3FB421975247900EF5684 /* bannerAlert@2x.png */; };
		80A3FB4D1975247900EF5684 /* bannerFailure.png in Resources */ = {isa = PBXBuildFile; fileRef = 80A3FB431975247900EF5684 /* bannerFailure.png */; };
		80A3FB4E1975247900EF5684 /* bannerFailure@2x.png in Resources */ = {isa = PBXBuildFile; fileRef = 80A3FB441975247900EF5684 /* bannerFailure@2x.png */; };
		80A3FB4F1975247900EF5684 /* bannerNotify.png in Resources */ = {isa = PBXBuildFile; fileRef = 80A3FB451975247900EF5684 /* bannerNotify.png */; };
		80A3FB501975247900EF5684 /* bannerNotify@2x.png in Resources */ = {isa = PBXBuildFile; fileRef = 80A3FB461975247900EF5684 /* bannerNotify@2x.png */; };
		80A3FB511975247900EF5684 /* bannerSuccess.png in Resources */ = {isa = PBXBuildFile; fileRef = 80A3FB471975247900EF5684 /* bannerSuccess.png */; };
		80A3FB521975247900EF5684 /* bannerSuccess@2x.png in Resources */ = {isa = PBXBuildFile; fileRef = 80A3FB481975247900EF5684 /* bannerSuccess@2x.png */; };
		80A3FB58197524AC00EF5684 /* SVProgressHUD.bundle in Resources */ = {isa = PBXBuildFile; fileRef = 80A3FB55197524AC00EF5684 /* SVProgressHUD.bundle */; };
		80A3FB59197524AC00EF5684 /* SVProgressHUD.m in Sources */ = {isa = PBXBuildFile; fileRef = 80A3FB57197524AC00EF5684 /* SVProgressHUD.m */; };
		80A3FB5F1975253D00EF5684 /* ShimNotificationCenter.m in Sources */ = {isa = PBXBuildFile; fileRef = 80A3FB5E1975253D00EF5684 /* ShimNotificationCenter.m */; };
		80A3FC6E1975295A00EF5684 /* www in Resources */ = {isa = PBXBuildFile; fileRef = 80A3FC6D1975295A00EF5684 /* www */; };
		80B6DCEF197E0E9E001D7F6D /* CLIColor.m in Sources */ = {isa = PBXBuildFile; fileRef = 80B6DCD9197E0E9E001D7F6D /* CLIColor.m */; };
		80B6DCF0197E0E9E001D7F6D /* DDAbstractDatabaseLogger.m in Sources */ = {isa = PBXBuildFile; fileRef = 80B6DCDB197E0E9E001D7F6D /* DDAbstractDatabaseLogger.m */; };
		80B6DCF1197E0E9E001D7F6D /* DDASLLogCapture.m in Sources */ = {isa = PBXBuildFile; fileRef = 80B6DCDD197E0E9E001D7F6D /* DDASLLogCapture.m */; };
		80B6DCF2197E0E9E001D7F6D /* DDASLLogger.m in Sources */ = {isa = PBXBuildFile; fileRef = 80B6DCDF197E0E9E001D7F6D /* DDASLLogger.m */; };
		80B6DCF3197E0E9E001D7F6D /* DDFileLogger.m in Sources */ = {isa = PBXBuildFile; fileRef = 80B6DCE1197E0E9E001D7F6D /* DDFileLogger.m */; };
		80B6DCF4197E0E9E001D7F6D /* DDLog.m in Sources */ = {isa = PBXBuildFile; fileRef = 80B6DCE4197E0E9E001D7F6D /* DDLog.m */; };
		80B6DCF5197E0E9E001D7F6D /* DDTTYLogger.m in Sources */ = {isa = PBXBuildFile; fileRef = 80B6DCE6197E0E9E001D7F6D /* DDTTYLogger.m */; };
		80B6DCFD197E4398001D7F6D /* FileLoggingFormatter.m in Sources */ = {isa = PBXBuildFile; fileRef = 80B6DCFC197E4398001D7F6D /* FileLoggingFormatter.m */; };
		80B6DD00197E4E04001D7F6D /* ConsoleLoggingFormatter.m in Sources */ = {isa = PBXBuildFile; fileRef = 80B6DCFF197E4E04001D7F6D /* ConsoleLoggingFormatter.m */; };
		80B6DD04197E54ED001D7F6D /* LogFileManager.m in Sources */ = {isa = PBXBuildFile; fileRef = 80B6DD03197E54ED001D7F6D /* LogFileManager.m */; };
		80B6DD09197E6B0F001D7F6D /* RemoteLogger.m in Sources */ = {isa = PBXBuildFile; fileRef = 80B6DD08197E6B0F001D7F6D /* RemoteLogger.m */; };
		80B6DD0C197E6C63001D7F6D /* RemoteLoggingFormatter.m in Sources */ = {isa = PBXBuildFile; fileRef = 80B6DD0B197E6C63001D7F6D /* RemoteLoggingFormatter.m */; };
		FF7240271970487C002A8A1C /* BaseHybridViewController.m in Sources */ = {isa = PBXBuildFile; fileRef = FF7240261970487C002A8A1C /* BaseHybridViewController.m */; };
		FF724029197049A3002A8A1C /* AssetsLibrary.framework in Frameworks */ = {isa = PBXBuildFile; fileRef = FF724028197049A3002A8A1C /* AssetsLibrary.framework */; };
		FF72402B197049AF002A8A1C /* CoreLocation.framework in Frameworks */ = {isa = PBXBuildFile; fileRef = FF72402A197049AF002A8A1C /* CoreLocation.framework */; };
		FF72402D197049C0002A8A1C /* MobileCoreServices.framework in Frameworks */ = {isa = PBXBuildFile; fileRef = FF72402C197049C0002A8A1C /* MobileCoreServices.framework */; };
		FF72403219704A19002A8A1C /* PassengerAppHybridViewController.m in Sources */ = {isa = PBXBuildFile; fileRef = FF72403119704A19002A8A1C /* PassengerAppHybridViewController.m */; };
		FF72403819704E96002A8A1C /* config.xml in Resources */ = {isa = PBXBuildFile; fileRef = FF72403719704E96002A8A1C /* config.xml */; };
		FF7240611970F8BA002A8A1C /* SpringnyFlowLayout.m in Sources */ = {isa = PBXBuildFile; fileRef = FF7240601970F8BA002A8A1C /* SpringnyFlowLayout.m */; };
		FF72406C1971079F002A8A1C /* menu.png in Resources */ = {isa = PBXBuildFile; fileRef = FF72406A1971079F002A8A1C /* menu.png */; };
		FF72407019711E61002A8A1C /* PopupView.m in Sources */ = {isa = PBXBuildFile; fileRef = FF72406F19711E61002A8A1C /* PopupView.m */; };
		FF724074197124C4002A8A1C /* apps.png in Resources */ = {isa = PBXBuildFile; fileRef = FF724071197124C4002A8A1C /* apps.png */; };
		FF724075197124C4002A8A1C /* home.png in Resources */ = {isa = PBXBuildFile; fileRef = FF724072197124C4002A8A1C /* home.png */; };
		FF724076197124C4002A8A1C /* logout.png in Resources */ = {isa = PBXBuildFile; fileRef = FF724073197124C4002A8A1C /* logout.png */; };
		FF7240AD197195C8002A8A1C /* MKAnnotationView+WebCache.m in Sources */ = {isa = PBXBuildFile; fileRef = FF72408F197195C8002A8A1C /* MKAnnotationView+WebCache.m */; };
		FF7240AE197195C8002A8A1C /* NSData+ImageContentType.m in Sources */ = {isa = PBXBuildFile; fileRef = FF724091197195C8002A8A1C /* NSData+ImageContentType.m */; };
		FF7240AF197195C8002A8A1C /* SDImageCache.m in Sources */ = {isa = PBXBuildFile; fileRef = FF724093197195C8002A8A1C /* SDImageCache.m */; };
		FF7240B0197195C8002A8A1C /* SDWebImageCompat.m in Sources */ = {isa = PBXBuildFile; fileRef = FF724095197195C8002A8A1C /* SDWebImageCompat.m */; };
		FF7240B1197195C8002A8A1C /* SDWebImageDecoder.m in Sources */ = {isa = PBXBuildFile; fileRef = FF724097197195C8002A8A1C /* SDWebImageDecoder.m */; };
		FF7240B2197195C8002A8A1C /* SDWebImageDownloader.m in Sources */ = {isa = PBXBuildFile; fileRef = FF724099197195C8002A8A1C /* SDWebImageDownloader.m */; };
		FF7240B3197195C8002A8A1C /* SDWebImageDownloaderOperation.m in Sources */ = {isa = PBXBuildFile; fileRef = FF72409B197195C8002A8A1C /* SDWebImageDownloaderOperation.m */; };
		FF7240B4197195C8002A8A1C /* SDWebImageManager.m in Sources */ = {isa = PBXBuildFile; fileRef = FF72409D197195C8002A8A1C /* SDWebImageManager.m */; };
		FF7240B5197195C8002A8A1C /* SDWebImagePrefetcher.m in Sources */ = {isa = PBXBuildFile; fileRef = FF7240A0197195C8002A8A1C /* SDWebImagePrefetcher.m */; };
		FF7240B6197195C8002A8A1C /* UIButton+WebCache.m in Sources */ = {isa = PBXBuildFile; fileRef = FF7240A2197195C8002A8A1C /* UIButton+WebCache.m */; };
		FF7240B7197195C8002A8A1C /* UIImage+GIF.m in Sources */ = {isa = PBXBuildFile; fileRef = FF7240A4197195C8002A8A1C /* UIImage+GIF.m */; };
		FF7240B8197195C8002A8A1C /* UIImage+MultiFormat.m in Sources */ = {isa = PBXBuildFile; fileRef = FF7240A6197195C8002A8A1C /* UIImage+MultiFormat.m */; };
		FF7240B9197195C8002A8A1C /* UIImage+WebP.m in Sources */ = {isa = PBXBuildFile; fileRef = FF7240A8197195C8002A8A1C /* UIImage+WebP.m */; };
		FF7240BA197195C8002A8A1C /* UIImageView+HighlightedWebCache.m in Sources */ = {isa = PBXBuildFile; fileRef = FF7240AA197195C8002A8A1C /* UIImageView+HighlightedWebCache.m */; };
		FF7240BB197195C8002A8A1C /* UIImageView+WebCache.m in Sources */ = {isa = PBXBuildFile; fileRef = FF7240AC197195C8002A8A1C /* UIImageView+WebCache.m */; };
		FF7240C1197552AC002A8A1C /* Splashes in Resources */ = {isa = PBXBuildFile; fileRef = FF7240C0197552AC002A8A1C /* Splashes */; };
		FF7E2A0B196FB25300591971 /* libAppConnectLibrary.a in Frameworks */ = {isa = PBXBuildFile; fileRef = FF7E29D8196FB25300591971 /* libAppConnectLibrary.a */; };
		FF7E2A0C196FB25300591971 /* libcrypto.a in Frameworks */ = {isa = PBXBuildFile; fileRef = FF7E29D9196FB25300591971 /* libcrypto.a */; };
		FF7E2A0D196FB25300591971 /* JSONModel+CoreData.m in Sources */ = {isa = PBXBuildFile; fileRef = FF7E29E5196FB25300591971 /* JSONModel+CoreData.m */; };
		FF7E2A0E196FB25300591971 /* JSONModel.m in Sources */ = {isa = PBXBuildFile; fileRef = FF7E29E7196FB25300591971 /* JSONModel.m */; };
		FF7E2A0F196FB25300591971 /* JSONModelArray.m in Sources */ = {isa = PBXBuildFile; fileRef = FF7E29E9196FB25300591971 /* JSONModelArray.m */; };
		FF7E2A10196FB25300591971 /* JSONModelClassProperty.m in Sources */ = {isa = PBXBuildFile; fileRef = FF7E29EB196FB25300591971 /* JSONModelClassProperty.m */; };
		FF7E2A11196FB25300591971 /* JSONModelError.m in Sources */ = {isa = PBXBuildFile; fileRef = FF7E29ED196FB25300591971 /* JSONModelError.m */; };
		FF7E2A12196FB25300591971 /* NSArray+JSONModel.m in Sources */ = {isa = PBXBuildFile; fileRef = FF7E29F0196FB25300591971 /* NSArray+JSONModel.m */; };
		FF7E2A13196FB25300591971 /* JSONAPI.m in Sources */ = {isa = PBXBuildFile; fileRef = FF7E29F4196FB25300591971 /* JSONAPI.m */; };
		FF7E2A14196FB25300591971 /* JSONHTTPClient.m in Sources */ = {isa = PBXBuildFile; fileRef = FF7E29F6196FB25300591971 /* JSONHTTPClient.m */; };
		FF7E2A15196FB25300591971 /* JSONModel+networking.m in Sources */ = {isa = PBXBuildFile; fileRef = FF7E29F8196FB25300591971 /* JSONModel+networking.m */; };
		FF7E2A16196FB25300591971 /* JSONKeyMapper.m in Sources */ = {isa = PBXBuildFile; fileRef = FF7E29FB196FB25300591971 /* JSONKeyMapper.m */; };
		FF7E2A17196FB25300591971 /* JSONValueTransformer.m in Sources */ = {isa = PBXBuildFile; fileRef = FF7E29FD196FB25300591971 /* JSONValueTransformer.m */; };
		FF7E2A18196FB25300591971 /* ioapi.c in Sources */ = {isa = PBXBuildFile; fileRef = FF7E2A01196FB25300591971 /* ioapi.c */; };
		FF7E2A19196FB25300591971 /* mztools.c in Sources */ = {isa = PBXBuildFile; fileRef = FF7E2A03196FB25300591971 /* mztools.c */; };
		FF7E2A1A196FB25300591971 /* unzip.c in Sources */ = {isa = PBXBuildFile; fileRef = FF7E2A05196FB25300591971 /* unzip.c */; };
		FF7E2A1B196FB25300591971 /* zip.c in Sources */ = {isa = PBXBuildFile; fileRef = FF7E2A07196FB25300591971 /* zip.c */; };
		FF7E2A1C196FB25300591971 /* SSZipArchive.m in Sources */ = {isa = PBXBuildFile; fileRef = FF7E2A0A196FB25300591971 /* SSZipArchive.m */; };
		FF7E2A26196FB56500591971 /* MSPasteboardSharedLogger.m in Sources */ = {isa = PBXBuildFile; fileRef = FF7E2A25196FB56500591971 /* MSPasteboardSharedLogger.m */; };
		FF7E2A2C196FC0DF00591971 /* MSCycleProgressView.m in Sources */ = {isa = PBXBuildFile; fileRef = FF7E2A2B196FC0DF00591971 /* MSCycleProgressView.m */; };
		FF7E2A34196FC58600591971 /* WelcomeScreenViewController.m in Sources */ = {isa = PBXBuildFile; fileRef = FF7E2A33196FC58600591971 /* WelcomeScreenViewController.m */; };
		FF7E2A37196FC69C00591971 /* ApplicationSmallCell.m in Sources */ = {isa = PBXBuildFile; fileRef = FF7E2A36196FC69C00591971 /* ApplicationSmallCell.m */; };
		FF7E2A3B196FC83D00591971 /* MDMApplication.m in Sources */ = {isa = PBXBuildFile; fileRef = FF7E2A3A196FC83D00591971 /* MDMApplication.m */; };
		FF7E2A41196FE0C300591971 /* ApplicationSmallCell.xib in Resources */ = {isa = PBXBuildFile; fileRef = FF7E2A40196FE0C300591971 /* ApplicationSmallCell.xib */; };
		FF7E2A44196FE46700591971 /* application.png in Resources */ = {isa = PBXBuildFile; fileRef = FF7E2A43196FE46700591971 /* application.png */; };
		FFB301B7196F8344001FE814 /* Foundation.framework in Frameworks */ = {isa = PBXBuildFile; fileRef = FFB301B6196F8344001FE814 /* Foundation.framework */; };
		FFB301B9196F8344001FE814 /* CoreGraphics.framework in Frameworks */ = {isa = PBXBuildFile; fileRef = FFB301B8196F8344001FE814 /* CoreGraphics.framework */; };
		FFB301BB196F8344001FE814 /* UIKit.framework in Frameworks */ = {isa = PBXBuildFile; fileRef = FFB301BA196F8344001FE814 /* UIKit.framework */; };
		FFB301C1196F8344001FE814 /* InfoPlist.strings in Resources */ = {isa = PBXBuildFile; fileRef = FFB301BF196F8344001FE814 /* InfoPlist.strings */; };
		FFB301C3196F8344001FE814 /* main.m in Sources */ = {isa = PBXBuildFile; fileRef = FFB301C2196F8344001FE814 /* main.m */; };
		FFB301C7196F8344001FE814 /* AppDelegate.m in Sources */ = {isa = PBXBuildFile; fileRef = FFB301C6196F8344001FE814 /* AppDelegate.m */; };
		FFB301CA196F8344001FE814 /* Main_iPhone.storyboard in Resources */ = {isa = PBXBuildFile; fileRef = FFB301C8196F8344001FE814 /* Main_iPhone.storyboard */; };
		FFB301CD196F8344001FE814 /* Main_iPad.storyboard in Resources */ = {isa = PBXBuildFile; fileRef = FFB301CB196F8344001FE814 /* Main_iPad.storyboard */; };
		FFB301D0196F8344001FE814 /* LoadingViewController.m in Sources */ = {isa = PBXBuildFile; fileRef = FFB301CF196F8344001FE814 /* LoadingViewController.m */; };
		FFB301D2196F8344001FE814 /* Images.xcassets in Resources */ = {isa = PBXBuildFile; fileRef = FFB301D1196F8344001FE814 /* Images.xcassets */; };
		FFB301D9196F8344001FE814 /* XCTest.framework in Frameworks */ = {isa = PBXBuildFile; fileRef = FFB301D8196F8344001FE814 /* XCTest.framework */; };
		FFB301DA196F8344001FE814 /* Foundation.framework in Frameworks */ = {isa = PBXBuildFile; fileRef = FFB301B6196F8344001FE814 /* Foundation.framework */; };
		FFB301DB196F8344001FE814 /* UIKit.framework in Frameworks */ = {isa = PBXBuildFile; fileRef = FFB301BA196F8344001FE814 /* UIKit.framework */; };
		FFB301E3196F8345001FE814 /* InfoPlist.strings in Resources */ = {isa = PBXBuildFile; fileRef = FFB301E1196F8345001FE814 /* InfoPlist.strings */; };
		FFB301E5196F8345001FE814 /* MDMShimTests.m in Sources */ = {isa = PBXBuildFile; fileRef = FFB301E4196F8345001FE814 /* MDMShimTests.m */; };
		FFB30243196F84F9001FE814 /* libCordova.a in Frameworks */ = {isa = PBXBuildFile; fileRef = FFB301F3196F8395001FE814 /* libCordova.a */; };
		FFB30249196F8613001FE814 /* libz.dylib in Frameworks */ = {isa = PBXBuildFile; fileRef = FFB30248196F8613001FE814 /* libz.dylib */; };
		FFE68C361975892100E7544D /* CDVLogger.m in Sources */ = {isa = PBXBuildFile; fileRef = FFE68C271975892100E7544D /* CDVLogger.m */; };
		FFE68C371975892100E7544D /* CDVNotification.m in Sources */ = {isa = PBXBuildFile; fileRef = FFE68C2A1975892100E7544D /* CDVNotification.m */; };
		FFE68C381975892100E7544D /* CDVLocation.m in Sources */ = {isa = PBXBuildFile; fileRef = FFE68C2D1975892100E7544D /* CDVLocation.m */; };
		FFE68C391975892100E7544D /* CDVConnection.m in Sources */ = {isa = PBXBuildFile; fileRef = FFE68C301975892100E7544D /* CDVConnection.m */; };
		FFE68C3A1975892100E7544D /* CDVReachability.m in Sources */ = {isa = PBXBuildFile; fileRef = FFE68C321975892100E7544D /* CDVReachability.m */; };
		FFE68C3B1975892100E7544D /* CDVVibration.m in Sources */ = {isa = PBXBuildFile; fileRef = FFE68C351975892100E7544D /* CDVVibration.m */; };
		FFE68C44197589AD00E7544D /* MatrixPortal.m in Sources */ = {isa = PBXBuildFile; fileRef = FFE68C40197589AD00E7544D /* MatrixPortal.m */; };
		FFE68C45197589AD00E7544D /* MatrixPortalApplicationCache.m in Sources */ = {isa = PBXBuildFile; fileRef = FFE68C43197589AD00E7544D /* MatrixPortalApplicationCache.m */; };
/* End PBXBuildFile section */

/* Begin PBXContainerItemProxy section */
		FFB301DC196F8345001FE814 /* PBXContainerItemProxy */ = {
			isa = PBXContainerItemProxy;
			containerPortal = FFB301AB196F8344001FE814 /* Project object */;
			proxyType = 1;
			remoteGlobalIDString = FFB301B2196F8344001FE814;
			remoteInfo = MDMShim;
		};
		FFB301F2196F8395001FE814 /* PBXContainerItemProxy */ = {
			isa = PBXContainerItemProxy;
			containerPortal = FFB301EE196F8395001FE814 /* CordovaLib.xcodeproj */;
			proxyType = 2;
			remoteGlobalIDString = 68A32D7114102E1C006B237C;
			remoteInfo = CordovaLib;
		};
/* End PBXContainerItemProxy section */

/* Begin PBXFileReference section */
		8052F8EB19767DF3002C2657 /* UIApplication+TouchIdleTimer.h */ = {isa = PBXFileReference; fileEncoding = 4; lastKnownFileType = sourcecode.c.h; path = "UIApplication+TouchIdleTimer.h"; sourceTree = "<group>"; };
		8052F8EC19767DF3002C2657 /* UIApplication+TouchIdleTimer.m */ = {isa = PBXFileReference; fileEncoding = 4; lastKnownFileType = sourcecode.c.objc; path = "UIApplication+TouchIdleTimer.m"; sourceTree = "<group>"; };
		808C04C31977B8BB0077E0D9 /* AuthManager.h */ = {isa = PBXFileReference; fileEncoding = 4; lastKnownFileType = sourcecode.c.h; path = AuthManager.h; sourceTree = "<group>"; };
		808C04C41977B8BB0077E0D9 /* AuthManager.m */ = {isa = PBXFileReference; fileEncoding = 4; lastKnownFileType = sourcecode.c.objc; path = AuthManager.m; sourceTree = "<group>"; };
		808E0FD7197CF81E00F6D31D /* CustomSegue.h */ = {isa = PBXFileReference; fileEncoding = 4; lastKnownFileType = sourcecode.c.h; path = CustomSegue.h; sourceTree = "<group>"; };
		808E0FD8197CF81E00F6D31D /* CustomSegue.m */ = {isa = PBXFileReference; fileEncoding = 4; lastKnownFileType = sourcecode.c.objc; path = CustomSegue.m; sourceTree = "<group>"; };
		808E0FD9197CF81E00F6D31D /* CustomUnwindSegue.h */ = {isa = PBXFileReference; fileEncoding = 4; lastKnownFileType = sourcecode.c.h; path = CustomUnwindSegue.h; sourceTree = "<group>"; };
		808E0FDA197CF81E00F6D31D /* CustomUnwindSegue.m */ = {isa = PBXFileReference; fileEncoding = 4; lastKnownFileType = sourcecode.c.objc; path = CustomUnwindSegue.m; sourceTree = "<group>"; };
		80A3FB3B1975247900EF5684 /* ALAlertBanner+Private.h */ = {isa = PBXFileReference; fileEncoding = 4; lastKnownFileType = sourcecode.c.h; path = "ALAlertBanner+Private.h"; sourceTree = "<group>"; };
		80A3FB3C1975247900EF5684 /* ALAlertBanner.h */ = {isa = PBXFileReference; fileEncoding = 4; lastKnownFileType = sourcecode.c.h; path = ALAlertBanner.h; sourceTree = "<group>"; };
		80A3FB3D1975247900EF5684 /* ALAlertBanner.m */ = {isa = PBXFileReference; fileEncoding = 4; lastKnownFileType = sourcecode.c.objc; path = ALAlertBanner.m; sourceTree = "<group>"; };
		80A3FB3E1975247900EF5684 /* ALAlertBannerManager.h */ = {isa = PBXFileReference; fileEncoding = 4; lastKnownFileType = sourcecode.c.h; path = ALAlertBannerManager.h; sourceTree = "<group>"; };
		80A3FB3F1975247900EF5684 /* ALAlertBannerManager.m */ = {isa = PBXFileReference; fileEncoding = 4; lastKnownFileType = sourcecode.c.objc; path = ALAlertBannerManager.m; sourceTree = "<group>"; };
		80A3FB411975247900EF5684 /* bannerAlert.png */ = {isa = PBXFileReference; lastKnownFileType = image.png; path = bannerAlert.png; sourceTree = "<group>"; };
		80A3FB421975247900EF5684 /* bannerAlert@2x.png */ = {isa = PBXFileReference; lastKnownFileType = image.png; path = "bannerAlert@2x.png"; sourceTree = "<group>"; };
		80A3FB431975247900EF5684 /* bannerFailure.png */ = {isa = PBXFileReference; lastKnownFileType = image.png; path = bannerFailure.png; sourceTree = "<group>"; };
		80A3FB441975247900EF5684 /* bannerFailure@2x.png */ = {isa = PBXFileReference; lastKnownFileType = image.png; path = "bannerFailure@2x.png"; sourceTree = "<group>"; };
		80A3FB451975247900EF5684 /* bannerNotify.png */ = {isa = PBXFileReference; lastKnownFileType = image.png; path = bannerNotify.png; sourceTree = "<group>"; };
		80A3FB461975247900EF5684 /* bannerNotify@2x.png */ = {isa = PBXFileReference; lastKnownFileType = image.png; path = "bannerNotify@2x.png"; sourceTree = "<group>"; };
		80A3FB471975247900EF5684 /* bannerSuccess.png */ = {isa = PBXFileReference; lastKnownFileType = image.png; path = bannerSuccess.png; sourceTree = "<group>"; };
		80A3FB481975247900EF5684 /* bannerSuccess@2x.png */ = {isa = PBXFileReference; lastKnownFileType = image.png; path = "bannerSuccess@2x.png"; sourceTree = "<group>"; };
		80A3FB55197524AC00EF5684 /* SVProgressHUD.bundle */ = {isa = PBXFileReference; lastKnownFileType = "wrapper.plug-in"; path = SVProgressHUD.bundle; sourceTree = "<group>"; };
		80A3FB56197524AC00EF5684 /* SVProgressHUD.h */ = {isa = PBXFileReference; fileEncoding = 4; lastKnownFileType = sourcecode.c.h; path = SVProgressHUD.h; sourceTree = "<group>"; };
		80A3FB57197524AC00EF5684 /* SVProgressHUD.m */ = {isa = PBXFileReference; fileEncoding = 4; lastKnownFileType = sourcecode.c.objc; path = SVProgressHUD.m; sourceTree = "<group>"; };
		80A3FB5D1975253D00EF5684 /* ShimNotificationCenter.h */ = {isa = PBXFileReference; fileEncoding = 4; lastKnownFileType = sourcecode.c.h; path = ShimNotificationCenter.h; sourceTree = "<group>"; };
		80A3FB5E1975253D00EF5684 /* ShimNotificationCenter.m */ = {isa = PBXFileReference; fileEncoding = 4; lastKnownFileType = sourcecode.c.objc; path = ShimNotificationCenter.m; sourceTree = "<group>"; };
		80A3FC6D1975295A00EF5684 /* www */ = {isa = PBXFileReference; lastKnownFileType = folder; name = www; path = MDMShim/www; sourceTree = "<group>"; };
		80B6DCD8197E0E9E001D7F6D /* CLIColor.h */ = {isa = PBXFileReference; fileEncoding = 4; lastKnownFileType = sourcecode.c.h; path = CLIColor.h; sourceTree = "<group>"; };
		80B6DCD9197E0E9E001D7F6D /* CLIColor.m */ = {isa = PBXFileReference; fileEncoding = 4; lastKnownFileType = sourcecode.c.objc; path = CLIColor.m; sourceTree = "<group>"; };
		80B6DCDA197E0E9E001D7F6D /* DDAbstractDatabaseLogger.h */ = {isa = PBXFileReference; fileEncoding = 4; lastKnownFileType = sourcecode.c.h; path = DDAbstractDatabaseLogger.h; sourceTree = "<group>"; };
		80B6DCDB197E0E9E001D7F6D /* DDAbstractDatabaseLogger.m */ = {isa = PBXFileReference; fileEncoding = 4; lastKnownFileType = sourcecode.c.objc; path = DDAbstractDatabaseLogger.m; sourceTree = "<group>"; };
		80B6DCDC197E0E9E001D7F6D /* DDASLLogCapture.h */ = {isa = PBXFileReference; fileEncoding = 4; lastKnownFileType = sourcecode.c.h; path = DDASLLogCapture.h; sourceTree = "<group>"; };
		80B6DCDD197E0E9E001D7F6D /* DDASLLogCapture.m */ = {isa = PBXFileReference; fileEncoding = 4; lastKnownFileType = sourcecode.c.objc; path = DDASLLogCapture.m; sourceTree = "<group>"; };
		80B6DCDE197E0E9E001D7F6D /* DDASLLogger.h */ = {isa = PBXFileReference; fileEncoding = 4; lastKnownFileType = sourcecode.c.h; path = DDASLLogger.h; sourceTree = "<group>"; };
		80B6DCDF197E0E9E001D7F6D /* DDASLLogger.m */ = {isa = PBXFileReference; fileEncoding = 4; lastKnownFileType = sourcecode.c.objc; path = DDASLLogger.m; sourceTree = "<group>"; };
		80B6DCE0197E0E9E001D7F6D /* DDFileLogger.h */ = {isa = PBXFileReference; fileEncoding = 4; lastKnownFileType = sourcecode.c.h; path = DDFileLogger.h; sourceTree = "<group>"; };
		80B6DCE1197E0E9E001D7F6D /* DDFileLogger.m */ = {isa = PBXFileReference; fileEncoding = 4; lastKnownFileType = sourcecode.c.objc; path = DDFileLogger.m; sourceTree = "<group>"; };
		80B6DCE2197E0E9E001D7F6D /* DDLog+LOGV.h */ = {isa = PBXFileReference; fileEncoding = 4; lastKnownFileType = sourcecode.c.h; path = "DDLog+LOGV.h"; sourceTree = "<group>"; };
		80B6DCE3197E0E9E001D7F6D /* DDLog.h */ = {isa = PBXFileReference; fileEncoding = 4; lastKnownFileType = sourcecode.c.h; path = DDLog.h; sourceTree = "<group>"; };
		80B6DCE4197E0E9E001D7F6D /* DDLog.m */ = {isa = PBXFileReference; fileEncoding = 4; lastKnownFileType = sourcecode.c.objc; path = DDLog.m; sourceTree = "<group>"; };
		80B6DCE5197E0E9E001D7F6D /* DDTTYLogger.h */ = {isa = PBXFileReference; fileEncoding = 4; lastKnownFileType = sourcecode.c.h; path = DDTTYLogger.h; sourceTree = "<group>"; };
		80B6DCE6197E0E9E001D7F6D /* DDTTYLogger.m */ = {isa = PBXFileReference; fileEncoding = 4; lastKnownFileType = sourcecode.c.objc; path = DDTTYLogger.m; sourceTree = "<group>"; };
		80B6DCFB197E4398001D7F6D /* FileLoggingFormatter.h */ = {isa = PBXFileReference; fileEncoding = 4; lastKnownFileType = sourcecode.c.h; name = FileLoggingFormatter.h; path = Formatters/FileLoggingFormatter.h; sourceTree = "<group>"; };
		80B6DCFC197E4398001D7F6D /* FileLoggingFormatter.m */ = {isa = PBXFileReference; fileEncoding = 4; lastKnownFileType = sourcecode.c.objc; name = FileLoggingFormatter.m; path = Formatters/FileLoggingFormatter.m; sourceTree = "<group>"; };
		80B6DCFE197E4E04001D7F6D /* ConsoleLoggingFormatter.h */ = {isa = PBXFileReference; fileEncoding = 4; lastKnownFileType = sourcecode.c.h; name = ConsoleLoggingFormatter.h; path = Formatters/ConsoleLoggingFormatter.h; sourceTree = "<group>"; };
		80B6DCFF197E4E04001D7F6D /* ConsoleLoggingFormatter.m */ = {isa = PBXFileReference; fileEncoding = 4; lastKnownFileType = sourcecode.c.objc; name = ConsoleLoggingFormatter.m; path = Formatters/ConsoleLoggingFormatter.m; sourceTree = "<group>"; };
		80B6DD02197E54ED001D7F6D /* LogFileManager.h */ = {isa = PBXFileReference; fileEncoding = 4; lastKnownFileType = sourcecode.c.h; path = LogFileManager.h; sourceTree = "<group>"; };
		80B6DD03197E54ED001D7F6D /* LogFileManager.m */ = {isa = PBXFileReference; fileEncoding = 4; lastKnownFileType = sourcecode.c.objc; path = LogFileManager.m; sourceTree = "<group>"; };
		80B6DD07197E6B0F001D7F6D /* RemoteLogger.h */ = {isa = PBXFileReference; fileEncoding = 4; lastKnownFileType = sourcecode.c.h; path = RemoteLogger.h; sourceTree = "<group>"; };
		80B6DD08197E6B0F001D7F6D /* RemoteLogger.m */ = {isa = PBXFileReference; fileEncoding = 4; lastKnownFileType = sourcecode.c.objc; path = RemoteLogger.m; sourceTree = "<group>"; };
		80B6DD0A197E6C63001D7F6D /* RemoteLoggingFormatter.h */ = {isa = PBXFileReference; fileEncoding = 4; lastKnownFileType = sourcecode.c.h; name = RemoteLoggingFormatter.h; path = Formatters/RemoteLoggingFormatter.h; sourceTree = "<group>"; };
		80B6DD0B197E6C63001D7F6D /* RemoteLoggingFormatter.m */ = {isa = PBXFileReference; fileEncoding = 4; lastKnownFileType = sourcecode.c.objc; name = RemoteLoggingFormatter.m; path = Formatters/RemoteLoggingFormatter.m; sourceTree = "<group>"; };
		FF7240251970487C002A8A1C /* BaseHybridViewController.h */ = {isa = PBXFileReference; fileEncoding = 4; lastKnownFileType = sourcecode.c.h; path = BaseHybridViewController.h; sourceTree = "<group>"; };
		FF7240261970487C002A8A1C /* BaseHybridViewController.m */ = {isa = PBXFileReference; fileEncoding = 4; lastKnownFileType = sourcecode.c.objc; path = BaseHybridViewController.m; sourceTree = "<group>"; };
		FF724028197049A3002A8A1C /* AssetsLibrary.framework */ = {isa = PBXFileReference; lastKnownFileType = wrapper.framework; name = AssetsLibrary.framework; path = System/Library/Frameworks/AssetsLibrary.framework; sourceTree = SDKROOT; };
		FF72402A197049AF002A8A1C /* CoreLocation.framework */ = {isa = PBXFileReference; lastKnownFileType = wrapper.framework; name = CoreLocation.framework; path = System/Library/Frameworks/CoreLocation.framework; sourceTree = SDKROOT; };
		FF72402C197049C0002A8A1C /* MobileCoreServices.framework */ = {isa = PBXFileReference; lastKnownFileType = wrapper.framework; name = MobileCoreServices.framework; path = System/Library/Frameworks/MobileCoreServices.framework; sourceTree = SDKROOT; };
		FF72403019704A19002A8A1C /* PassengerAppHybridViewController.h */ = {isa = PBXFileReference; fileEncoding = 4; lastKnownFileType = sourcecode.c.h; path = PassengerAppHybridViewController.h; sourceTree = "<group>"; };
		FF72403119704A19002A8A1C /* PassengerAppHybridViewController.m */ = {isa = PBXFileReference; fileEncoding = 4; lastKnownFileType = sourcecode.c.objc; path = PassengerAppHybridViewController.m; sourceTree = "<group>"; };
		FF72403419704C5A002A8A1C /* SegueIdentifiers.h */ = {isa = PBXFileReference; lastKnownFileType = sourcecode.c.h; path = SegueIdentifiers.h; sourceTree = "<group>"; };
		FF72403519704D0A002A8A1C /* Constants.h */ = {isa = PBXFileReference; lastKnownFileType = sourcecode.c.h; path = Constants.h; sourceTree = "<group>"; };
		FF72403719704E96002A8A1C /* config.xml */ = {isa = PBXFileReference; fileEncoding = 4; lastKnownFileType = text.xml; name = config.xml; path = MDMShim/Resources/config.xml; sourceTree = "<group>"; };
		FF72405F1970F8BA002A8A1C /* SpringnyFlowLayout.h */ = {isa = PBXFileReference; fileEncoding = 4; lastKnownFileType = sourcecode.c.h; path = SpringnyFlowLayout.h; sourceTree = "<group>"; };
		FF7240601970F8BA002A8A1C /* SpringnyFlowLayout.m */ = {isa = PBXFileReference; fileEncoding = 4; lastKnownFileType = sourcecode.c.objc; path = SpringnyFlowLayout.m; sourceTree = "<group>"; };
		FF72406A1971079F002A8A1C /* menu.png */ = {isa = PBXFileReference; lastKnownFileType = image.png; path = menu.png; sourceTree = "<group>"; };
		FF72406E19711E61002A8A1C /* PopupView.h */ = {isa = PBXFileReference; fileEncoding = 4; lastKnownFileType = sourcecode.c.h; path = PopupView.h; sourceTree = "<group>"; };
		FF72406F19711E61002A8A1C /* PopupView.m */ = {isa = PBXFileReference; fileEncoding = 4; lastKnownFileType = sourcecode.c.objc; path = PopupView.m; sourceTree = "<group>"; };
		FF724071197124C4002A8A1C /* apps.png */ = {isa = PBXFileReference; lastKnownFileType = image.png; path = apps.png; sourceTree = "<group>"; };
		FF724072197124C4002A8A1C /* home.png */ = {isa = PBXFileReference; lastKnownFileType = image.png; path = home.png; sourceTree = "<group>"; };
		FF724073197124C4002A8A1C /* logout.png */ = {isa = PBXFileReference; lastKnownFileType = image.png; path = logout.png; sourceTree = "<group>"; };
		FF72407719716214002A8A1C /* MSDesignColors.h */ = {isa = PBXFileReference; lastKnownFileType = sourcecode.c.h; path = MSDesignColors.h; sourceTree = "<group>"; };
		FF72408E197195C8002A8A1C /* MKAnnotationView+WebCache.h */ = {isa = PBXFileReference; fileEncoding = 4; lastKnownFileType = sourcecode.c.h; path = "MKAnnotationView+WebCache.h"; sourceTree = "<group>"; };
		FF72408F197195C8002A8A1C /* MKAnnotationView+WebCache.m */ = {isa = PBXFileReference; fileEncoding = 4; lastKnownFileType = sourcecode.c.objc; path = "MKAnnotationView+WebCache.m"; sourceTree = "<group>"; };
		FF724090197195C8002A8A1C /* NSData+ImageContentType.h */ = {isa = PBXFileReference; fileEncoding = 4; lastKnownFileType = sourcecode.c.h; path = "NSData+ImageContentType.h"; sourceTree = "<group>"; };
		FF724091197195C8002A8A1C /* NSData+ImageContentType.m */ = {isa = PBXFileReference; fileEncoding = 4; lastKnownFileType = sourcecode.c.objc; path = "NSData+ImageContentType.m"; sourceTree = "<group>"; };
		FF724092197195C8002A8A1C /* SDImageCache.h */ = {isa = PBXFileReference; fileEncoding = 4; lastKnownFileType = sourcecode.c.h; path = SDImageCache.h; sourceTree = "<group>"; };
		FF724093197195C8002A8A1C /* SDImageCache.m */ = {isa = PBXFileReference; fileEncoding = 4; lastKnownFileType = sourcecode.c.objc; path = SDImageCache.m; sourceTree = "<group>"; };
		FF724094197195C8002A8A1C /* SDWebImageCompat.h */ = {isa = PBXFileReference; fileEncoding = 4; lastKnownFileType = sourcecode.c.h; path = SDWebImageCompat.h; sourceTree = "<group>"; };
		FF724095197195C8002A8A1C /* SDWebImageCompat.m */ = {isa = PBXFileReference; fileEncoding = 4; lastKnownFileType = sourcecode.c.objc; path = SDWebImageCompat.m; sourceTree = "<group>"; };
		FF724096197195C8002A8A1C /* SDWebImageDecoder.h */ = {isa = PBXFileReference; fileEncoding = 4; lastKnownFileType = sourcecode.c.h; path = SDWebImageDecoder.h; sourceTree = "<group>"; };
		FF724097197195C8002A8A1C /* SDWebImageDecoder.m */ = {isa = PBXFileReference; fileEncoding = 4; lastKnownFileType = sourcecode.c.objc; path = SDWebImageDecoder.m; sourceTree = "<group>"; };
		FF724098197195C8002A8A1C /* SDWebImageDownloader.h */ = {isa = PBXFileReference; fileEncoding = 4; lastKnownFileType = sourcecode.c.h; path = SDWebImageDownloader.h; sourceTree = "<group>"; };
		FF724099197195C8002A8A1C /* SDWebImageDownloader.m */ = {isa = PBXFileReference; fileEncoding = 4; lastKnownFileType = sourcecode.c.objc; path = SDWebImageDownloader.m; sourceTree = "<group>"; };
		FF72409A197195C8002A8A1C /* SDWebImageDownloaderOperation.h */ = {isa = PBXFileReference; fileEncoding = 4; lastKnownFileType = sourcecode.c.h; path = SDWebImageDownloaderOperation.h; sourceTree = "<group>"; };
		FF72409B197195C8002A8A1C /* SDWebImageDownloaderOperation.m */ = {isa = PBXFileReference; fileEncoding = 4; lastKnownFileType = sourcecode.c.objc; path = SDWebImageDownloaderOperation.m; sourceTree = "<group>"; };
		FF72409C197195C8002A8A1C /* SDWebImageManager.h */ = {isa = PBXFileReference; fileEncoding = 4; lastKnownFileType = sourcecode.c.h; path = SDWebImageManager.h; sourceTree = "<group>"; };
		FF72409D197195C8002A8A1C /* SDWebImageManager.m */ = {isa = PBXFileReference; fileEncoding = 4; lastKnownFileType = sourcecode.c.objc; path = SDWebImageManager.m; sourceTree = "<group>"; };
		FF72409E197195C8002A8A1C /* SDWebImageOperation.h */ = {isa = PBXFileReference; fileEncoding = 4; lastKnownFileType = sourcecode.c.h; path = SDWebImageOperation.h; sourceTree = "<group>"; };
		FF72409F197195C8002A8A1C /* SDWebImagePrefetcher.h */ = {isa = PBXFileReference; fileEncoding = 4; lastKnownFileType = sourcecode.c.h; path = SDWebImagePrefetcher.h; sourceTree = "<group>"; };
		FF7240A0197195C8002A8A1C /* SDWebImagePrefetcher.m */ = {isa = PBXFileReference; fileEncoding = 4; lastKnownFileType = sourcecode.c.objc; path = SDWebImagePrefetcher.m; sourceTree = "<group>"; };
		FF7240A1197195C8002A8A1C /* UIButton+WebCache.h */ = {isa = PBXFileReference; fileEncoding = 4; lastKnownFileType = sourcecode.c.h; path = "UIButton+WebCache.h"; sourceTree = "<group>"; };
		FF7240A2197195C8002A8A1C /* UIButton+WebCache.m */ = {isa = PBXFileReference; fileEncoding = 4; lastKnownFileType = sourcecode.c.objc; path = "UIButton+WebCache.m"; sourceTree = "<group>"; };
		FF7240A3197195C8002A8A1C /* UIImage+GIF.h */ = {isa = PBXFileReference; fileEncoding = 4; lastKnownFileType = sourcecode.c.h; path = "UIImage+GIF.h"; sourceTree = "<group>"; };
		FF7240A4197195C8002A8A1C /* UIImage+GIF.m */ = {isa = PBXFileReference; fileEncoding = 4; lastKnownFileType = sourcecode.c.objc; path = "UIImage+GIF.m"; sourceTree = "<group>"; };
		FF7240A5197195C8002A8A1C /* UIImage+MultiFormat.h */ = {isa = PBXFileReference; fileEncoding = 4; lastKnownFileType = sourcecode.c.h; path = "UIImage+MultiFormat.h"; sourceTree = "<group>"; };
		FF7240A6197195C8002A8A1C /* UIImage+MultiFormat.m */ = {isa = PBXFileReference; fileEncoding = 4; lastKnownFileType = sourcecode.c.objc; path = "UIImage+MultiFormat.m"; sourceTree = "<group>"; };
		FF7240A7197195C8002A8A1C /* UIImage+WebP.h */ = {isa = PBXFileReference; fileEncoding = 4; lastKnownFileType = sourcecode.c.h; path = "UIImage+WebP.h"; sourceTree = "<group>"; };
		FF7240A8197195C8002A8A1C /* UIImage+WebP.m */ = {isa = PBXFileReference; fileEncoding = 4; lastKnownFileType = sourcecode.c.objc; path = "UIImage+WebP.m"; sourceTree = "<group>"; };
		FF7240A9197195C8002A8A1C /* UIImageView+HighlightedWebCache.h */ = {isa = PBXFileReference; fileEncoding = 4; lastKnownFileType = sourcecode.c.h; path = "UIImageView+HighlightedWebCache.h"; sourceTree = "<group>"; };
		FF7240AA197195C8002A8A1C /* UIImageView+HighlightedWebCache.m */ = {isa = PBXFileReference; fileEncoding = 4; lastKnownFileType = sourcecode.c.objc; path = "UIImageView+HighlightedWebCache.m"; sourceTree = "<group>"; };
		FF7240AB197195C8002A8A1C /* UIImageView+WebCache.h */ = {isa = PBXFileReference; fileEncoding = 4; lastKnownFileType = sourcecode.c.h; path = "UIImageView+WebCache.h"; sourceTree = "<group>"; };
		FF7240AC197195C8002A8A1C /* UIImageView+WebCache.m */ = {isa = PBXFileReference; fileEncoding = 4; lastKnownFileType = sourcecode.c.objc; path = "UIImageView+WebCache.m"; sourceTree = "<group>"; };
		FF7240C0197552AC002A8A1C /* Splashes */ = {isa = PBXFileReference; lastKnownFileType = folder; path = Splashes; sourceTree = "<group>"; };
		FF7E29D4196FB25300591971 /* ACError.h */ = {isa = PBXFileReference; fileEncoding = 4; lastKnownFileType = sourcecode.c.h; path = ACError.h; sourceTree = "<group>"; };
		FF7E29D5196FB25300591971 /* ACFileHandle.h */ = {isa = PBXFileReference; fileEncoding = 4; lastKnownFileType = sourcecode.c.h; path = ACFileHandle.h; sourceTree = "<group>"; };
		FF7E29D6196FB25300591971 /* ACSecureFile.h */ = {isa = PBXFileReference; fileEncoding = 4; lastKnownFileType = sourcecode.c.h; path = ACSecureFile.h; sourceTree = "<group>"; };
		FF7E29D7196FB25300591971 /* AppConnect.h */ = {isa = PBXFileReference; fileEncoding = 4; lastKnownFileType = sourcecode.c.h; path = AppConnect.h; sourceTree = "<group>"; };
		FF7E29D8196FB25300591971 /* libAppConnectLibrary.a */ = {isa = PBXFileReference; lastKnownFileType = archive.ar; path = libAppConnectLibrary.a; sourceTree = "<group>"; };
		FF7E29D9196FB25300591971 /* libcrypto.a */ = {isa = PBXFileReference; lastKnownFileType = archive.ar; path = libcrypto.a; sourceTree = "<group>"; };
		FF7E29DA196FB25300591971 /* NSArray+ACSecureFile.h */ = {isa = PBXFileReference; fileEncoding = 4; lastKnownFileType = sourcecode.c.h; path = "NSArray+ACSecureFile.h"; sourceTree = "<group>"; };
		FF7E29DB196FB25300591971 /* NSData+ACSecureFile.h */ = {isa = PBXFileReference; fileEncoding = 4; lastKnownFileType = sourcecode.c.h; path = "NSData+ACSecureFile.h"; sourceTree = "<group>"; };
		FF7E29DC196FB25300591971 /* NSDictionary+ACSecureFile.h */ = {isa = PBXFileReference; fileEncoding = 4; lastKnownFileType = sourcecode.c.h; path = "NSDictionary+ACSecureFile.h"; sourceTree = "<group>"; };
		FF7E29DD196FB25300591971 /* NSFileManager+ACSecureFile.h */ = {isa = PBXFileReference; fileEncoding = 4; lastKnownFileType = sourcecode.c.h; path = "NSFileManager+ACSecureFile.h"; sourceTree = "<group>"; };
		FF7E29DE196FB25300591971 /* NSKeyedArchiver+ACSecureFile.h */ = {isa = PBXFileReference; fileEncoding = 4; lastKnownFileType = sourcecode.c.h; path = "NSKeyedArchiver+ACSecureFile.h"; sourceTree = "<group>"; };
		FF7E29DF196FB25300591971 /* NSKeyedUnarchiver+ACSecureFile.h */ = {isa = PBXFileReference; fileEncoding = 4; lastKnownFileType = sourcecode.c.h; path = "NSKeyedUnarchiver+ACSecureFile.h"; sourceTree = "<group>"; };
		FF7E29E0196FB25300591971 /* NSMutableArray+ACSecureFile.h */ = {isa = PBXFileReference; fileEncoding = 4; lastKnownFileType = sourcecode.c.h; path = "NSMutableArray+ACSecureFile.h"; sourceTree = "<group>"; };
		FF7E29E1196FB25300591971 /* NSMutableDictionary+ACSecureFile.h */ = {isa = PBXFileReference; fileEncoding = 4; lastKnownFileType = sourcecode.c.h; path = "NSMutableDictionary+ACSecureFile.h"; sourceTree = "<group>"; };
		FF7E29E4196FB25300591971 /* JSONModel+CoreData.h */ = {isa = PBXFileReference; fileEncoding = 4; lastKnownFileType = sourcecode.c.h; path = "JSONModel+CoreData.h"; sourceTree = "<group>"; };
		FF7E29E5196FB25300591971 /* JSONModel+CoreData.m */ = {isa = PBXFileReference; fileEncoding = 4; lastKnownFileType = sourcecode.c.objc; path = "JSONModel+CoreData.m"; sourceTree = "<group>"; };
		FF7E29E6196FB25300591971 /* JSONModel.h */ = {isa = PBXFileReference; fileEncoding = 4; lastKnownFileType = sourcecode.c.h; path = JSONModel.h; sourceTree = "<group>"; };
		FF7E29E7196FB25300591971 /* JSONModel.m */ = {isa = PBXFileReference; fileEncoding = 4; lastKnownFileType = sourcecode.c.objc; path = JSONModel.m; sourceTree = "<group>"; };
		FF7E29E8196FB25300591971 /* JSONModelArray.h */ = {isa = PBXFileReference; fileEncoding = 4; lastKnownFileType = sourcecode.c.h; path = JSONModelArray.h; sourceTree = "<group>"; };
		FF7E29E9196FB25300591971 /* JSONModelArray.m */ = {isa = PBXFileReference; fileEncoding = 4; lastKnownFileType = sourcecode.c.objc; path = JSONModelArray.m; sourceTree = "<group>"; };
		FF7E29EA196FB25300591971 /* JSONModelClassProperty.h */ = {isa = PBXFileReference; fileEncoding = 4; lastKnownFileType = sourcecode.c.h; path = JSONModelClassProperty.h; sourceTree = "<group>"; };
		FF7E29EB196FB25300591971 /* JSONModelClassProperty.m */ = {isa = PBXFileReference; fileEncoding = 4; lastKnownFileType = sourcecode.c.objc; path = JSONModelClassProperty.m; sourceTree = "<group>"; };
		FF7E29EC196FB25300591971 /* JSONModelError.h */ = {isa = PBXFileReference; fileEncoding = 4; lastKnownFileType = sourcecode.c.h; path = JSONModelError.h; sourceTree = "<group>"; };
		FF7E29ED196FB25300591971 /* JSONModelError.m */ = {isa = PBXFileReference; fileEncoding = 4; lastKnownFileType = sourcecode.c.objc; path = JSONModelError.m; sourceTree = "<group>"; };
		FF7E29EF196FB25300591971 /* NSArray+JSONModel.h */ = {isa = PBXFileReference; fileEncoding = 4; lastKnownFileType = sourcecode.c.h; path = "NSArray+JSONModel.h"; sourceTree = "<group>"; };
		FF7E29F0196FB25300591971 /* NSArray+JSONModel.m */ = {isa = PBXFileReference; fileEncoding = 4; lastKnownFileType = sourcecode.c.objc; path = "NSArray+JSONModel.m"; sourceTree = "<group>"; };
		FF7E29F1196FB25300591971 /* JSONModelLib.h */ = {isa = PBXFileReference; fileEncoding = 4; lastKnownFileType = sourcecode.c.h; path = JSONModelLib.h; sourceTree = "<group>"; };
		FF7E29F3196FB25300591971 /* JSONAPI.h */ = {isa = PBXFileReference; fileEncoding = 4; lastKnownFileType = sourcecode.c.h; path = JSONAPI.h; sourceTree = "<group>"; };
		FF7E29F4196FB25300591971 /* JSONAPI.m */ = {isa = PBXFileReference; fileEncoding = 4; lastKnownFileType = sourcecode.c.objc; path = JSONAPI.m; sourceTree = "<group>"; };
		FF7E29F5196FB25300591971 /* JSONHTTPClient.h */ = {isa = PBXFileReference; fileEncoding = 4; lastKnownFileType = sourcecode.c.h; path = JSONHTTPClient.h; sourceTree = "<group>"; };
		FF7E29F6196FB25300591971 /* JSONHTTPClient.m */ = {isa = PBXFileReference; fileEncoding = 4; lastKnownFileType = sourcecode.c.objc; path = JSONHTTPClient.m; sourceTree = "<group>"; };
		FF7E29F7196FB25300591971 /* JSONModel+networking.h */ = {isa = PBXFileReference; fileEncoding = 4; lastKnownFileType = sourcecode.c.h; path = "JSONModel+networking.h"; sourceTree = "<group>"; };
		FF7E29F8196FB25300591971 /* JSONModel+networking.m */ = {isa = PBXFileReference; fileEncoding = 4; lastKnownFileType = sourcecode.c.objc; path = "JSONModel+networking.m"; sourceTree = "<group>"; };
		FF7E29FA196FB25300591971 /* JSONKeyMapper.h */ = {isa = PBXFileReference; fileEncoding = 4; lastKnownFileType = sourcecode.c.h; path = JSONKeyMapper.h; sourceTree = "<group>"; };
		FF7E29FB196FB25300591971 /* JSONKeyMapper.m */ = {isa = PBXFileReference; fileEncoding = 4; lastKnownFileType = sourcecode.c.objc; path = JSONKeyMapper.m; sourceTree = "<group>"; };
		FF7E29FC196FB25300591971 /* JSONValueTransformer.h */ = {isa = PBXFileReference; fileEncoding = 4; lastKnownFileType = sourcecode.c.h; path = JSONValueTransformer.h; sourceTree = "<group>"; };
		FF7E29FD196FB25300591971 /* JSONValueTransformer.m */ = {isa = PBXFileReference; fileEncoding = 4; lastKnownFileType = sourcecode.c.objc; path = JSONValueTransformer.m; sourceTree = "<group>"; };
		FF7E2A00196FB25300591971 /* crypt.h */ = {isa = PBXFileReference; fileEncoding = 4; lastKnownFileType = sourcecode.c.h; path = crypt.h; sourceTree = "<group>"; };
		FF7E2A01196FB25300591971 /* ioapi.c */ = {isa = PBXFileReference; fileEncoding = 4; lastKnownFileType = sourcecode.c.c; path = ioapi.c; sourceTree = "<group>"; };
		FF7E2A02196FB25300591971 /* ioapi.h */ = {isa = PBXFileReference; fileEncoding = 4; lastKnownFileType = sourcecode.c.h; path = ioapi.h; sourceTree = "<group>"; };
		FF7E2A03196FB25300591971 /* mztools.c */ = {isa = PBXFileReference; fileEncoding = 4; lastKnownFileType = sourcecode.c.c; path = mztools.c; sourceTree = "<group>"; };
		FF7E2A04196FB25300591971 /* mztools.h */ = {isa = PBXFileReference; fileEncoding = 4; lastKnownFileType = sourcecode.c.h; path = mztools.h; sourceTree = "<group>"; };
		FF7E2A05196FB25300591971 /* unzip.c */ = {isa = PBXFileReference; fileEncoding = 4; lastKnownFileType = sourcecode.c.c; path = unzip.c; sourceTree = "<group>"; };
		FF7E2A06196FB25300591971 /* unzip.h */ = {isa = PBXFileReference; fileEncoding = 4; lastKnownFileType = sourcecode.c.h; path = unzip.h; sourceTree = "<group>"; };
		FF7E2A07196FB25300591971 /* zip.c */ = {isa = PBXFileReference; fileEncoding = 4; lastKnownFileType = sourcecode.c.c; path = zip.c; sourceTree = "<group>"; };
		FF7E2A08196FB25300591971 /* zip.h */ = {isa = PBXFileReference; fileEncoding = 4; lastKnownFileType = sourcecode.c.h; path = zip.h; sourceTree = "<group>"; };
		FF7E2A09196FB25300591971 /* SSZipArchive.h */ = {isa = PBXFileReference; fileEncoding = 4; lastKnownFileType = sourcecode.c.h; path = SSZipArchive.h; sourceTree = "<group>"; };
		FF7E2A0A196FB25300591971 /* SSZipArchive.m */ = {isa = PBXFileReference; fileEncoding = 4; lastKnownFileType = sourcecode.c.objc; path = SSZipArchive.m; sourceTree = "<group>"; };
		FF7E2A24196FB56500591971 /* MSPasteboardSharedLogger.h */ = {isa = PBXFileReference; fileEncoding = 4; lastKnownFileType = sourcecode.c.h; path = MSPasteboardSharedLogger.h; sourceTree = "<group>"; };
		FF7E2A25196FB56500591971 /* MSPasteboardSharedLogger.m */ = {isa = PBXFileReference; fileEncoding = 4; lastKnownFileType = sourcecode.c.objc; path = MSPasteboardSharedLogger.m; sourceTree = "<group>"; };
		FF7E2A2A196FC0DF00591971 /* MSCycleProgressView.h */ = {isa = PBXFileReference; fileEncoding = 4; lastKnownFileType = sourcecode.c.h; path = MSCycleProgressView.h; sourceTree = "<group>"; };
		FF7E2A2B196FC0DF00591971 /* MSCycleProgressView.m */ = {isa = PBXFileReference; fileEncoding = 4; lastKnownFileType = sourcecode.c.objc; path = MSCycleProgressView.m; sourceTree = "<group>"; };
		FF7E2A32196FC58600591971 /* WelcomeScreenViewController.h */ = {isa = PBXFileReference; fileEncoding = 4; lastKnownFileType = sourcecode.c.h; path = WelcomeScreenViewController.h; sourceTree = "<group>"; };
		FF7E2A33196FC58600591971 /* WelcomeScreenViewController.m */ = {isa = PBXFileReference; fileEncoding = 4; lastKnownFileType = sourcecode.c.objc; path = WelcomeScreenViewController.m; sourceTree = "<group>"; };
		FF7E2A35196FC69C00591971 /* ApplicationSmallCell.h */ = {isa = PBXFileReference; fileEncoding = 4; lastKnownFileType = sourcecode.c.h; path = ApplicationSmallCell.h; sourceTree = "<group>"; };
		FF7E2A36196FC69C00591971 /* ApplicationSmallCell.m */ = {isa = PBXFileReference; fileEncoding = 4; lastKnownFileType = sourcecode.c.objc; path = ApplicationSmallCell.m; sourceTree = "<group>"; };
		FF7E2A39196FC83D00591971 /* MDMApplication.h */ = {isa = PBXFileReference; fileEncoding = 4; lastKnownFileType = sourcecode.c.h; name = MDMApplication.h; path = Models/MDMApplication.h; sourceTree = "<group>"; };
		FF7E2A3A196FC83D00591971 /* MDMApplication.m */ = {isa = PBXFileReference; fileEncoding = 4; lastKnownFileType = sourcecode.c.objc; name = MDMApplication.m; path = Models/MDMApplication.m; sourceTree = "<group>"; };
		FF7E2A40196FE0C300591971 /* ApplicationSmallCell.xib */ = {isa = PBXFileReference; fileEncoding = 4; lastKnownFileType = file.xib; path = ApplicationSmallCell.xib; sourceTree = "<group>"; };
		FF7E2A43196FE46700591971 /* application.png */ = {isa = PBXFileReference; lastKnownFileType = image.png; path = application.png; sourceTree = "<group>"; };
		FFB301B3196F8344001FE814 /* MDMShim.app */ = {isa = PBXFileReference; explicitFileType = wrapper.application; includeInIndex = 0; path = MDMShim.app; sourceTree = BUILT_PRODUCTS_DIR; };
		FFB301B6196F8344001FE814 /* Foundation.framework */ = {isa = PBXFileReference; lastKnownFileType = wrapper.framework; name = Foundation.framework; path = System/Library/Frameworks/Foundation.framework; sourceTree = SDKROOT; };
		FFB301B8196F8344001FE814 /* CoreGraphics.framework */ = {isa = PBXFileReference; lastKnownFileType = wrapper.framework; name = CoreGraphics.framework; path = System/Library/Frameworks/CoreGraphics.framework; sourceTree = SDKROOT; };
		FFB301BA196F8344001FE814 /* UIKit.framework */ = {isa = PBXFileReference; lastKnownFileType = wrapper.framework; name = UIKit.framework; path = System/Library/Frameworks/UIKit.framework; sourceTree = SDKROOT; };
		FFB301BE196F8344001FE814 /* MDMShim-Info.plist */ = {isa = PBXFileReference; lastKnownFileType = text.plist.xml; path = "MDMShim-Info.plist"; sourceTree = "<group>"; };
		FFB301C0196F8344001FE814 /* en */ = {isa = PBXFileReference; lastKnownFileType = text.plist.strings; name = en; path = en.lproj/InfoPlist.strings; sourceTree = "<group>"; };
		FFB301C2196F8344001FE814 /* main.m */ = {isa = PBXFileReference; lastKnownFileType = sourcecode.c.objc; path = main.m; sourceTree = "<group>"; };
		FFB301C4196F8344001FE814 /* MDMShim-Prefix.pch */ = {isa = PBXFileReference; lastKnownFileType = sourcecode.c.h; path = "MDMShim-Prefix.pch"; sourceTree = "<group>"; };
		FFB301C5196F8344001FE814 /* AppDelegate.h */ = {isa = PBXFileReference; lastKnownFileType = sourcecode.c.h; path = AppDelegate.h; sourceTree = "<group>"; };
		FFB301C6196F8344001FE814 /* AppDelegate.m */ = {isa = PBXFileReference; lastKnownFileType = sourcecode.c.objc; path = AppDelegate.m; sourceTree = "<group>"; };
		FFB301C9196F8344001FE814 /* Base */ = {isa = PBXFileReference; lastKnownFileType = file.storyboard; name = Base; path = Base.lproj/Main_iPhone.storyboard; sourceTree = "<group>"; };
		FFB301CC196F8344001FE814 /* Base */ = {isa = PBXFileReference; lastKnownFileType = file.storyboard; name = Base; path = Base.lproj/Main_iPad.storyboard; sourceTree = "<group>"; };
		FFB301CE196F8344001FE814 /* LoadingViewController.h */ = {isa = PBXFileReference; lastKnownFileType = sourcecode.c.h; path = LoadingViewController.h; sourceTree = "<group>"; };
		FFB301CF196F8344001FE814 /* LoadingViewController.m */ = {isa = PBXFileReference; lastKnownFileType = sourcecode.c.objc; path = LoadingViewController.m; sourceTree = "<group>"; };
		FFB301D1196F8344001FE814 /* Images.xcassets */ = {isa = PBXFileReference; lastKnownFileType = folder.assetcatalog; path = Images.xcassets; sourceTree = "<group>"; };
		FFB301D7196F8344001FE814 /* MDMShimTests.xctest */ = {isa = PBXFileReference; explicitFileType = wrapper.cfbundle; includeInIndex = 0; path = MDMShimTests.xctest; sourceTree = BUILT_PRODUCTS_DIR; };
		FFB301D8196F8344001FE814 /* XCTest.framework */ = {isa = PBXFileReference; lastKnownFileType = wrapper.framework; name = XCTest.framework; path = Library/Frameworks/XCTest.framework; sourceTree = DEVELOPER_DIR; };
		FFB301E0196F8345001FE814 /* MDMShimTests-Info.plist */ = {isa = PBXFileReference; lastKnownFileType = text.plist.xml; path = "MDMShimTests-Info.plist"; sourceTree = "<group>"; };
		FFB301E2196F8345001FE814 /* en */ = {isa = PBXFileReference; lastKnownFileType = text.plist.strings; name = en; path = en.lproj/InfoPlist.strings; sourceTree = "<group>"; };
		FFB301E4196F8345001FE814 /* MDMShimTests.m */ = {isa = PBXFileReference; lastKnownFileType = sourcecode.c.objc; path = MDMShimTests.m; sourceTree = "<group>"; };
		FFB301EE196F8395001FE814 /* CordovaLib.xcodeproj */ = {isa = PBXFileReference; lastKnownFileType = "wrapper.pb-project"; name = CordovaLib.xcodeproj; path = MDMShim/CordovaLib/CordovaLib.xcodeproj; sourceTree = "<group>"; };
		FFB30248196F8613001FE814 /* libz.dylib */ = {isa = PBXFileReference; lastKnownFileType = "compiled.mach-o.dylib"; name = libz.dylib; path = usr/lib/libz.dylib; sourceTree = SDKROOT; };
		FFE68C261975892100E7544D /* CDVLogger.h */ = {isa = PBXFileReference; fileEncoding = 4; lastKnownFileType = sourcecode.c.h; path = CDVLogger.h; sourceTree = "<group>"; };
		FFE68C271975892100E7544D /* CDVLogger.m */ = {isa = PBXFileReference; fileEncoding = 4; lastKnownFileType = sourcecode.c.objc; path = CDVLogger.m; sourceTree = "<group>"; };
		FFE68C291975892100E7544D /* CDVNotification.h */ = {isa = PBXFileReference; fileEncoding = 4; lastKnownFileType = sourcecode.c.h; path = CDVNotification.h; sourceTree = "<group>"; };
		FFE68C2A1975892100E7544D /* CDVNotification.m */ = {isa = PBXFileReference; fileEncoding = 4; lastKnownFileType = sourcecode.c.objc; path = CDVNotification.m; sourceTree = "<group>"; };
		FFE68C2C1975892100E7544D /* CDVLocation.h */ = {isa = PBXFileReference; fileEncoding = 4; lastKnownFileType = sourcecode.c.h; path = CDVLocation.h; sourceTree = "<group>"; };
		FFE68C2D1975892100E7544D /* CDVLocation.m */ = {isa = PBXFileReference; fileEncoding = 4; lastKnownFileType = sourcecode.c.objc; path = CDVLocation.m; sourceTree = "<group>"; };
		FFE68C2F1975892100E7544D /* CDVConnection.h */ = {isa = PBXFileReference; fileEncoding = 4; lastKnownFileType = sourcecode.c.h; path = CDVConnection.h; sourceTree = "<group>"; };
		FFE68C301975892100E7544D /* CDVConnection.m */ = {isa = PBXFileReference; fileEncoding = 4; lastKnownFileType = sourcecode.c.objc; path = CDVConnection.m; sourceTree = "<group>"; };
		FFE68C311975892100E7544D /* CDVReachability.h */ = {isa = PBXFileReference; fileEncoding = 4; lastKnownFileType = sourcecode.c.h; path = CDVReachability.h; sourceTree = "<group>"; };
		FFE68C321975892100E7544D /* CDVReachability.m */ = {isa = PBXFileReference; fileEncoding = 4; lastKnownFileType = sourcecode.c.objc; path = CDVReachability.m; sourceTree = "<group>"; };
		FFE68C341975892100E7544D /* CDVVibration.h */ = {isa = PBXFileReference; fileEncoding = 4; lastKnownFileType = sourcecode.c.h; path = CDVVibration.h; sourceTree = "<group>"; };
		FFE68C351975892100E7544D /* CDVVibration.m */ = {isa = PBXFileReference; fileEncoding = 4; lastKnownFileType = sourcecode.c.objc; path = CDVVibration.m; sourceTree = "<group>"; };
		FFE68C3F197589AD00E7544D /* MatrixPortal.h */ = {isa = PBXFileReference; fileEncoding = 4; lastKnownFileType = sourcecode.c.h; path = MatrixPortal.h; sourceTree = "<group>"; };
		FFE68C40197589AD00E7544D /* MatrixPortal.m */ = {isa = PBXFileReference; fileEncoding = 4; lastKnownFileType = sourcecode.c.objc; path = MatrixPortal.m; sourceTree = "<group>"; };
		FFE68C42197589AD00E7544D /* MatrixPortalApplicationCache.h */ = {isa = PBXFileReference; fileEncoding = 4; lastKnownFileType = sourcecode.c.h; path = MatrixPortalApplicationCache.h; sourceTree = "<group>"; };
		FFE68C43197589AD00E7544D /* MatrixPortalApplicationCache.m */ = {isa = PBXFileReference; fileEncoding = 4; lastKnownFileType = sourcecode.c.objc; path = MatrixPortalApplicationCache.m; sourceTree = "<group>"; };
/* End PBXFileReference section */

/* Begin PBXFrameworksBuildPhase section */
		FFB301B0196F8344001FE814 /* Frameworks */ = {
			isa = PBXFrameworksBuildPhase;
			buildActionMask = 2147483647;
			files = (
				FF72402D197049C0002A8A1C /* MobileCoreServices.framework in Frameworks */,
				FF72402B197049AF002A8A1C /* CoreLocation.framework in Frameworks */,
				FF724029197049A3002A8A1C /* AssetsLibrary.framework in Frameworks */,
				FF7E2A0B196FB25300591971 /* libAppConnectLibrary.a in Frameworks */,
				FFB30249196F8613001FE814 /* libz.dylib in Frameworks */,
				FFB30243196F84F9001FE814 /* libCordova.a in Frameworks */,
				FFB301B9196F8344001FE814 /* CoreGraphics.framework in Frameworks */,
				FFB301BB196F8344001FE814 /* UIKit.framework in Frameworks */,
				FFB301B7196F8344001FE814 /* Foundation.framework in Frameworks */,
				FF7E2A0C196FB25300591971 /* libcrypto.a in Frameworks */,
			);
			runOnlyForDeploymentPostprocessing = 0;
		};
		FFB301D4196F8344001FE814 /* Frameworks */ = {
			isa = PBXFrameworksBuildPhase;
			buildActionMask = 2147483647;
			files = (
				FFB301D9196F8344001FE814 /* XCTest.framework in Frameworks */,
				FFB301DB196F8344001FE814 /* UIKit.framework in Frameworks */,
				FFB301DA196F8344001FE814 /* Foundation.framework in Frameworks */,
			);
			runOnlyForDeploymentPostprocessing = 0;
		};
/* End PBXFrameworksBuildPhase section */

/* Begin PBXGroup section */
		808E0FD5197CF7F300F6D31D /* Segue */ = {
			isa = PBXGroup;
			children = (
				808E0FD7197CF81E00F6D31D /* CustomSegue.h */,
				808E0FD8197CF81E00F6D31D /* CustomSegue.m */,
				808E0FD9197CF81E00F6D31D /* CustomUnwindSegue.h */,
				808E0FDA197CF81E00F6D31D /* CustomUnwindSegue.m */,
			);
			name = Segue;
			sourceTree = "<group>";
		};
		80A3FB3A1975247900EF5684 /* ALAlertBanner */ = {
			isa = PBXGroup;
			children = (
				80A3FB3B1975247900EF5684 /* ALAlertBanner+Private.h */,
				80A3FB3C1975247900EF5684 /* ALAlertBanner.h */,
				80A3FB3D1975247900EF5684 /* ALAlertBanner.m */,
				80A3FB3E1975247900EF5684 /* ALAlertBannerManager.h */,
				80A3FB3F1975247900EF5684 /* ALAlertBannerManager.m */,
				80A3FB401975247900EF5684 /* Images */,
			);
			path = ALAlertBanner;
			sourceTree = "<group>";
		};
		80A3FB401975247900EF5684 /* Images */ = {
			isa = PBXGroup;
			children = (
				80A3FB411975247900EF5684 /* bannerAlert.png */,
				80A3FB421975247900EF5684 /* bannerAlert@2x.png */,
				80A3FB431975247900EF5684 /* bannerFailure.png */,
				80A3FB441975247900EF5684 /* bannerFailure@2x.png */,
				80A3FB451975247900EF5684 /* bannerNotify.png */,
				80A3FB461975247900EF5684 /* bannerNotify@2x.png */,
				80A3FB471975247900EF5684 /* bannerSuccess.png */,
				80A3FB481975247900EF5684 /* bannerSuccess@2x.png */,
			);
			path = Images;
			sourceTree = "<group>";
		};
		80A3FB54197524AC00EF5684 /* SVProgressHUD */ = {
			isa = PBXGroup;
			children = (
				80A3FB55197524AC00EF5684 /* SVProgressHUD.bundle */,
				80A3FB56197524AC00EF5684 /* SVProgressHUD.h */,
				80A3FB57197524AC00EF5684 /* SVProgressHUD.m */,
			);
			path = SVProgressHUD;
			sourceTree = "<group>";
		};
		80A3FB5A1975253D00EF5684 /* Plugins */ = {
			isa = PBXGroup;
			children = (
				FFE68C241975892100E7544D /* Cordova */,
				FFE68C3D197589AD00E7544D /* Matrix */,
				80A3FB5B1975253D00EF5684 /* MDMShim */,
			);
			name = Plugins;
			path = MDMShim/Plugins;
			sourceTree = "<group>";
		};
		80A3FB5B1975253D00EF5684 /* MDMShim */ = {
			isa = PBXGroup;
			children = (
				80A3FB5C1975253D00EF5684 /* ShimNotificationCenter */,
			);
			path = MDMShim;
			sourceTree = "<group>";
		};
		80A3FB5C1975253D00EF5684 /* ShimNotificationCenter */ = {
			isa = PBXGroup;
			children = (
				80A3FB5D1975253D00EF5684 /* ShimNotificationCenter.h */,
				80A3FB5E1975253D00EF5684 /* ShimNotificationCenter.m */,
			);
			path = ShimNotificationCenter;
			sourceTree = "<group>";
		};
		80A3FC741976797F00EF5684 /* Auth */ = {
			isa = PBXGroup;
			children = (
				8052F8EB19767DF3002C2657 /* UIApplication+TouchIdleTimer.h */,
				8052F8EC19767DF3002C2657 /* UIApplication+TouchIdleTimer.m */,
				808C04C31977B8BB0077E0D9 /* AuthManager.h */,
				808C04C41977B8BB0077E0D9 /* AuthManager.m */,
			);
			name = Auth;
			sourceTree = "<group>";
		};
		80B6DCD6197E0E9E001D7F6D /* Lumberjack */ = {
			isa = PBXGroup;
			children = (
				80B6DD06197E6AD4001D7F6D /* Basics */,
				80B6DD05197E6ABA001D7F6D /* Remote Logging */,
				80B6DD01197E54D5001D7F6D /* FileManager */,
				80B6DCFA197E436F001D7F6D /* Formatters */,
				80B6DCD7197E0E9E001D7F6D /* CLI */,
			);
			path = Lumberjack;
			sourceTree = "<group>";
		};
		80B6DCD7197E0E9E001D7F6D /* CLI */ = {
			isa = PBXGroup;
			children = (
				80B6DCD8197E0E9E001D7F6D /* CLIColor.h */,
				80B6DCD9197E0E9E001D7F6D /* CLIColor.m */,
			);
			path = CLI;
			sourceTree = "<group>";
		};
		80B6DCFA197E436F001D7F6D /* Formatters */ = {
			isa = PBXGroup;
			children = (
				80B6DCFB197E4398001D7F6D /* FileLoggingFormatter.h */,
				80B6DCFC197E4398001D7F6D /* FileLoggingFormatter.m */,
				80B6DCFE197E4E04001D7F6D /* ConsoleLoggingFormatter.h */,
				80B6DCFF197E4E04001D7F6D /* ConsoleLoggingFormatter.m */,
				80B6DD0A197E6C63001D7F6D /* RemoteLoggingFormatter.h */,
				80B6DD0B197E6C63001D7F6D /* RemoteLoggingFormatter.m */,
			);
			name = Formatters;
			sourceTree = "<group>";
		};
		80B6DD01197E54D5001D7F6D /* FileManager */ = {
			isa = PBXGroup;
			children = (
				80B6DD02197E54ED001D7F6D /* LogFileManager.h */,
				80B6DD03197E54ED001D7F6D /* LogFileManager.m */,
			);
			path = FileManager;
			sourceTree = "<group>";
		};
		80B6DD05197E6ABA001D7F6D /* Remote Logging */ = {
			isa = PBXGroup;
			children = (
				80B6DD07197E6B0F001D7F6D /* RemoteLogger.h */,
				80B6DD08197E6B0F001D7F6D /* RemoteLogger.m */,
			);
			path = "Remote Logging";
			sourceTree = "<group>";
		};
		80B6DD06197E6AD4001D7F6D /* Basics */ = {
			isa = PBXGroup;
			children = (
				80B6DCDA197E0E9E001D7F6D /* DDAbstractDatabaseLogger.h */,
				80B6DCDB197E0E9E001D7F6D /* DDAbstractDatabaseLogger.m */,
				80B6DCDC197E0E9E001D7F6D /* DDASLLogCapture.h */,
				80B6DCDD197E0E9E001D7F6D /* DDASLLogCapture.m */,
				80B6DCDE197E0E9E001D7F6D /* DDASLLogger.h */,
				80B6DCDF197E0E9E001D7F6D /* DDASLLogger.m */,
				80B6DCE0197E0E9E001D7F6D /* DDFileLogger.h */,
				80B6DCE1197E0E9E001D7F6D /* DDFileLogger.m */,
				80B6DCE2197E0E9E001D7F6D /* DDLog+LOGV.h */,
				80B6DCE3197E0E9E001D7F6D /* DDLog.h */,
				80B6DCE4197E0E9E001D7F6D /* DDLog.m */,
				80B6DCE5197E0E9E001D7F6D /* DDTTYLogger.h */,
				80B6DCE6197E0E9E001D7F6D /* DDTTYLogger.m */,
			);
			name = Basics;
			sourceTree = "<group>";
		};
		FF72402E197049CF002A8A1C /* Native */ = {
			isa = PBXGroup;
			children = (
				FFB301CE196F8344001FE814 /* LoadingViewController.h */,
				FFB301CF196F8344001FE814 /* LoadingViewController.m */,
				FF7E2A32196FC58600591971 /* WelcomeScreenViewController.h */,
				FF7E2A33196FC58600591971 /* WelcomeScreenViewController.m */,
			);
			name = Native;
			sourceTree = "<group>";
		};
		FF72402F197049DE002A8A1C /* Hybrid */ = {
			isa = PBXGroup;
			children = (
				FF7240251970487C002A8A1C /* BaseHybridViewController.h */,
				FF7240261970487C002A8A1C /* BaseHybridViewController.m */,
				FF72403019704A19002A8A1C /* PassengerAppHybridViewController.h */,
				FF72403119704A19002A8A1C /* PassengerAppHybridViewController.m */,
			);
			name = Hybrid;
			sourceTree = "<group>";
		};
		FF72403319704C25002A8A1C /* Constants */ = {
			isa = PBXGroup;
			children = (
				FF72403419704C5A002A8A1C /* SegueIdentifiers.h */,
				FF72403519704D0A002A8A1C /* Constants.h */,
				FF72407719716214002A8A1C /* MSDesignColors.h */,
			);
			name = Constants;
			sourceTree = "<group>";
		};
		FF72403619704E96002A8A1C /* Resources */ = {
			isa = PBXGroup;
			children = (
				FF7240C0197552AC002A8A1C /* Splashes */,
			);
			name = Resources;
			path = MDMShim/Resources;
			sourceTree = "<group>";
		};
		FF72406D19711E1D002A8A1C /* Menu */ = {
			isa = PBXGroup;
			children = (
				FF72406E19711E61002A8A1C /* PopupView.h */,
				FF72406F19711E61002A8A1C /* PopupView.m */,
			);
			name = Menu;
			sourceTree = "<group>";
		};
		FF7240801971743B002A8A1C /* Infrastructure */ = {
			isa = PBXGroup;
			children = (
				80A3FC741976797F00EF5684 /* Auth */,
				FF72408A19717448002A8A1C /* App Cache */,
			);
			path = Infrastructure;
			sourceTree = "<group>";
		};
		FF72408A19717448002A8A1C /* App Cache */ = {
			isa = PBXGroup;
			children = (
			);
			name = "App Cache";
			sourceTree = "<group>";
		};
		FF72408D197195C8002A8A1C /* SDWebImage */ = {
			isa = PBXGroup;
			children = (
				FF72408E197195C8002A8A1C /* MKAnnotationView+WebCache.h */,
				FF72408F197195C8002A8A1C /* MKAnnotationView+WebCache.m */,
				FF724090197195C8002A8A1C /* NSData+ImageContentType.h */,
				FF724091197195C8002A8A1C /* NSData+ImageContentType.m */,
				FF724092197195C8002A8A1C /* SDImageCache.h */,
				FF724093197195C8002A8A1C /* SDImageCache.m */,
				FF724094197195C8002A8A1C /* SDWebImageCompat.h */,
				FF724095197195C8002A8A1C /* SDWebImageCompat.m */,
				FF724096197195C8002A8A1C /* SDWebImageDecoder.h */,
				FF724097197195C8002A8A1C /* SDWebImageDecoder.m */,
				FF724098197195C8002A8A1C /* SDWebImageDownloader.h */,
				FF724099197195C8002A8A1C /* SDWebImageDownloader.m */,
				FF72409A197195C8002A8A1C /* SDWebImageDownloaderOperation.h */,
				FF72409B197195C8002A8A1C /* SDWebImageDownloaderOperation.m */,
				FF72409C197195C8002A8A1C /* SDWebImageManager.h */,
				FF72409D197195C8002A8A1C /* SDWebImageManager.m */,
				FF72409E197195C8002A8A1C /* SDWebImageOperation.h */,
				FF72409F197195C8002A8A1C /* SDWebImagePrefetcher.h */,
				FF7240A0197195C8002A8A1C /* SDWebImagePrefetcher.m */,
				FF7240A1197195C8002A8A1C /* UIButton+WebCache.h */,
				FF7240A2197195C8002A8A1C /* UIButton+WebCache.m */,
				FF7240A3197195C8002A8A1C /* UIImage+GIF.h */,
				FF7240A4197195C8002A8A1C /* UIImage+GIF.m */,
				FF7240A5197195C8002A8A1C /* UIImage+MultiFormat.h */,
				FF7240A6197195C8002A8A1C /* UIImage+MultiFormat.m */,
				FF7240A7197195C8002A8A1C /* UIImage+WebP.h */,
				FF7240A8197195C8002A8A1C /* UIImage+WebP.m */,
				FF7240A9197195C8002A8A1C /* UIImageView+HighlightedWebCache.h */,
				FF7240AA197195C8002A8A1C /* UIImageView+HighlightedWebCache.m */,
				FF7240AB197195C8002A8A1C /* UIImageView+WebCache.h */,
				FF7240AC197195C8002A8A1C /* UIImageView+WebCache.m */,
			);
			path = SDWebImage;
			sourceTree = "<group>";
		};
		FF7E29D2196FB25300591971 /* Lib */ = {
			isa = PBXGroup;
			children = (
				80B6DCD6197E0E9E001D7F6D /* Lumberjack */,
				80A3FB54197524AC00EF5684 /* SVProgressHUD */,
				80A3FB3A1975247900EF5684 /* ALAlertBanner */,
				FF72408D197195C8002A8A1C /* SDWebImage */,
				FF7E29D3196FB25300591971 /* AppConnect */,
				FF7E29E2196FB25300591971 /* JSONModel */,
				FF7E29FE196FB25300591971 /* SSZipArchive */,
			);
			path = Lib;
			sourceTree = "<group>";
		};
		FF7E29D3196FB25300591971 /* AppConnect */ = {
			isa = PBXGroup;
			children = (
				FF7E29D4196FB25300591971 /* ACError.h */,
				FF7E29D5196FB25300591971 /* ACFileHandle.h */,
				FF7E29D6196FB25300591971 /* ACSecureFile.h */,
				FF7E29D7196FB25300591971 /* AppConnect.h */,
				FF7E29D8196FB25300591971 /* libAppConnectLibrary.a */,
				FF7E29D9196FB25300591971 /* libcrypto.a */,
				FF7E29DA196FB25300591971 /* NSArray+ACSecureFile.h */,
				FF7E29DB196FB25300591971 /* NSData+ACSecureFile.h */,
				FF7E29DC196FB25300591971 /* NSDictionary+ACSecureFile.h */,
				FF7E29DD196FB25300591971 /* NSFileManager+ACSecureFile.h */,
				FF7E29DE196FB25300591971 /* NSKeyedArchiver+ACSecureFile.h */,
				FF7E29DF196FB25300591971 /* NSKeyedUnarchiver+ACSecureFile.h */,
				FF7E29E0196FB25300591971 /* NSMutableArray+ACSecureFile.h */,
				FF7E29E1196FB25300591971 /* NSMutableDictionary+ACSecureFile.h */,
			);
			path = AppConnect;
			sourceTree = "<group>";
		};
		FF7E29E2196FB25300591971 /* JSONModel */ = {
			isa = PBXGroup;
			children = (
				FF7E29E3196FB25300591971 /* JSONModel */,
				FF7E29EE196FB25300591971 /* JSONModelCategories */,
				FF7E29F1196FB25300591971 /* JSONModelLib.h */,
				FF7E29F2196FB25300591971 /* JSONModelNetworking */,
				FF7E29F9196FB25300591971 /* JSONModelTransformations */,
			);
			path = JSONModel;
			sourceTree = "<group>";
		};
		FF7E29E3196FB25300591971 /* JSONModel */ = {
			isa = PBXGroup;
			children = (
				FF7E29E4196FB25300591971 /* JSONModel+CoreData.h */,
				FF7E29E5196FB25300591971 /* JSONModel+CoreData.m */,
				FF7E29E6196FB25300591971 /* JSONModel.h */,
				FF7E29E7196FB25300591971 /* JSONModel.m */,
				FF7E29E8196FB25300591971 /* JSONModelArray.h */,
				FF7E29E9196FB25300591971 /* JSONModelArray.m */,
				FF7E29EA196FB25300591971 /* JSONModelClassProperty.h */,
				FF7E29EB196FB25300591971 /* JSONModelClassProperty.m */,
				FF7E29EC196FB25300591971 /* JSONModelError.h */,
				FF7E29ED196FB25300591971 /* JSONModelError.m */,
			);
			path = JSONModel;
			sourceTree = "<group>";
		};
		FF7E29EE196FB25300591971 /* JSONModelCategories */ = {
			isa = PBXGroup;
			children = (
				FF7E29EF196FB25300591971 /* NSArray+JSONModel.h */,
				FF7E29F0196FB25300591971 /* NSArray+JSONModel.m */,
			);
			path = JSONModelCategories;
			sourceTree = "<group>";
		};
		FF7E29F2196FB25300591971 /* JSONModelNetworking */ = {
			isa = PBXGroup;
			children = (
				FF7E29F3196FB25300591971 /* JSONAPI.h */,
				FF7E29F4196FB25300591971 /* JSONAPI.m */,
				FF7E29F5196FB25300591971 /* JSONHTTPClient.h */,
				FF7E29F6196FB25300591971 /* JSONHTTPClient.m */,
				FF7E29F7196FB25300591971 /* JSONModel+networking.h */,
				FF7E29F8196FB25300591971 /* JSONModel+networking.m */,
			);
			path = JSONModelNetworking;
			sourceTree = "<group>";
		};
		FF7E29F9196FB25300591971 /* JSONModelTransformations */ = {
			isa = PBXGroup;
			children = (
				FF7E29FA196FB25300591971 /* JSONKeyMapper.h */,
				FF7E29FB196FB25300591971 /* JSONKeyMapper.m */,
				FF7E29FC196FB25300591971 /* JSONValueTransformer.h */,
				FF7E29FD196FB25300591971 /* JSONValueTransformer.m */,
			);
			path = JSONModelTransformations;
			sourceTree = "<group>";
		};
		FF7E29FE196FB25300591971 /* SSZipArchive */ = {
			isa = PBXGroup;
			children = (
				FF7E29FF196FB25300591971 /* minizip */,
				FF7E2A09196FB25300591971 /* SSZipArchive.h */,
				FF7E2A0A196FB25300591971 /* SSZipArchive.m */,
			);
			path = SSZipArchive;
			sourceTree = "<group>";
		};
		FF7E29FF196FB25300591971 /* minizip */ = {
			isa = PBXGroup;
			children = (
				FF7E2A00196FB25300591971 /* crypt.h */,
				FF7E2A01196FB25300591971 /* ioapi.c */,
				FF7E2A02196FB25300591971 /* ioapi.h */,
				FF7E2A03196FB25300591971 /* mztools.c */,
				FF7E2A04196FB25300591971 /* mztools.h */,
				FF7E2A05196FB25300591971 /* unzip.c */,
				FF7E2A06196FB25300591971 /* unzip.h */,
				FF7E2A07196FB25300591971 /* zip.c */,
				FF7E2A08196FB25300591971 /* zip.h */,
			);
			path = minizip;
			sourceTree = "<group>";
		};
		FF7E2A1D196FB2AE00591971 /* Utils */ = {
			isa = PBXGroup;
			children = (
				FF72403319704C25002A8A1C /* Constants */,
				FF7E2A27196FB56900591971 /* logger */,
			);
			path = Utils;
			sourceTree = "<group>";
		};
		FF7E2A27196FB56900591971 /* logger */ = {
			isa = PBXGroup;
			children = (
				FF7E2A24196FB56500591971 /* MSPasteboardSharedLogger.h */,
				FF7E2A25196FB56500591971 /* MSPasteboardSharedLogger.m */,
			);
			name = logger;
			sourceTree = "<group>";
		};
		FF7E2A2D196FC0E300591971 /* Views */ = {
			isa = PBXGroup;
			children = (
				808E0FD5197CF7F300F6D31D /* Segue */,
				FF72406D19711E1D002A8A1C /* Menu */,
				FF7E2A2A196FC0DF00591971 /* MSCycleProgressView.h */,
				FF7E2A2B196FC0DF00591971 /* MSCycleProgressView.m */,
				FF7E2A35196FC69C00591971 /* ApplicationSmallCell.h */,
				FF7E2A36196FC69C00591971 /* ApplicationSmallCell.m */,
				FF7E2A40196FE0C300591971 /* ApplicationSmallCell.xib */,
				FF72405F1970F8BA002A8A1C /* SpringnyFlowLayout.h */,
				FF7240601970F8BA002A8A1C /* SpringnyFlowLayout.m */,
			);
			name = Views;
			sourceTree = "<group>";
		};
		FF7E2A2E196FC24A00591971 /* View Controllers */ = {
			isa = PBXGroup;
			children = (
				FF72402F197049DE002A8A1C /* Hybrid */,
				FF72402E197049CF002A8A1C /* Native */,
			);
			name = "View Controllers";
			sourceTree = "<group>";
		};
		FF7E2A38196FC81A00591971 /* Models */ = {
			isa = PBXGroup;
			children = (
				FF7E2A39196FC83D00591971 /* MDMApplication.h */,
				FF7E2A3A196FC83D00591971 /* MDMApplication.m */,
			);
			name = Models;
			sourceTree = "<group>";
		};
		FF7E2A42196FE46700591971 /* Images */ = {
			isa = PBXGroup;
			children = (
				FF724071197124C4002A8A1C /* apps.png */,
				FF724072197124C4002A8A1C /* home.png */,
				FF724073197124C4002A8A1C /* logout.png */,
				FF72406A1971079F002A8A1C /* menu.png */,
				FF7E2A43196FE46700591971 /* application.png */,
			);
			path = Images;
			sourceTree = "<group>";
		};
		FFB301AA196F8344001FE814 = {
			isa = PBXGroup;
			children = (
				FF72403719704E96002A8A1C /* config.xml */,
				80A3FC6D1975295A00EF5684 /* www */,
				FFB301EE196F8395001FE814 /* CordovaLib.xcodeproj */,
				FF7E29D2196FB25300591971 /* Lib */,
				FFB301BC196F8344001FE814 /* MDMShim */,
				80A3FB5A1975253D00EF5684 /* Plugins */,
				FFB301DE196F8345001FE814 /* MDMShimTests */,
				FFB301B5196F8344001FE814 /* Frameworks */,
				FFB301B4196F8344001FE814 /* Products */,
				FF72403619704E96002A8A1C /* Resources */,
			);
			sourceTree = "<group>";
		};
		FFB301B4196F8344001FE814 /* Products */ = {
			isa = PBXGroup;
			children = (
				FFB301B3196F8344001FE814 /* MDMShim.app */,
				FFB301D7196F8344001FE814 /* MDMShimTests.xctest */,
			);
			name = Products;
			sourceTree = "<group>";
		};
		FFB301B5196F8344001FE814 /* Frameworks */ = {
			isa = PBXGroup;
			children = (
				FF72402C197049C0002A8A1C /* MobileCoreServices.framework */,
				FF72402A197049AF002A8A1C /* CoreLocation.framework */,
				FF724028197049A3002A8A1C /* AssetsLibrary.framework */,
				FFB30248196F8613001FE814 /* libz.dylib */,
				FFB301B6196F8344001FE814 /* Foundation.framework */,
				FFB301B8196F8344001FE814 /* CoreGraphics.framework */,
				FFB301BA196F8344001FE814 /* UIKit.framework */,
				FFB301D8196F8344001FE814 /* XCTest.framework */,
			);
			name = Frameworks;
			sourceTree = "<group>";
		};
		FFB301BC196F8344001FE814 /* MDMShim */ = {
			isa = PBXGroup;
			children = (
				FFB301C5196F8344001FE814 /* AppDelegate.h */,
				FFB301C6196F8344001FE814 /* AppDelegate.m */,
				FFB301C8196F8344001FE814 /* Main_iPhone.storyboard */,
				FFB301CB196F8344001FE814 /* Main_iPad.storyboard */,
				FF7240801971743B002A8A1C /* Infrastructure */,
				FF7E2A38196FC81A00591971 /* Models */,
				FF7E2A2E196FC24A00591971 /* View Controllers */,
				FF7E2A2D196FC0E300591971 /* Views */,
				FF7E2A1D196FB2AE00591971 /* Utils */,
				FF7E2A42196FE46700591971 /* Images */,
				FFB301D1196F8344001FE814 /* Images.xcassets */,
				FFB301BD196F8344001FE814 /* Supporting Files */,
			);
			path = MDMShim;
			sourceTree = "<group>";
		};
		FFB301BD196F8344001FE814 /* Supporting Files */ = {
			isa = PBXGroup;
			children = (
				FFB301BE196F8344001FE814 /* MDMShim-Info.plist */,
				FFB301BF196F8344001FE814 /* InfoPlist.strings */,
				FFB301C2196F8344001FE814 /* main.m */,
				FFB301C4196F8344001FE814 /* MDMShim-Prefix.pch */,
			);
			name = "Supporting Files";
			sourceTree = "<group>";
		};
		FFB301DE196F8345001FE814 /* MDMShimTests */ = {
			isa = PBXGroup;
			children = (
				FFB301E4196F8345001FE814 /* MDMShimTests.m */,
				FFB301DF196F8345001FE814 /* Supporting Files */,
			);
			path = MDMShimTests;
			sourceTree = "<group>";
		};
		FFB301DF196F8345001FE814 /* Supporting Files */ = {
			isa = PBXGroup;
			children = (
				FFB301E0196F8345001FE814 /* MDMShimTests-Info.plist */,
				FFB301E1196F8345001FE814 /* InfoPlist.strings */,
			);
			name = "Supporting Files";
			sourceTree = "<group>";
		};
		FFB301EF196F8395001FE814 /* Products */ = {
			isa = PBXGroup;
			children = (
				FFB301F3196F8395001FE814 /* libCordova.a */,
			);
			name = Products;
			sourceTree = "<group>";
		};
		FFE68C241975892100E7544D /* Cordova */ = {
			isa = PBXGroup;
			children = (
				FFE68C251975892100E7544D /* org.apache.cordova.console */,
				FFE68C281975892100E7544D /* org.apache.cordova.dialogs */,
				FFE68C2B1975892100E7544D /* org.apache.cordova.geolocation */,
				FFE68C2E1975892100E7544D /* org.apache.cordova.network-information */,
				FFE68C331975892100E7544D /* org.apache.cordova.vibration */,
			);
			path = Cordova;
			sourceTree = "<group>";
		};
		FFE68C251975892100E7544D /* org.apache.cordova.console */ = {
			isa = PBXGroup;
			children = (
				FFE68C261975892100E7544D /* CDVLogger.h */,
				FFE68C271975892100E7544D /* CDVLogger.m */,
			);
			path = org.apache.cordova.console;
			sourceTree = "<group>";
		};
		FFE68C281975892100E7544D /* org.apache.cordova.dialogs */ = {
			isa = PBXGroup;
			children = (
				FFE68C291975892100E7544D /* CDVNotification.h */,
				FFE68C2A1975892100E7544D /* CDVNotification.m */,
			);
			path = org.apache.cordova.dialogs;
			sourceTree = "<group>";
		};
		FFE68C2B1975892100E7544D /* org.apache.cordova.geolocation */ = {
			isa = PBXGroup;
			children = (
				FFE68C2C1975892100E7544D /* CDVLocation.h */,
				FFE68C2D1975892100E7544D /* CDVLocation.m */,
			);
			path = org.apache.cordova.geolocation;
			sourceTree = "<group>";
		};
		FFE68C2E1975892100E7544D /* org.apache.cordova.network-information */ = {
			isa = PBXGroup;
			children = (
				FFE68C2F1975892100E7544D /* CDVConnection.h */,
				FFE68C301975892100E7544D /* CDVConnection.m */,
				FFE68C311975892100E7544D /* CDVReachability.h */,
				FFE68C321975892100E7544D /* CDVReachability.m */,
			);
			path = "org.apache.cordova.network-information";
			sourceTree = "<group>";
		};
		FFE68C331975892100E7544D /* org.apache.cordova.vibration */ = {
			isa = PBXGroup;
			children = (
				FFE68C341975892100E7544D /* CDVVibration.h */,
				FFE68C351975892100E7544D /* CDVVibration.m */,
			);
			path = org.apache.cordova.vibration;
			sourceTree = "<group>";
		};
		FFE68C3D197589AD00E7544D /* Matrix */ = {
			isa = PBXGroup;
			children = (
				FFE68C3E197589AD00E7544D /* MatrixPortal */,
				FFE68C41197589AD00E7544D /* MatrixPortalApplicationCache */,
			);
			path = Matrix;
			sourceTree = "<group>";
		};
		FFE68C3E197589AD00E7544D /* MatrixPortal */ = {
			isa = PBXGroup;
			children = (
				FFE68C3F197589AD00E7544D /* MatrixPortal.h */,
				FFE68C40197589AD00E7544D /* MatrixPortal.m */,
			);
			path = MatrixPortal;
			sourceTree = "<group>";
		};
		FFE68C41197589AD00E7544D /* MatrixPortalApplicationCache */ = {
			isa = PBXGroup;
			children = (
				FFE68C42197589AD00E7544D /* MatrixPortalApplicationCache.h */,
				FFE68C43197589AD00E7544D /* MatrixPortalApplicationCache.m */,
			);
			path = MatrixPortalApplicationCache;
			sourceTree = "<group>";
		};
/* End PBXGroup section */

/* Begin PBXNativeTarget section */
		FFB301B2196F8344001FE814 /* MDMShim */ = {
			isa = PBXNativeTarget;
			buildConfigurationList = FFB301E8196F8345001FE814 /* Build configuration list for PBXNativeTarget "MDMShim" */;
			buildPhases = (
				FFB301AF196F8344001FE814 /* Sources */,
				FFB301B0196F8344001FE814 /* Frameworks */,
				FFB301B1196F8344001FE814 /* Resources */,
			);
			buildRules = (
			);
			dependencies = (
			);
			name = MDMShim;
			productName = MDMShim;
			productReference = FFB301B3196F8344001FE814 /* MDMShim.app */;
			productType = "com.apple.product-type.application";
		};
		FFB301D6196F8344001FE814 /* MDMShimTests */ = {
			isa = PBXNativeTarget;
			buildConfigurationList = FFB301EB196F8345001FE814 /* Build configuration list for PBXNativeTarget "MDMShimTests" */;
			buildPhases = (
				FFB301D3196F8344001FE814 /* Sources */,
				FFB301D4196F8344001FE814 /* Frameworks */,
				FFB301D5196F8344001FE814 /* Resources */,
			);
			buildRules = (
			);
			dependencies = (
				FFB301DD196F8345001FE814 /* PBXTargetDependency */,
			);
			name = MDMShimTests;
			productName = MDMShimTests;
			productReference = FFB301D7196F8344001FE814 /* MDMShimTests.xctest */;
			productType = "com.apple.product-type.bundle.unit-test";
		};
/* End PBXNativeTarget section */

/* Begin PBXProject section */
		FFB301AB196F8344001FE814 /* Project object */ = {
			isa = PBXProject;
			attributes = {
				LastUpgradeCheck = 0510;
				ORGANIZATIONNAME = "Morgan Stanley";
				TargetAttributes = {
					FFB301B2196F8344001FE814 = {
						DevelopmentTeam = CK4Z27N5V8;
					};
					FFB301D6196F8344001FE814 = {
						TestTargetID = FFB301B2196F8344001FE814;
					};
				};
			};
			buildConfigurationList = FFB301AE196F8344001FE814 /* Build configuration list for PBXProject "MDMShim" */;
			compatibilityVersion = "Xcode 3.2";
			developmentRegion = English;
			hasScannedForEncodings = 0;
			knownRegions = (
				en,
				Base,
			);
			mainGroup = FFB301AA196F8344001FE814;
			productRefGroup = FFB301B4196F8344001FE814 /* Products */;
			projectDirPath = "";
			projectReferences = (
				{
					ProductGroup = FFB301EF196F8395001FE814 /* Products */;
					ProjectRef = FFB301EE196F8395001FE814 /* CordovaLib.xcodeproj */;
				},
			);
			projectRoot = "";
			targets = (
				FFB301B2196F8344001FE814 /* MDMShim */,
				FFB301D6196F8344001FE814 /* MDMShimTests */,
			);
		};
/* End PBXProject section */

/* Begin PBXReferenceProxy section */
		FFB301F3196F8395001FE814 /* libCordova.a */ = {
			isa = PBXReferenceProxy;
			fileType = archive.ar;
			path = libCordova.a;
			remoteRef = FFB301F2196F8395001FE814 /* PBXContainerItemProxy */;
			sourceTree = BUILT_PRODUCTS_DIR;
		};
/* End PBXReferenceProxy section */

/* Begin PBXResourcesBuildPhase section */
		FFB301B1196F8344001FE814 /* Resources */ = {
			isa = PBXResourcesBuildPhase;
			buildActionMask = 2147483647;
			files = (
				FFB301CD196F8344001FE814 /* Main_iPad.storyboard in Resources */,
				FF72406C1971079F002A8A1C /* menu.png in Resources */,
				80A3FB4F1975247900EF5684 /* bannerNotify.png in Resources */,
				FF724074197124C4002A8A1C /* apps.png in Resources */,
				FF72403819704E96002A8A1C /* config.xml in Resources */,
				80A3FB521975247900EF5684 /* bannerSuccess@2x.png in Resources */,
				FFB301D2196F8344001FE814 /* Images.xcassets in Resources */,
				80A3FB501975247900EF5684 /* bannerNotify@2x.png in Resources */,
				FF7E2A44196FE46700591971 /* application.png in Resources */,
				FF724075197124C4002A8A1C /* home.png in Resources */,
				FF724076197124C4002A8A1C /* logout.png in Resources */,
				FF7240C1197552AC002A8A1C /* Splashes in Resources */,
				80A3FB4B1975247900EF5684 /* bannerAlert.png in Resources */,
				FFB301CA196F8344001FE814 /* Main_iPhone.storyboard in Resources */,
				80A3FB4D1975247900EF5684 /* bannerFailure.png in Resources */,
				FF7E2A41196FE0C300591971 /* ApplicationSmallCell.xib in Resources */,
				80A3FC6E1975295A00EF5684 /* www in Resources */,
				80A3FB58197524AC00EF5684 /* SVProgressHUD.bundle in Resources */,
				FFB301C1196F8344001FE814 /* InfoPlist.strings in Resources */,
				80A3FB511975247900EF5684 /* bannerSuccess.png in Resources */,
				80A3FB4C1975247900EF5684 /* bannerAlert@2x.png in Resources */,
				80A3FB4E1975247900EF5684 /* bannerFailure@2x.png in Resources */,
			);
			runOnlyForDeploymentPostprocessing = 0;
		};
		FFB301D5196F8344001FE814 /* Resources */ = {
			isa = PBXResourcesBuildPhase;
			buildActionMask = 2147483647;
			files = (
				FFB301E3196F8345001FE814 /* InfoPlist.strings in Resources */,
			);
			runOnlyForDeploymentPostprocessing = 0;
		};
/* End PBXResourcesBuildPhase section */

/* Begin PBXSourcesBuildPhase section */
		FFB301AF196F8344001FE814 /* Sources */ = {
			isa = PBXSourcesBuildPhase;
			buildActionMask = 2147483647;
			files = (
				FF7240B7197195C8002A8A1C /* UIImage+GIF.m in Sources */,
				80A3FB491975247900EF5684 /* ALAlertBanner.m in Sources */,
				FF7E2A11196FB25300591971 /* JSONModelError.m in Sources */,
				FF7E2A12196FB25300591971 /* NSArray+JSONModel.m in Sources */,
				FF7E2A19196FB25300591971 /* mztools.c in Sources */,
				80B6DCF2197E0E9E001D7F6D /* DDASLLogger.m in Sources */,
				FF7E2A34196FC58600591971 /* WelcomeScreenViewController.m in Sources */,
				80A3FB4A1975247900EF5684 /* ALAlertBannerManager.m in Sources */,
				FF7E2A1B196FB25300591971 /* zip.c in Sources */,
				80B6DCF1197E0E9E001D7F6D /* DDASLLogCapture.m in Sources */,
				80B6DCEF197E0E9E001D7F6D /* CLIColor.m in Sources */,
				FFE68C381975892100E7544D /* CDVLocation.m in Sources */,
				FF7E2A1C196FB25300591971 /* SSZipArchive.m in Sources */,
				FFE68C3A1975892100E7544D /* CDVReachability.m in Sources */,
				FF7E2A26196FB56500591971 /* MSPasteboardSharedLogger.m in Sources */,
				80B6DCF5197E0E9E001D7F6D /* DDTTYLogger.m in Sources */,
				FF7240AF197195C8002A8A1C /* SDImageCache.m in Sources */,
				FFE68C371975892100E7544D /* CDVNotification.m in Sources */,
				80B6DCF3197E0E9E001D7F6D /* DDFileLogger.m in Sources */,
				FF72403219704A19002A8A1C /* PassengerAppHybridViewController.m in Sources */,
				FF7240B0197195C8002A8A1C /* SDWebImageCompat.m in Sources */,
				80B6DCF4197E0E9E001D7F6D /* DDLog.m in Sources */,
				8052F8ED19767DF3002C2657 /* UIApplication+TouchIdleTimer.m in Sources */,
				FF7E2A10196FB25300591971 /* JSONModelClassProperty.m in Sources */,
				80B6DD04197E54ED001D7F6D /* LogFileManager.m in Sources */,
				FF7240BA197195C8002A8A1C /* UIImageView+HighlightedWebCache.m in Sources */,
				FF7240B5197195C8002A8A1C /* SDWebImagePrefetcher.m in Sources */,
				FF7240B3197195C8002A8A1C /* SDWebImageDownloaderOperation.m in Sources */,
				FF7E2A0D196FB25300591971 /* JSONModel+CoreData.m in Sources */,
				FF7240B2197195C8002A8A1C /* SDWebImageDownloader.m in Sources */,
				FFE68C361975892100E7544D /* CDVLogger.m in Sources */,
				80B6DD09197E6B0F001D7F6D /* RemoteLogger.m in Sources */,
				FFE68C391975892100E7544D /* CDVConnection.m in Sources */,
				80B6DCFD197E4398001D7F6D /* FileLoggingFormatter.m in Sources */,
				808C04C51977B8BB0077E0D9 /* AuthManager.m in Sources */,
				FF7240AE197195C8002A8A1C /* NSData+ImageContentType.m in Sources */,
				808E0FDC197CF81E00F6D31D /* CustomUnwindSegue.m in Sources */,
				FF72407019711E61002A8A1C /* PopupView.m in Sources */,
				808E0FDB197CF81E00F6D31D /* CustomSegue.m in Sources */,
				FFB301D0196F8344001FE814 /* LoadingViewController.m in Sources */,
				FF7240611970F8BA002A8A1C /* SpringnyFlowLayout.m in Sources */,
				FF7240B1197195C8002A8A1C /* SDWebImageDecoder.m in Sources */,
				80A3FB5F1975253D00EF5684 /* ShimNotificationCenter.m in Sources */,
				FF7E2A16196FB25300591971 /* JSONKeyMapper.m in Sources */,
				80B6DCF0197E0E9E001D7F6D /* DDAbstractDatabaseLogger.m in Sources */,
				FF7E2A37196FC69C00591971 /* ApplicationSmallCell.m in Sources */,
				FF7240BB197195C8002A8A1C /* UIImageView+WebCache.m in Sources */,
				FF7240B4197195C8002A8A1C /* SDWebImageManager.m in Sources */,
				FF7E2A2C196FC0DF00591971 /* MSCycleProgressView.m in Sources */,
				FF7E2A3B196FC83D00591971 /* MDMApplication.m in Sources */,
				FFB301C7196F8344001FE814 /* AppDelegate.m in Sources */,
				FF7E2A0F196FB25300591971 /* JSONModelArray.m in Sources */,
				FFE68C3B1975892100E7544D /* CDVVibration.m in Sources */,
				FFE68C45197589AD00E7544D /* MatrixPortalApplicationCache.m in Sources */,
				FF7240AD197195C8002A8A1C /* MKAnnotationView+WebCache.m in Sources */,
				80A3FB59197524AC00EF5684 /* SVProgressHUD.m in Sources */,
				FF7E2A15196FB25300591971 /* JSONModel+networking.m in Sources */,
				FF7E2A18196FB25300591971 /* ioapi.c in Sources */,
				FF7E2A1A196FB25300591971 /* unzip.c in Sources */,
				FF7240B8197195C8002A8A1C /* UIImage+MultiFormat.m in Sources */,
				FF7240B9197195C8002A8A1C /* UIImage+WebP.m in Sources */,
				FF7240B6197195C8002A8A1C /* UIButton+WebCache.m in Sources */,
				FFB301C3196F8344001FE814 /* main.m in Sources */,
				80B6DD0C197E6C63001D7F6D /* RemoteLoggingFormatter.m in Sources */,
				FF7240271970487C002A8A1C /* BaseHybridViewController.m in Sources */,
				FF7E2A13196FB25300591971 /* JSONAPI.m in Sources */,
				FF7E2A17196FB25300591971 /* JSONValueTransformer.m in Sources */,
				FF7E2A14196FB25300591971 /* JSONHTTPClient.m in Sources */,
				FFE68C44197589AD00E7544D /* MatrixPortal.m in Sources */,
				FF7E2A0E196FB25300591971 /* JSONModel.m in Sources */,
				80B6DD00197E4E04001D7F6D /* ConsoleLoggingFormatter.m in Sources */,
			);
			runOnlyForDeploymentPostprocessing = 0;
		};
		FFB301D3196F8344001FE814 /* Sources */ = {
			isa = PBXSourcesBuildPhase;
			buildActionMask = 2147483647;
			files = (
				FFB301E5196F8345001FE814 /* MDMShimTests.m in Sources */,
			);
			runOnlyForDeploymentPostprocessing = 0;
		};
/* End PBXSourcesBuildPhase section */

/* Begin PBXTargetDependency section */
		FFB301DD196F8345001FE814 /* PBXTargetDependency */ = {
			isa = PBXTargetDependency;
			target = FFB301B2196F8344001FE814 /* MDMShim */;
			targetProxy = FFB301DC196F8345001FE814 /* PBXContainerItemProxy */;
		};
/* End PBXTargetDependency section */

/* Begin PBXVariantGroup section */
		FFB301BF196F8344001FE814 /* InfoPlist.strings */ = {
			isa = PBXVariantGroup;
			children = (
				FFB301C0196F8344001FE814 /* en */,
			);
			name = InfoPlist.strings;
			sourceTree = "<group>";
		};
		FFB301C8196F8344001FE814 /* Main_iPhone.storyboard */ = {
			isa = PBXVariantGroup;
			children = (
				FFB301C9196F8344001FE814 /* Base */,
			);
			name = Main_iPhone.storyboard;
			sourceTree = "<group>";
		};
		FFB301CB196F8344001FE814 /* Main_iPad.storyboard */ = {
			isa = PBXVariantGroup;
			children = (
				FFB301CC196F8344001FE814 /* Base */,
			);
			name = Main_iPad.storyboard;
			sourceTree = "<group>";
		};
		FFB301E1196F8345001FE814 /* InfoPlist.strings */ = {
			isa = PBXVariantGroup;
			children = (
				FFB301E2196F8345001FE814 /* en */,
			);
			name = InfoPlist.strings;
			sourceTree = "<group>";
		};
/* End PBXVariantGroup section */

/* Begin XCBuildConfiguration section */
		FFB301E6196F8345001FE814 /* Debug */ = {
			isa = XCBuildConfiguration;
			buildSettings = {
				ALWAYS_SEARCH_USER_PATHS = NO;
				CLANG_CXX_LANGUAGE_STANDARD = "gnu++0x";
				CLANG_CXX_LIBRARY = "libc++";
				CLANG_ENABLE_MODULES = YES;
				CLANG_ENABLE_OBJC_ARC = YES;
				CLANG_WARN_BOOL_CONVERSION = YES;
				CLANG_WARN_CONSTANT_CONVERSION = YES;
				CLANG_WARN_DIRECT_OBJC_ISA_USAGE = YES_ERROR;
				CLANG_WARN_EMPTY_BODY = YES;
				CLANG_WARN_ENUM_CONVERSION = YES;
				CLANG_WARN_INT_CONVERSION = YES;
				CLANG_WARN_OBJC_ROOT_CLASS = YES_ERROR;
				CLANG_WARN__DUPLICATE_METHOD_MATCH = YES;
				CODE_SIGN_IDENTITY = "iPhone Developer: Yangyi Fei (2Z3FA82627)";
				"CODE_SIGN_IDENTITY[sdk=iphoneos*]" = "iPhone Developer: Yangyi Fei (2Z3FA82627)";
				COPY_PHASE_STRIP = NO;
				GCC_C_LANGUAGE_STANDARD = gnu99;
				GCC_DYNAMIC_NO_PIC = NO;
				GCC_OPTIMIZATION_LEVEL = 0;
				GCC_PREPROCESSOR_DEFINITIONS = (
					"DEBUG=1",
					"$(inherited)",
				);
				GCC_SYMBOLS_PRIVATE_EXTERN = NO;
				GCC_WARN_64_TO_32_BIT_CONVERSION = YES;
				GCC_WARN_ABOUT_RETURN_TYPE = YES_ERROR;
				GCC_WARN_UNDECLARED_SELECTOR = YES;
				GCC_WARN_UNINITIALIZED_AUTOS = YES_AGGRESSIVE;
				GCC_WARN_UNUSED_FUNCTION = YES;
				GCC_WARN_UNUSED_VARIABLE = YES;
				IPHONEOS_DEPLOYMENT_TARGET = 7.1;
				ONLY_ACTIVE_ARCH = NO;
				SDKROOT = iphoneos;
				TARGETED_DEVICE_FAMILY = "1,2";
			};
			name = Debug;
		};
		FFB301E7196F8345001FE814 /* Release */ = {
			isa = XCBuildConfiguration;
			buildSettings = {
				ALWAYS_SEARCH_USER_PATHS = NO;
				CLANG_CXX_LANGUAGE_STANDARD = "gnu++0x";
				CLANG_CXX_LIBRARY = "libc++";
				CLANG_ENABLE_MODULES = YES;
				CLANG_ENABLE_OBJC_ARC = YES;
				CLANG_WARN_BOOL_CONVERSION = YES;
				CLANG_WARN_CONSTANT_CONVERSION = YES;
				CLANG_WARN_DIRECT_OBJC_ISA_USAGE = YES_ERROR;
				CLANG_WARN_EMPTY_BODY = YES;
				CLANG_WARN_ENUM_CONVERSION = YES;
				CLANG_WARN_INT_CONVERSION = YES;
				CLANG_WARN_OBJC_ROOT_CLASS = YES_ERROR;
				CLANG_WARN__DUPLICATE_METHOD_MATCH = YES;
				CODE_SIGN_IDENTITY = "iPhone Developer: Yangyi Fei (2Z3FA82627)";
				"CODE_SIGN_IDENTITY[sdk=iphoneos*]" = "iPhone Developer: Yangyi Fei (2Z3FA82627)";
				COPY_PHASE_STRIP = YES;
				ENABLE_NS_ASSERTIONS = NO;
				GCC_C_LANGUAGE_STANDARD = gnu99;
				GCC_WARN_64_TO_32_BIT_CONVERSION = YES;
				GCC_WARN_ABOUT_RETURN_TYPE = YES_ERROR;
				GCC_WARN_UNDECLARED_SELECTOR = YES;
				GCC_WARN_UNINITIALIZED_AUTOS = YES_AGGRESSIVE;
				GCC_WARN_UNUSED_FUNCTION = YES;
				GCC_WARN_UNUSED_VARIABLE = YES;
				IPHONEOS_DEPLOYMENT_TARGET = 7.1;
				SDKROOT = iphoneos;
				TARGETED_DEVICE_FAMILY = "1,2";
				VALIDATE_PRODUCT = YES;
			};
			name = Release;
		};
		FFB301E9196F8345001FE814 /* Debug */ = {
			isa = XCBuildConfiguration;
			buildSettings = {
				ASSETCATALOG_COMPILER_APPICON_NAME = AppIcon;
				ASSETCATALOG_COMPILER_LAUNCHIMAGE_NAME = LaunchImage;
				CODE_SIGN_IDENTITY = "iPhone Developer: Yangyi Fei (2Z3FA82627)";
				"CODE_SIGN_IDENTITY[sdk=iphoneos*]" = "iPhone Developer: Yangyi Fei (2Z3FA82627)";
				GCC_PRECOMPILE_PREFIX_HEADER = YES;
				GCC_PREFIX_HEADER = "MDMShim/MDMShim-Prefix.pch";
				INFOPLIST_FILE = "MDMShim/MDMShim-Info.plist";
				LIBRARY_SEARCH_PATHS = (
					"$(inherited)",
					"$(PROJECT_DIR)/Lib/AppConnect",
				);
				OTHER_LDFLAGS = "-all_load";
				PRODUCT_NAME = "$(TARGET_NAME)";
				PROVISIONING_PROFILE = "";
				VALID_ARCHS = armv7;
				WRAPPER_EXTENSION = app;
			};
			name = Debug;
		};
		FFB301EA196F8345001FE814 /* Release */ = {
			isa = XCBuildConfiguration;
			buildSettings = {
				ASSETCATALOG_COMPILER_APPICON_NAME = AppIcon;
				ASSETCATALOG_COMPILER_LAUNCHIMAGE_NAME = LaunchImage;
				CODE_SIGN_IDENTITY = "iPhone Developer: Yangyi Fei (2Z3FA82627)";
				"CODE_SIGN_IDENTITY[sdk=iphoneos*]" = "iPhone Developer: Yangyi Fei (2Z3FA82627)";
				GCC_PRECOMPILE_PREFIX_HEADER = YES;
				GCC_PREFIX_HEADER = "MDMShim/MDMShim-Prefix.pch";
				INFOPLIST_FILE = "MDMShim/MDMShim-Info.plist";
				LIBRARY_SEARCH_PATHS = (
					"$(inherited)",
					"$(PROJECT_DIR)/Lib/AppConnect",
				);
				OTHER_LDFLAGS = "-all_load";
				PRODUCT_NAME = "$(TARGET_NAME)";
				PROVISIONING_PROFILE = "";
				VALID_ARCHS = armv7;
				WRAPPER_EXTENSION = app;
			};
			name = Release;
		};
		FFB301EC196F8345001FE814 /* Debug */ = {
			isa = XCBuildConfiguration;
			buildSettings = {
				BUNDLE_LOADER = "$(BUILT_PRODUCTS_DIR)/MDMShim.app/MDMShim";
				FRAMEWORK_SEARCH_PATHS = (
					"$(SDKROOT)/Developer/Library/Frameworks",
					"$(inherited)",
					"$(DEVELOPER_FRAMEWORKS_DIR)",
				);
				GCC_PRECOMPILE_PREFIX_HEADER = YES;
				GCC_PREFIX_HEADER = "MDMShim/MDMShim-Prefix.pch";
				GCC_PREPROCESSOR_DEFINITIONS = (
					"DEBUG=1",
					"$(inherited)",
				);
				HEADER_SEARCH_PATHS = (
					"$(inherited)/**",
					/Applications/Xcode.app/Contents/Developer/Toolchains/XcodeDefault.xctoolchain/usr/include,
				);
				INFOPLIST_FILE = "MDMShimTests/MDMShimTests-Info.plist";
				PRODUCT_NAME = "$(TARGET_NAME)";
				PROVISIONING_PROFILE = "A1A83296-DDD7-4C0B-A90B-171033318BDD";
				STRIP_STYLE = debugging;
				TEST_HOST = "$(BUNDLE_LOADER)";
				WRAPPER_EXTENSION = xctest;
			};
			name = Debug;
		};
		FFB301ED196F8345001FE814 /* Release */ = {
			isa = XCBuildConfiguration;
			buildSettings = {
				BUNDLE_LOADER = "$(BUILT_PRODUCTS_DIR)/MDMShim.app/MDMShim";
				FRAMEWORK_SEARCH_PATHS = (
					"$(SDKROOT)/Developer/Library/Frameworks",
					"$(inherited)",
					"$(DEVELOPER_FRAMEWORKS_DIR)",
				);
				GCC_PRECOMPILE_PREFIX_HEADER = YES;
				GCC_PREFIX_HEADER = "MDMShim/MDMShim-Prefix.pch";
				HEADER_SEARCH_PATHS = (
					"$(inherited)/**",
					/Applications/Xcode.app/Contents/Developer/Toolchains/XcodeDefault.xctoolchain/usr/include,
				);
				INFOPLIST_FILE = "MDMShimTests/MDMShimTests-Info.plist";
				PRODUCT_NAME = "$(TARGET_NAME)";
				PROVISIONING_PROFILE = "A1A83296-DDD7-4C0B-A90B-171033318BDD";
				STRIP_STYLE = debugging;
				TEST_HOST = "$(BUNDLE_LOADER)";
				WRAPPER_EXTENSION = xctest;
			};
			name = Release;
		};
/* End XCBuildConfiguration section */

/* Begin XCConfigurationList section */
		FFB301AE196F8344001FE814 /* Build configuration list for PBXProject "MDMShim" */ = {
			isa = XCConfigurationList;
			buildConfigurations = (
				FFB301E6196F8345001FE814 /* Debug */,
				FFB301E7196F8345001FE814 /* Release */,
			);
			defaultConfigurationIsVisible = 0;
			defaultConfigurationName = Release;
		};
		FFB301E8196F8345001FE814 /* Build configuration list for PBXNativeTarget "MDMShim" */ = {
			isa = XCConfigurationList;
			buildConfigurations = (
				FFB301E9196F8345001FE814 /* Debug */,
				FFB301EA196F8345001FE814 /* Release */,
			);
			defaultConfigurationIsVisible = 0;
			defaultConfigurationName = Release;
		};
		FFB301EB196F8345001FE814 /* Build configuration list for PBXNativeTarget "MDMShimTests" */ = {
			isa = XCConfigurationList;
			buildConfigurations = (
				FFB301EC196F8345001FE814 /* Debug */,
				FFB301ED196F8345001FE814 /* Release */,
			);
			defaultConfigurationIsVisible = 0;
			defaultConfigurationName = Release;
		};
/* End XCConfigurationList section */
	};
	rootObject = FFB301AB196F8344001FE814 /* Project object */;
}
